
Microsoft Visual Studio Solution File, Format Version 12.00
# Visual Studio 14
VisualStudioVersion = 14.0.25420.1
MinimumVisualStudioVersion = 10.0.40219.1
Project("{FAE04EC0-301F-11D3-BF4B-00C04F79EFBC}") = "SampleBrowser.SfImageEditor.Android", "SampleBrowser.SfImageEditor.Android\SampleBrowser.SfImageEditor.Android.csproj", "{1F693FC4-7BFE-404B-A717-87B9FAD3392D}"
EndProject
Project("{FAE04EC0-301F-11D3-BF4B-00C04F79EFBC}") = "SampleBrowser.SfImageEditor", "SampleBrowser.SfImageEditor\SampleBrowser.SfImageEditor.csproj", "{6A022715-6C22-4666-AD24-114E99AE83A4}"
EndProject
Project("{FAE04EC0-301F-11D3-BF4B-00C04F79EFBC}") = "SampleBrowser.SfImageEditor.iOS", "SampleBrowser.SfImageEditor.iOS\SampleBrowser.SfImageEditor.iOS.csproj", "{2680D4CA-825B-41E0-8A74-BA6E226AF652}"
EndProject
Project("{FAE04EC0-301F-11D3-BF4B-00C04F79EFBC}") = "SampleBrowser.SfImageEditor.UWP", "SampleBrowser.SfImageEditor.UWP\SampleBrowser.SfImageEditor.UWP.csproj", "{0D2BD0ED-3D0B-40A1-BD20-275241F94125}"
EndProject
Global
	GlobalSection(SolutionConfigurationPlatforms) = preSolution
		Ad-Hoc|Any CPU = Ad-Hoc|Any CPU
		Ad-Hoc|iPhone = Ad-Hoc|iPhone
		Ad-Hoc|iPhoneSimulator = Ad-Hoc|iPhoneSimulator
		AppStore|Any CPU = AppStore|Any CPU
		AppStore|iPhone = AppStore|iPhone
		AppStore|iPhoneSimulator = AppStore|iPhoneSimulator
		Debug|Any CPU = Debug|Any CPU
		Debug|iPhone = Debug|iPhone
		Debug|iPhoneSimulator = Debug|iPhoneSimulator
		Release|Any CPU = Release|Any CPU
		Release|iPhone = Release|iPhone
		Release|iPhoneSimulator = Release|iPhoneSimulator
		Release-xml|Any CPU = Release-xml|Any CPU
		Release-xml|iPhone = Release-xml|iPhone
		Release-xml|iPhoneSimulator = Release-xml|iPhoneSimulator
	EndGlobalSection
	GlobalSection(ProjectConfigurationPlatforms) = postSolution
		{1F693FC4-7BFE-404B-A717-87B9FAD3392D}.Ad-Hoc|Any CPU.ActiveCfg = Release|Any CPU
		{1F693FC4-7BFE-404B-A717-87B9FAD3392D}.Ad-Hoc|Any CPU.Build.0 = Release|Any CPU
		{1F693FC4-7BFE-404B-A717-87B9FAD3392D}.Ad-Hoc|Any CPU.Deploy.0 = Release|Any CPU
		{1F693FC4-7BFE-404B-A717-87B9FAD3392D}.Ad-Hoc|iPhone.ActiveCfg = Release|Any CPU
		{1F693FC4-7BFE-404B-A717-87B9FAD3392D}.Ad-Hoc|iPhone.Build.0 = Release|Any CPU
		{1F693FC4-7BFE-404B-A717-87B9FAD3392D}.Ad-Hoc|iPhone.Deploy.0 = Release|Any CPU
		{1F693FC4-7BFE-404B-A717-87B9FAD3392D}.Ad-Hoc|iPhoneSimulator.ActiveCfg = Release|Any CPU
		{1F693FC4-7BFE-404B-A717-87B9FAD3392D}.Ad-Hoc|iPhoneSimulator.Build.0 = Release|Any CPU
		{1F693FC4-7BFE-404B-A717-87B9FAD3392D}.Ad-Hoc|iPhoneSimulator.Deploy.0 = Release|Any CPU
		{1F693FC4-7BFE-404B-A717-87B9FAD3392D}.AppStore|Any CPU.ActiveCfg = Release|Any CPU
		{1F693FC4-7BFE-404B-A717-87B9FAD3392D}.AppStore|Any CPU.Build.0 = Release|Any CPU
		{1F693FC4-7BFE-404B-A717-87B9FAD3392D}.AppStore|Any CPU.Deploy.0 = Release|Any CPU
		{1F693FC4-7BFE-404B-A717-87B9FAD3392D}.AppStore|iPhone.ActiveCfg = Release|Any CPU
		{1F693FC4-7BFE-404B-A717-87B9FAD3392D}.AppStore|iPhone.Build.0 = Release|Any CPU
		{1F693FC4-7BFE-404B-A717-87B9FAD3392D}.AppStore|iPhone.Deploy.0 = Release|Any CPU
		{1F693FC4-7BFE-404B-A717-87B9FAD3392D}.AppStore|iPhoneSimulator.ActiveCfg = Release|Any CPU
		{1F693FC4-7BFE-404B-A717-87B9FAD3392D}.AppStore|iPhoneSimulator.Build.0 = Release|Any CPU
		{1F693FC4-7BFE-404B-A717-87B9FAD3392D}.AppStore|iPhoneSimulator.Deploy.0 = Release|Any CPU
		{1F693FC4-7BFE-404B-A717-87B9FAD3392D}.Debug|Any CPU.ActiveCfg = Debug|Any CPU
		{1F693FC4-7BFE-404B-A717-87B9FAD3392D}.Debug|Any CPU.Build.0 = Debug|Any CPU
		{1F693FC4-7BFE-404B-A717-87B9FAD3392D}.Debug|Any CPU.Deploy.0 = Debug|Any CPU
		{1F693FC4-7BFE-404B-A717-87B9FAD3392D}.Debug|iPhone.ActiveCfg = Debug|Any CPU
		{1F693FC4-7BFE-404B-A717-87B9FAD3392D}.Debug|iPhone.Build.0 = Debug|Any CPU
		{1F693FC4-7BFE-404B-A717-87B9FAD3392D}.Debug|iPhone.Deploy.0 = Debug|Any CPU
		{1F693FC4-7BFE-404B-A717-87B9FAD3392D}.Debug|iPhoneSimulator.ActiveCfg = Debug|Any CPU
		{1F693FC4-7BFE-404B-A717-87B9FAD3392D}.Debug|iPhoneSimulator.Build.0 = Debug|Any CPU
		{1F693FC4-7BFE-404B-A717-87B9FAD3392D}.Debug|iPhoneSimulator.Deploy.0 = Debug|Any CPU
		{1F693FC4-7BFE-404B-A717-87B9FAD3392D}.Release|Any CPU.ActiveCfg = Release|Any CPU
		{1F693FC4-7BFE-404B-A717-87B9FAD3392D}.Release|Any CPU.Build.0 = Release|Any CPU
		{1F693FC4-7BFE-404B-A717-87B9FAD3392D}.Release|Any CPU.Deploy.0 = Release|Any CPU
		{1F693FC4-7BFE-404B-A717-87B9FAD3392D}.Release|iPhone.ActiveCfg = Release|Any CPU
		{1F693FC4-7BFE-404B-A717-87B9FAD3392D}.Release|iPhone.Build.0 = Release|Any CPU
		{1F693FC4-7BFE-404B-A717-87B9FAD3392D}.Release|iPhone.Deploy.0 = Release|Any CPU
		{1F693FC4-7BFE-404B-A717-87B9FAD3392D}.Release|iPhoneSimulator.ActiveCfg = Release|Any CPU
		{1F693FC4-7BFE-404B-A717-87B9FAD3392D}.Release|iPhoneSimulator.Build.0 = Release|Any CPU
		{1F693FC4-7BFE-404B-A717-87B9FAD3392D}.Release|iPhoneSimulator.Deploy.0 = Release|Any CPU
		{1F693FC4-7BFE-404B-A717-87B9FAD3392D}.Release-xml|Any CPU.ActiveCfg = Release|Any CPU
		{1F693FC4-7BFE-404B-A717-87B9FAD3392D}.Release-xml|Any CPU.Build.0 = Release|Any CPU
		{1F693FC4-7BFE-404B-A717-87B9FAD3392D}.Release-xml|Any CPU.Deploy.0 = Release|Any CPU
		{1F693FC4-7BFE-404B-A717-87B9FAD3392D}.Release-xml|iPhone.ActiveCfg = Release|Any CPU
		{1F693FC4-7BFE-404B-A717-87B9FAD3392D}.Release-xml|iPhone.Build.0 = Release|Any CPU
		{1F693FC4-7BFE-404B-A717-87B9FAD3392D}.Release-xml|iPhone.Deploy.0 = Release|Any CPU
		{1F693FC4-7BFE-404B-A717-87B9FAD3392D}.Release-xml|iPhoneSimulator.ActiveCfg = Release|Any CPU
		{1F693FC4-7BFE-404B-A717-87B9FAD3392D}.Release-xml|iPhoneSimulator.Build.0 = Release|Any CPU
		{1F693FC4-7BFE-404B-A717-87B9FAD3392D}.Release-xml|iPhoneSimulator.Deploy.0 = Release|Any CPU
		{6A022715-6C22-4666-AD24-114E99AE83A4}.Ad-Hoc|Any CPU.ActiveCfg = Release|Any CPU
		{6A022715-6C22-4666-AD24-114E99AE83A4}.Ad-Hoc|Any CPU.Build.0 = Release|Any CPU
		{6A022715-6C22-4666-AD24-114E99AE83A4}.Ad-Hoc|iPhone.ActiveCfg = Release|Any CPU
		{6A022715-6C22-4666-AD24-114E99AE83A4}.Ad-Hoc|iPhone.Build.0 = Release|Any CPU
		{6A022715-6C22-4666-AD24-114E99AE83A4}.Ad-Hoc|iPhoneSimulator.ActiveCfg = Release|Any CPU
		{6A022715-6C22-4666-AD24-114E99AE83A4}.Ad-Hoc|iPhoneSimulator.Build.0 = Release|Any CPU
		{6A022715-6C22-4666-AD24-114E99AE83A4}.AppStore|Any CPU.ActiveCfg = Release|Any CPU
		{6A022715-6C22-4666-AD24-114E99AE83A4}.AppStore|Any CPU.Build.0 = Release|Any CPU
		{6A022715-6C22-4666-AD24-114E99AE83A4}.AppStore|iPhone.ActiveCfg = Release|Any CPU
		{6A022715-6C22-4666-AD24-114E99AE83A4}.AppStore|iPhone.Build.0 = Release|Any CPU
		{6A022715-6C22-4666-AD24-114E99AE83A4}.AppStore|iPhoneSimulator.ActiveCfg = Release|Any CPU
		{6A022715-6C22-4666-AD24-114E99AE83A4}.AppStore|iPhoneSimulator.Build.0 = Release|Any CPU
		{6A022715-6C22-4666-AD24-114E99AE83A4}.Debug|Any CPU.ActiveCfg = Debug|Any CPU
		{6A022715-6C22-4666-AD24-114E99AE83A4}.Debug|Any CPU.Build.0 = Debug|Any CPU
		{6A022715-6C22-4666-AD24-114E99AE83A4}.Debug|iPhone.ActiveCfg = Debug|Any CPU
		{6A022715-6C22-4666-AD24-114E99AE83A4}.Debug|iPhone.Build.0 = Debug|Any CPU
		{6A022715-6C22-4666-AD24-114E99AE83A4}.Debug|iPhoneSimulator.ActiveCfg = Debug|Any CPU
		{6A022715-6C22-4666-AD24-114E99AE83A4}.Debug|iPhoneSimulator.Build.0 = Debug|Any CPU
		{6A022715-6C22-4666-AD24-114E99AE83A4}.Release|Any CPU.ActiveCfg = Release|Any CPU
		{6A022715-6C22-4666-AD24-114E99AE83A4}.Release|Any CPU.Build.0 = Release|Any CPU
		{6A022715-6C22-4666-AD24-114E99AE83A4}.Release|iPhone.ActiveCfg = Release|Any CPU
		{6A022715-6C22-4666-AD24-114E99AE83A4}.Release|iPhone.Build.0 = Release|Any CPU
		{6A022715-6C22-4666-AD24-114E99AE83A4}.Release|iPhoneSimulator.ActiveCfg = Release|Any CPU
		{6A022715-6C22-4666-AD24-114E99AE83A4}.Release|iPhoneSimulator.Build.0 = Release|Any CPU
		{6A022715-6C22-4666-AD24-114E99AE83A4}.Release-xml|Any CPU.ActiveCfg = Release|Any CPU
		{6A022715-6C22-4666-AD24-114E99AE83A4}.Release-xml|Any CPU.Build.0 = Release|Any CPU
		{6A022715-6C22-4666-AD24-114E99AE83A4}.Release-xml|iPhone.ActiveCfg = Release|Any CPU
		{6A022715-6C22-4666-AD24-114E99AE83A4}.Release-xml|iPhone.Build.0 = Release|Any CPU
		{6A022715-6C22-4666-AD24-114E99AE83A4}.Release-xml|iPhoneSimulator.ActiveCfg = Release|Any CPU
		{6A022715-6C22-4666-AD24-114E99AE83A4}.Release-xml|iPhoneSimulator.Build.0 = Release|Any CPU
		{2680D4CA-825B-41E0-8A74-BA6E226AF652}.Ad-Hoc|Any CPU.ActiveCfg = Ad-Hoc|iPhone
		{2680D4CA-825B-41E0-8A74-BA6E226AF652}.Ad-Hoc|iPhone.ActiveCfg = Ad-Hoc|iPhone
		{2680D4CA-825B-41E0-8A74-BA6E226AF652}.Ad-Hoc|iPhone.Build.0 = Ad-Hoc|iPhone
		{2680D4CA-825B-41E0-8A74-BA6E226AF652}.Ad-Hoc|iPhoneSimulator.ActiveCfg = Ad-Hoc|iPhoneSimulator
		{2680D4CA-825B-41E0-8A74-BA6E226AF652}.Ad-Hoc|iPhoneSimulator.Build.0 = Ad-Hoc|iPhoneSimulator
		{2680D4CA-825B-41E0-8A74-BA6E226AF652}.AppStore|Any CPU.ActiveCfg = AppStore|iPhone
		{2680D4CA-825B-41E0-8A74-BA6E226AF652}.AppStore|iPhone.ActiveCfg = AppStore|iPhone
		{2680D4CA-825B-41E0-8A74-BA6E226AF652}.AppStore|iPhone.Build.0 = AppStore|iPhone
		{2680D4CA-825B-41E0-8A74-BA6E226AF652}.AppStore|iPhoneSimulator.ActiveCfg = AppStore|iPhoneSimulator
		{2680D4CA-825B-41E0-8A74-BA6E226AF652}.AppStore|iPhoneSimulator.Build.0 = AppStore|iPhoneSimulator
		{2680D4CA-825B-41E0-8A74-BA6E226AF652}.Debug|Any CPU.ActiveCfg = Debug|iPhoneSimulator
		{2680D4CA-825B-41E0-8A74-BA6E226AF652}.Debug|Any CPU.Build.0 = Debug|iPhoneSimulator
		{2680D4CA-825B-41E0-8A74-BA6E226AF652}.Debug|iPhone.ActiveCfg = Debug|iPhone
		{2680D4CA-825B-41E0-8A74-BA6E226AF652}.Debug|iPhone.Build.0 = Debug|iPhone
		{2680D4CA-825B-41E0-8A74-BA6E226AF652}.Debug|iPhoneSimulator.ActiveCfg = Debug|iPhoneSimulator
		{2680D4CA-825B-41E0-8A74-BA6E226AF652}.Debug|iPhoneSimulator.Build.0 = Debug|iPhoneSimulator
		{2680D4CA-825B-41E0-8A74-BA6E226AF652}.Release|Any CPU.ActiveCfg = Release|iPhone
		{2680D4CA-825B-41E0-8A74-BA6E226AF652}.Release|Any CPU.Build.0 = Release|iPhone
		{2680D4CA-825B-41E0-8A74-BA6E226AF652}.Release|iPhone.ActiveCfg = Release|iPhone
		{2680D4CA-825B-41E0-8A74-BA6E226AF652}.Release|iPhone.Build.0 = Release|iPhone
		{2680D4CA-825B-41E0-8A74-BA6E226AF652}.Release|iPhoneSimulator.ActiveCfg = Release|iPhoneSimulator
		{2680D4CA-825B-41E0-8A74-BA6E226AF652}.Release|iPhoneSimulator.Build.0 = Release|iPhoneSimulator
		{2680D4CA-825B-41E0-8A74-BA6E226AF652}.Release-xml|Any CPU.ActiveCfg = Release|iPhoneSimulator
		{2680D4CA-825B-41E0-8A74-BA6E226AF652}.Release-xml|Any CPU.Build.0 = Release|iPhoneSimulator
		{2680D4CA-825B-41E0-8A74-BA6E226AF652}.Release-xml|iPhone.ActiveCfg = Release|iPhone
		{2680D4CA-825B-41E0-8A74-BA6E226AF652}.Release-xml|iPhone.Build.0 = Release|iPhone
		{2680D4CA-825B-41E0-8A74-BA6E226AF652}.Release-xml|iPhoneSimulator.ActiveCfg = Release|iPhoneSimulator
		{2680D4CA-825B-41E0-8A74-BA6E226AF652}.Release-xml|iPhoneSimulator.Build.0 = Release|iPhoneSimulator
		{0D2BD0ED-3D0B-40A1-BD20-275241F94125}.Ad-Hoc|Any CPU.ActiveCfg = Release|x86
		{0D2BD0ED-3D0B-40A1-BD20-275241F94125}.Ad-Hoc|Any CPU.Build.0 = Release|x86
		{0D2BD0ED-3D0B-40A1-BD20-275241F94125}.Ad-Hoc|Any CPU.Deploy.0 = Release|x86
		{0D2BD0ED-3D0B-40A1-BD20-275241F94125}.Ad-Hoc|iPhone.ActiveCfg = Release|x86
		{0D2BD0ED-3D0B-40A1-BD20-275241F94125}.Ad-Hoc|iPhone.Build.0 = Release|x86
		{0D2BD0ED-3D0B-40A1-BD20-275241F94125}.Ad-Hoc|iPhone.Deploy.0 = Release|x86
		{0D2BD0ED-3D0B-40A1-BD20-275241F94125}.Ad-Hoc|iPhoneSimulator.ActiveCfg = Release|x86
		{0D2BD0ED-3D0B-40A1-BD20-275241F94125}.Ad-Hoc|iPhoneSimulator.Build.0 = Release|x86
		{0D2BD0ED-3D0B-40A1-BD20-275241F94125}.Ad-Hoc|iPhoneSimulator.Deploy.0 = Release|x86
		{0D2BD0ED-3D0B-40A1-BD20-275241F94125}.AppStore|Any CPU.ActiveCfg = Release|x86
		{0D2BD0ED-3D0B-40A1-BD20-275241F94125}.AppStore|Any CPU.Build.0 = Release|x86
		{0D2BD0ED-3D0B-40A1-BD20-275241F94125}.AppStore|Any CPU.Deploy.0 = Release|x86
		{0D2BD0ED-3D0B-40A1-BD20-275241F94125}.AppStore|iPhone.ActiveCfg = Release|x86
		{0D2BD0ED-3D0B-40A1-BD20-275241F94125}.AppStore|iPhone.Build.0 = Release|x86
		{0D2BD0ED-3D0B-40A1-BD20-275241F94125}.AppStore|iPhone.Deploy.0 = Release|x86
		{0D2BD0ED-3D0B-40A1-BD20-275241F94125}.AppStore|iPhoneSimulator.ActiveCfg = Release|x86
		{0D2BD0ED-3D0B-40A1-BD20-275241F94125}.AppStore|iPhoneSimulator.Build.0 = Release|x86
		{0D2BD0ED-3D0B-40A1-BD20-275241F94125}.AppStore|iPhoneSimulator.Deploy.0 = Release|x86
		{0D2BD0ED-3D0B-40A1-BD20-275241F94125}.Debug|Any CPU.ActiveCfg = Debug|x86
		{0D2BD0ED-3D0B-40A1-BD20-275241F94125}.Debug|iPhone.ActiveCfg = Debug|x86
		{0D2BD0ED-3D0B-40A1-BD20-275241F94125}.Debug|iPhoneSimulator.ActiveCfg = Debug|x86
		{0D2BD0ED-3D0B-40A1-BD20-275241F94125}.Release|Any CPU.ActiveCfg = Release|x86
		{0D2BD0ED-3D0B-40A1-BD20-275241F94125}.Release|iPhone.ActiveCfg = Release|x86
		{0D2BD0ED-3D0B-40A1-BD20-275241F94125}.Release|iPhoneSimulator.ActiveCfg = Release|x86
		{0D2BD0ED-3D0B-40A1-BD20-275241F94125}.Release-xml|Any CPU.ActiveCfg = Release|x86
		{0D2BD0ED-3D0B-40A1-BD20-275241F94125}.Release-xml|Any CPU.Build.0 = Release|x86
		{0D2BD0ED-3D0B-40A1-BD20-275241F94125}.Release-xml|Any CPU.Deploy.0 = Release|x86
		{0D2BD0ED-3D0B-40A1-BD20-275241F94125}.Release-xml|iPhone.ActiveCfg = Release|x86
		{0D2BD0ED-3D0B-40A1-BD20-275241F94125}.Release-xml|iPhone.Build.0 = Release|x86
		{0D2BD0ED-3D0B-40A1-BD20-275241F94125}.Release-xml|iPhone.Deploy.0 = Release|x86
		{0D2BD0ED-3D0B-40A1-BD20-275241F94125}.Release-xml|iPhoneSimulator.ActiveCfg = Release|x86
		{0D2BD0ED-3D0B-40A1-BD20-275241F94125}.Release-xml|iPhoneSimulator.Build.0 = Release|x86
		{0D2BD0ED-3D0B-40A1-BD20-275241F94125}.Release-xml|iPhoneSimulator.Deploy.0 = Release|x86
	EndGlobalSection
	GlobalSection(SolutionProperties) = preSolution
		HideSolutionNode = FALSE
	EndGlobalSection
EndGlobal
