
Microsoft Visual Studio Solution File, Format Version 12.00
# Visual Studio 14
VisualStudioVersion = 14.0.25420.1
MinimumVisualStudioVersion = 10.0.40219.1
Project("{FAE04EC0-301F-11D3-BF4B-00C04F79EFBC}") = "SampleBrowser.SfListView.Android", "SampleBrowser.SfListView.Android\SampleBrowser.SfListView.Android.csproj", "{A0798B94-A430-43D5-9435-AC51C375C609}"
EndProject
Project("{FAE04EC0-301F-11D3-BF4B-00C04F79EFBC}") = "SampleBrowser.SfListView", "SampleBrowser.SfListView\SampleBrowser.SfListView.csproj", "{456AE4E4-3A70-4F99-9210-03F2FA4EFCB9}"
EndProject
Project("{FAE04EC0-301F-11D3-BF4B-00C04F79EFBC}") = "SampleBrowser.SfListView.UWP", "SampleBrowser.SfListView.UWP\SampleBrowser.SfListView.UWP.csproj", "{9880E1BA-AE18-4E4B-9144-A221148B9B9D}"
EndProject
Project("{FAE04EC0-301F-11D3-BF4B-00C04F79EFBC}") = "SampleBrowser.SfListView.iOS", "SampleBrowser.SfListView.iOS\SampleBrowser.SfListView.iOS.csproj", "{A92A9221-A931-4AC7-B945-5B59CBD8277E}"
EndProject
Global
	GlobalSection(SolutionConfigurationPlatforms) = preSolution
		Ad-Hoc|Any CPU = Ad-Hoc|Any CPU
		Ad-Hoc|ARM = Ad-Hoc|ARM
		Ad-Hoc|iPhone = Ad-Hoc|iPhone
		Ad-Hoc|iPhoneSimulator = Ad-Hoc|iPhoneSimulator
		Ad-Hoc|x64 = Ad-Hoc|x64
		Ad-Hoc|x86 = Ad-Hoc|x86
		AppStore|Any CPU = AppStore|Any CPU
		AppStore|ARM = AppStore|ARM
		AppStore|iPhone = AppStore|iPhone
		AppStore|iPhoneSimulator = AppStore|iPhoneSimulator
		AppStore|x64 = AppStore|x64
		AppStore|x86 = AppStore|x86
		Debug|Any CPU = Debug|Any CPU
		Debug|ARM = Debug|ARM
		Debug|iPhone = Debug|iPhone
		Debug|iPhoneSimulator = Debug|iPhoneSimulator
		Debug|x64 = Debug|x64
		Debug|x86 = Debug|x86
		Release|Any CPU = Release|Any CPU
		Release|ARM = Release|ARM
		Release|iPhone = Release|iPhone
		Release|iPhoneSimulator = Release|iPhoneSimulator
		Release|x64 = Release|x64
		Release|x86 = Release|x86
	EndGlobalSection
	GlobalSection(ProjectConfigurationPlatforms) = postSolution
		{A0798B94-A430-43D5-9435-AC51C375C609}.Ad-Hoc|Any CPU.ActiveCfg = Release|Any CPU
		{A0798B94-A430-43D5-9435-AC51C375C609}.Ad-Hoc|Any CPU.Build.0 = Release|Any CPU
		{A0798B94-A430-43D5-9435-AC51C375C609}.Ad-Hoc|Any CPU.Deploy.0 = Release|Any CPU
		{A0798B94-A430-43D5-9435-AC51C375C609}.Ad-Hoc|ARM.ActiveCfg = Release|Any CPU
		{A0798B94-A430-43D5-9435-AC51C375C609}.Ad-Hoc|ARM.Build.0 = Release|Any CPU
		{A0798B94-A430-43D5-9435-AC51C375C609}.Ad-Hoc|ARM.Deploy.0 = Release|Any CPU
		{A0798B94-A430-43D5-9435-AC51C375C609}.Ad-Hoc|iPhone.ActiveCfg = Release|Any CPU
		{A0798B94-A430-43D5-9435-AC51C375C609}.Ad-Hoc|iPhone.Build.0 = Release|Any CPU
		{A0798B94-A430-43D5-9435-AC51C375C609}.Ad-Hoc|iPhone.Deploy.0 = Release|Any CPU
		{A0798B94-A430-43D5-9435-AC51C375C609}.Ad-Hoc|iPhoneSimulator.ActiveCfg = Release|Any CPU
		{A0798B94-A430-43D5-9435-AC51C375C609}.Ad-Hoc|iPhoneSimulator.Build.0 = Release|Any CPU
		{A0798B94-A430-43D5-9435-AC51C375C609}.Ad-Hoc|iPhoneSimulator.Deploy.0 = Release|Any CPU
		{A0798B94-A430-43D5-9435-AC51C375C609}.Ad-Hoc|x64.ActiveCfg = Release|Any CPU
		{A0798B94-A430-43D5-9435-AC51C375C609}.Ad-Hoc|x64.Build.0 = Release|Any CPU
		{A0798B94-A430-43D5-9435-AC51C375C609}.Ad-Hoc|x64.Deploy.0 = Release|Any CPU
		{A0798B94-A430-43D5-9435-AC51C375C609}.Ad-Hoc|x86.ActiveCfg = Release|Any CPU
		{A0798B94-A430-43D5-9435-AC51C375C609}.Ad-Hoc|x86.Build.0 = Release|Any CPU
		{A0798B94-A430-43D5-9435-AC51C375C609}.Ad-Hoc|x86.Deploy.0 = Release|Any CPU
		{A0798B94-A430-43D5-9435-AC51C375C609}.AppStore|Any CPU.ActiveCfg = Release|Any CPU
		{A0798B94-A430-43D5-9435-AC51C375C609}.AppStore|Any CPU.Build.0 = Release|Any CPU
		{A0798B94-A430-43D5-9435-AC51C375C609}.AppStore|Any CPU.Deploy.0 = Release|Any CPU
		{A0798B94-A430-43D5-9435-AC51C375C609}.AppStore|ARM.ActiveCfg = Release|Any CPU
		{A0798B94-A430-43D5-9435-AC51C375C609}.AppStore|ARM.Build.0 = Release|Any CPU
		{A0798B94-A430-43D5-9435-AC51C375C609}.AppStore|ARM.Deploy.0 = Release|Any CPU
		{A0798B94-A430-43D5-9435-AC51C375C609}.AppStore|iPhone.ActiveCfg = Release|Any CPU
		{A0798B94-A430-43D5-9435-AC51C375C609}.AppStore|iPhone.Build.0 = Release|Any CPU
		{A0798B94-A430-43D5-9435-AC51C375C609}.AppStore|iPhone.Deploy.0 = Release|Any CPU
		{A0798B94-A430-43D5-9435-AC51C375C609}.AppStore|iPhoneSimulator.ActiveCfg = Release|Any CPU
		{A0798B94-A430-43D5-9435-AC51C375C609}.AppStore|iPhoneSimulator.Build.0 = Release|Any CPU
		{A0798B94-A430-43D5-9435-AC51C375C609}.AppStore|iPhoneSimulator.Deploy.0 = Release|Any CPU
		{A0798B94-A430-43D5-9435-AC51C375C609}.AppStore|x64.ActiveCfg = Release|Any CPU
		{A0798B94-A430-43D5-9435-AC51C375C609}.AppStore|x64.Build.0 = Release|Any CPU
		{A0798B94-A430-43D5-9435-AC51C375C609}.AppStore|x64.Deploy.0 = Release|Any CPU
		{A0798B94-A430-43D5-9435-AC51C375C609}.AppStore|x86.ActiveCfg = Release|Any CPU
		{A0798B94-A430-43D5-9435-AC51C375C609}.AppStore|x86.Build.0 = Release|Any CPU
		{A0798B94-A430-43D5-9435-AC51C375C609}.AppStore|x86.Deploy.0 = Release|Any CPU
		{A0798B94-A430-43D5-9435-AC51C375C609}.Debug|Any CPU.ActiveCfg = Debug|Any CPU
		{A0798B94-A430-43D5-9435-AC51C375C609}.Debug|Any CPU.Build.0 = Debug|Any CPU
		{A0798B94-A430-43D5-9435-AC51C375C609}.Debug|Any CPU.Deploy.0 = Debug|Any CPU
		{A0798B94-A430-43D5-9435-AC51C375C609}.Debug|ARM.ActiveCfg = Debug|Any CPU
		{A0798B94-A430-43D5-9435-AC51C375C609}.Debug|ARM.Build.0 = Debug|Any CPU
		{A0798B94-A430-43D5-9435-AC51C375C609}.Debug|ARM.Deploy.0 = Debug|Any CPU
		{A0798B94-A430-43D5-9435-AC51C375C609}.Debug|iPhone.ActiveCfg = Debug|Any CPU
		{A0798B94-A430-43D5-9435-AC51C375C609}.Debug|iPhone.Build.0 = Debug|Any CPU
		{A0798B94-A430-43D5-9435-AC51C375C609}.Debug|iPhone.Deploy.0 = Debug|Any CPU
		{A0798B94-A430-43D5-9435-AC51C375C609}.Debug|iPhoneSimulator.ActiveCfg = Debug|Any CPU
		{A0798B94-A430-43D5-9435-AC51C375C609}.Debug|iPhoneSimulator.Build.0 = Debug|Any CPU
		{A0798B94-A430-43D5-9435-AC51C375C609}.Debug|iPhoneSimulator.Deploy.0 = Debug|Any CPU
		{A0798B94-A430-43D5-9435-AC51C375C609}.Debug|x64.ActiveCfg = Debug|Any CPU
		{A0798B94-A430-43D5-9435-AC51C375C609}.Debug|x64.Build.0 = Debug|Any CPU
		{A0798B94-A430-43D5-9435-AC51C375C609}.Debug|x64.Deploy.0 = Debug|Any CPU
		{A0798B94-A430-43D5-9435-AC51C375C609}.Debug|x86.ActiveCfg = Debug|Any CPU
		{A0798B94-A430-43D5-9435-AC51C375C609}.Debug|x86.Build.0 = Debug|Any CPU
		{A0798B94-A430-43D5-9435-AC51C375C609}.Debug|x86.Deploy.0 = Debug|Any CPU
		{A0798B94-A430-43D5-9435-AC51C375C609}.Release|Any CPU.ActiveCfg = Release|Any CPU
		{A0798B94-A430-43D5-9435-AC51C375C609}.Release|Any CPU.Build.0 = Release|Any CPU
		{A0798B94-A430-43D5-9435-AC51C375C609}.Release|Any CPU.Deploy.0 = Release|Any CPU
		{A0798B94-A430-43D5-9435-AC51C375C609}.Release|ARM.ActiveCfg = Release|Any CPU
		{A0798B94-A430-43D5-9435-AC51C375C609}.Release|ARM.Build.0 = Release|Any CPU
		{A0798B94-A430-43D5-9435-AC51C375C609}.Release|ARM.Deploy.0 = Release|Any CPU
		{A0798B94-A430-43D5-9435-AC51C375C609}.Release|iPhone.ActiveCfg = Release|Any CPU
		{A0798B94-A430-43D5-9435-AC51C375C609}.Release|iPhone.Build.0 = Release|Any CPU
		{A0798B94-A430-43D5-9435-AC51C375C609}.Release|iPhone.Deploy.0 = Release|Any CPU
		{A0798B94-A430-43D5-9435-AC51C375C609}.Release|iPhoneSimulator.ActiveCfg = Release|Any CPU
		{A0798B94-A430-43D5-9435-AC51C375C609}.Release|iPhoneSimulator.Build.0 = Release|Any CPU
		{A0798B94-A430-43D5-9435-AC51C375C609}.Release|iPhoneSimulator.Deploy.0 = Release|Any CPU
		{A0798B94-A430-43D5-9435-AC51C375C609}.Release|x64.ActiveCfg = Release|Any CPU
		{A0798B94-A430-43D5-9435-AC51C375C609}.Release|x64.Build.0 = Release|Any CPU
		{A0798B94-A430-43D5-9435-AC51C375C609}.Release|x64.Deploy.0 = Release|Any CPU
		{A0798B94-A430-43D5-9435-AC51C375C609}.Release|x86.ActiveCfg = Release|Any CPU
		{A0798B94-A430-43D5-9435-AC51C375C609}.Release|x86.Build.0 = Release|Any CPU
		{A0798B94-A430-43D5-9435-AC51C375C609}.Release|x86.Deploy.0 = Release|Any CPU
		{456AE4E4-3A70-4F99-9210-03F2FA4EFCB9}.Ad-Hoc|Any CPU.ActiveCfg = Release|Any CPU
		{456AE4E4-3A70-4F99-9210-03F2FA4EFCB9}.Ad-Hoc|Any CPU.Build.0 = Release|Any CPU
		{456AE4E4-3A70-4F99-9210-03F2FA4EFCB9}.Ad-Hoc|ARM.ActiveCfg = Release|Any CPU
		{456AE4E4-3A70-4F99-9210-03F2FA4EFCB9}.Ad-Hoc|ARM.Build.0 = Release|Any CPU
		{456AE4E4-3A70-4F99-9210-03F2FA4EFCB9}.Ad-Hoc|iPhone.ActiveCfg = Release|Any CPU
		{456AE4E4-3A70-4F99-9210-03F2FA4EFCB9}.Ad-Hoc|iPhone.Build.0 = Release|Any CPU
		{456AE4E4-3A70-4F99-9210-03F2FA4EFCB9}.Ad-Hoc|iPhoneSimulator.ActiveCfg = Release|Any CPU
		{456AE4E4-3A70-4F99-9210-03F2FA4EFCB9}.Ad-Hoc|iPhoneSimulator.Build.0 = Release|Any CPU
		{456AE4E4-3A70-4F99-9210-03F2FA4EFCB9}.Ad-Hoc|x64.ActiveCfg = Release|Any CPU
		{456AE4E4-3A70-4F99-9210-03F2FA4EFCB9}.Ad-Hoc|x64.Build.0 = Release|Any CPU
		{456AE4E4-3A70-4F99-9210-03F2FA4EFCB9}.Ad-Hoc|x86.ActiveCfg = Release|Any CPU
		{456AE4E4-3A70-4F99-9210-03F2FA4EFCB9}.Ad-Hoc|x86.Build.0 = Release|Any CPU
		{456AE4E4-3A70-4F99-9210-03F2FA4EFCB9}.AppStore|Any CPU.ActiveCfg = Release|Any CPU
		{456AE4E4-3A70-4F99-9210-03F2FA4EFCB9}.AppStore|Any CPU.Build.0 = Release|Any CPU
		{456AE4E4-3A70-4F99-9210-03F2FA4EFCB9}.AppStore|ARM.ActiveCfg = Release|Any CPU
		{456AE4E4-3A70-4F99-9210-03F2FA4EFCB9}.AppStore|ARM.Build.0 = Release|Any CPU
		{456AE4E4-3A70-4F99-9210-03F2FA4EFCB9}.AppStore|iPhone.ActiveCfg = Release|Any CPU
		{456AE4E4-3A70-4F99-9210-03F2FA4EFCB9}.AppStore|iPhone.Build.0 = Release|Any CPU
		{456AE4E4-3A70-4F99-9210-03F2FA4EFCB9}.AppStore|iPhoneSimulator.ActiveCfg = Release|Any CPU
		{456AE4E4-3A70-4F99-9210-03F2FA4EFCB9}.AppStore|iPhoneSimulator.Build.0 = Release|Any CPU
		{456AE4E4-3A70-4F99-9210-03F2FA4EFCB9}.AppStore|x64.ActiveCfg = Release|Any CPU
		{456AE4E4-3A70-4F99-9210-03F2FA4EFCB9}.AppStore|x64.Build.0 = Release|Any CPU
		{456AE4E4-3A70-4F99-9210-03F2FA4EFCB9}.AppStore|x86.ActiveCfg = Release|Any CPU
		{456AE4E4-3A70-4F99-9210-03F2FA4EFCB9}.AppStore|x86.Build.0 = Release|Any CPU
		{456AE4E4-3A70-4F99-9210-03F2FA4EFCB9}.Debug|Any CPU.ActiveCfg = Debug|Any CPU
		{456AE4E4-3A70-4F99-9210-03F2FA4EFCB9}.Debug|Any CPU.Build.0 = Debug|Any CPU
		{456AE4E4-3A70-4F99-9210-03F2FA4EFCB9}.Debug|ARM.ActiveCfg = Debug|Any CPU
		{456AE4E4-3A70-4F99-9210-03F2FA4EFCB9}.Debug|ARM.Build.0 = Debug|Any CPU
		{456AE4E4-3A70-4F99-9210-03F2FA4EFCB9}.Debug|iPhone.ActiveCfg = Debug|Any CPU
		{456AE4E4-3A70-4F99-9210-03F2FA4EFCB9}.Debug|iPhone.Build.0 = Debug|Any CPU
		{456AE4E4-3A70-4F99-9210-03F2FA4EFCB9}.Debug|iPhoneSimulator.ActiveCfg = Debug|Any CPU
		{456AE4E4-3A70-4F99-9210-03F2FA4EFCB9}.Debug|iPhoneSimulator.Build.0 = Debug|Any CPU
		{456AE4E4-3A70-4F99-9210-03F2FA4EFCB9}.Debug|x64.ActiveCfg = Debug|Any CPU
		{456AE4E4-3A70-4F99-9210-03F2FA4EFCB9}.Debug|x64.Build.0 = Debug|Any CPU
		{456AE4E4-3A70-4F99-9210-03F2FA4EFCB9}.Debug|x86.ActiveCfg = Debug|Any CPU
		{456AE4E4-3A70-4F99-9210-03F2FA4EFCB9}.Debug|x86.Build.0 = Debug|Any CPU
		{456AE4E4-3A70-4F99-9210-03F2FA4EFCB9}.Release|Any CPU.ActiveCfg = Release|Any CPU
		{456AE4E4-3A70-4F99-9210-03F2FA4EFCB9}.Release|Any CPU.Build.0 = Release|Any CPU
		{456AE4E4-3A70-4F99-9210-03F2FA4EFCB9}.Release|ARM.ActiveCfg = Release|Any CPU
		{456AE4E4-3A70-4F99-9210-03F2FA4EFCB9}.Release|ARM.Build.0 = Release|Any CPU
		{456AE4E4-3A70-4F99-9210-03F2FA4EFCB9}.Release|iPhone.ActiveCfg = Release|Any CPU
		{456AE4E4-3A70-4F99-9210-03F2FA4EFCB9}.Release|iPhone.Build.0 = Release|Any CPU
		{456AE4E4-3A70-4F99-9210-03F2FA4EFCB9}.Release|iPhoneSimulator.ActiveCfg = Release|Any CPU
		{456AE4E4-3A70-4F99-9210-03F2FA4EFCB9}.Release|iPhoneSimulator.Build.0 = Release|Any CPU
		{456AE4E4-3A70-4F99-9210-03F2FA4EFCB9}.Release|x64.ActiveCfg = Release|Any CPU
		{456AE4E4-3A70-4F99-9210-03F2FA4EFCB9}.Release|x64.Build.0 = Release|Any CPU
		{456AE4E4-3A70-4F99-9210-03F2FA4EFCB9}.Release|x86.ActiveCfg = Release|Any CPU
		{456AE4E4-3A70-4F99-9210-03F2FA4EFCB9}.Release|x86.Build.0 = Release|Any CPU
		{9880E1BA-AE18-4E4B-9144-A221148B9B9D}.Ad-Hoc|Any CPU.ActiveCfg = Release|x86
		{9880E1BA-AE18-4E4B-9144-A221148B9B9D}.Ad-Hoc|Any CPU.Build.0 = Release|x86
		{9880E1BA-AE18-4E4B-9144-A221148B9B9D}.Ad-Hoc|Any CPU.Deploy.0 = Release|x86
		{9880E1BA-AE18-4E4B-9144-A221148B9B9D}.Ad-Hoc|ARM.ActiveCfg = Release|ARM
		{9880E1BA-AE18-4E4B-9144-A221148B9B9D}.Ad-Hoc|ARM.Build.0 = Release|ARM
		{9880E1BA-AE18-4E4B-9144-A221148B9B9D}.Ad-Hoc|ARM.Deploy.0 = Release|ARM
		{9880E1BA-AE18-4E4B-9144-A221148B9B9D}.Ad-Hoc|iPhone.ActiveCfg = Release|x86
		{9880E1BA-AE18-4E4B-9144-A221148B9B9D}.Ad-Hoc|iPhone.Build.0 = Release|x86
		{9880E1BA-AE18-4E4B-9144-A221148B9B9D}.Ad-Hoc|iPhone.Deploy.0 = Release|x86
		{9880E1BA-AE18-4E4B-9144-A221148B9B9D}.Ad-Hoc|iPhoneSimulator.ActiveCfg = Release|x86
		{9880E1BA-AE18-4E4B-9144-A221148B9B9D}.Ad-Hoc|iPhoneSimulator.Build.0 = Release|x86
		{9880E1BA-AE18-4E4B-9144-A221148B9B9D}.Ad-Hoc|iPhoneSimulator.Deploy.0 = Release|x86
		{9880E1BA-AE18-4E4B-9144-A221148B9B9D}.Ad-Hoc|x64.ActiveCfg = Release|x64
		{9880E1BA-AE18-4E4B-9144-A221148B9B9D}.Ad-Hoc|x64.Build.0 = Release|x64
		{9880E1BA-AE18-4E4B-9144-A221148B9B9D}.Ad-Hoc|x64.Deploy.0 = Release|x64
		{9880E1BA-AE18-4E4B-9144-A221148B9B9D}.Ad-Hoc|x86.ActiveCfg = Release|x86
		{9880E1BA-AE18-4E4B-9144-A221148B9B9D}.Ad-Hoc|x86.Build.0 = Release|x86
		{9880E1BA-AE18-4E4B-9144-A221148B9B9D}.Ad-Hoc|x86.Deploy.0 = Release|x86
		{9880E1BA-AE18-4E4B-9144-A221148B9B9D}.AppStore|Any CPU.ActiveCfg = Release|x86
		{9880E1BA-AE18-4E4B-9144-A221148B9B9D}.AppStore|Any CPU.Build.0 = Release|x86
		{9880E1BA-AE18-4E4B-9144-A221148B9B9D}.AppStore|Any CPU.Deploy.0 = Release|x86
		{9880E1BA-AE18-4E4B-9144-A221148B9B9D}.AppStore|ARM.ActiveCfg = Release|ARM
		{9880E1BA-AE18-4E4B-9144-A221148B9B9D}.AppStore|ARM.Build.0 = Release|ARM
		{9880E1BA-AE18-4E4B-9144-A221148B9B9D}.AppStore|ARM.Deploy.0 = Release|ARM
		{9880E1BA-AE18-4E4B-9144-A221148B9B9D}.AppStore|iPhone.ActiveCfg = Release|x86
		{9880E1BA-AE18-4E4B-9144-A221148B9B9D}.AppStore|iPhone.Build.0 = Release|x86
		{9880E1BA-AE18-4E4B-9144-A221148B9B9D}.AppStore|iPhone.Deploy.0 = Release|x86
		{9880E1BA-AE18-4E4B-9144-A221148B9B9D}.AppStore|iPhoneSimulator.ActiveCfg = Release|x86
		{9880E1BA-AE18-4E4B-9144-A221148B9B9D}.AppStore|iPhoneSimulator.Build.0 = Release|x86
		{9880E1BA-AE18-4E4B-9144-A221148B9B9D}.AppStore|iPhoneSimulator.Deploy.0 = Release|x86
		{9880E1BA-AE18-4E4B-9144-A221148B9B9D}.AppStore|x64.ActiveCfg = Release|x64
		{9880E1BA-AE18-4E4B-9144-A221148B9B9D}.AppStore|x64.Build.0 = Release|x64
		{9880E1BA-AE18-4E4B-9144-A221148B9B9D}.AppStore|x64.Deploy.0 = Release|x64
		{9880E1BA-AE18-4E4B-9144-A221148B9B9D}.AppStore|x86.ActiveCfg = Release|x86
		{9880E1BA-AE18-4E4B-9144-A221148B9B9D}.AppStore|x86.Build.0 = Release|x86
		{9880E1BA-AE18-4E4B-9144-A221148B9B9D}.AppStore|x86.Deploy.0 = Release|x86
		{9880E1BA-AE18-4E4B-9144-A221148B9B9D}.Debug|Any CPU.ActiveCfg = Debug|x86
		{9880E1BA-AE18-4E4B-9144-A221148B9B9D}.Debug|ARM.ActiveCfg = Debug|ARM
		{9880E1BA-AE18-4E4B-9144-A221148B9B9D}.Debug|ARM.Build.0 = Debug|ARM
		{9880E1BA-AE18-4E4B-9144-A221148B9B9D}.Debug|ARM.Deploy.0 = Debug|ARM
		{9880E1BA-AE18-4E4B-9144-A221148B9B9D}.Debug|iPhone.ActiveCfg = Debug|x86
		{9880E1BA-AE18-4E4B-9144-A221148B9B9D}.Debug|iPhoneSimulator.ActiveCfg = Debug|x86
		{9880E1BA-AE18-4E4B-9144-A221148B9B9D}.Debug|x64.ActiveCfg = Debug|x64
		{9880E1BA-AE18-4E4B-9144-A221148B9B9D}.Debug|x64.Build.0 = Debug|x64
		{9880E1BA-AE18-4E4B-9144-A221148B9B9D}.Debug|x64.Deploy.0 = Debug|x64
		{9880E1BA-AE18-4E4B-9144-A221148B9B9D}.Debug|x86.ActiveCfg = Debug|x86
		{9880E1BA-AE18-4E4B-9144-A221148B9B9D}.Debug|x86.Build.0 = Debug|x86
		{9880E1BA-AE18-4E4B-9144-A221148B9B9D}.Debug|x86.Deploy.0 = Debug|x86
		{9880E1BA-AE18-4E4B-9144-A221148B9B9D}.Release|Any CPU.ActiveCfg = Release|x86
		{9880E1BA-AE18-4E4B-9144-A221148B9B9D}.Release|ARM.ActiveCfg = Release|ARM
		{9880E1BA-AE18-4E4B-9144-A221148B9B9D}.Release|ARM.Build.0 = Release|ARM
		{9880E1BA-AE18-4E4B-9144-A221148B9B9D}.Release|ARM.Deploy.0 = Release|ARM
		{9880E1BA-AE18-4E4B-9144-A221148B9B9D}.Release|iPhone.ActiveCfg = Release|x86
		{9880E1BA-AE18-4E4B-9144-A221148B9B9D}.Release|iPhoneSimulator.ActiveCfg = Release|x86
		{9880E1BA-AE18-4E4B-9144-A221148B9B9D}.Release|x64.ActiveCfg = Release|x64
		{9880E1BA-AE18-4E4B-9144-A221148B9B9D}.Release|x64.Build.0 = Release|x64
		{9880E1BA-AE18-4E4B-9144-A221148B9B9D}.Release|x64.Deploy.0 = Release|x64
		{9880E1BA-AE18-4E4B-9144-A221148B9B9D}.Release|x86.ActiveCfg = Release|x86
		{9880E1BA-AE18-4E4B-9144-A221148B9B9D}.Release|x86.Build.0 = Release|x86
		{9880E1BA-AE18-4E4B-9144-A221148B9B9D}.Release|x86.Deploy.0 = Release|x86
		{A92A9221-A931-4AC7-B945-5B59CBD8277E}.Ad-Hoc|Any CPU.ActiveCfg = Ad-Hoc|iPhone
		{A92A9221-A931-4AC7-B945-5B59CBD8277E}.Ad-Hoc|ARM.ActiveCfg = Ad-Hoc|iPhone
		{A92A9221-A931-4AC7-B945-5B59CBD8277E}.Ad-Hoc|iPhone.ActiveCfg = Ad-Hoc|iPhone
		{A92A9221-A931-4AC7-B945-5B59CBD8277E}.Ad-Hoc|iPhone.Build.0 = Ad-Hoc|iPhone
		{A92A9221-A931-4AC7-B945-5B59CBD8277E}.Ad-Hoc|iPhoneSimulator.ActiveCfg = Ad-Hoc|iPhoneSimulator
		{A92A9221-A931-4AC7-B945-5B59CBD8277E}.Ad-Hoc|iPhoneSimulator.Build.0 = Ad-Hoc|iPhoneSimulator
		{A92A9221-A931-4AC7-B945-5B59CBD8277E}.Ad-Hoc|x64.ActiveCfg = Ad-Hoc|iPhone
		{A92A9221-A931-4AC7-B945-5B59CBD8277E}.Ad-Hoc|x86.ActiveCfg = Ad-Hoc|iPhone
		{A92A9221-A931-4AC7-B945-5B59CBD8277E}.AppStore|Any CPU.ActiveCfg = AppStore|iPhone
		{A92A9221-A931-4AC7-B945-5B59CBD8277E}.AppStore|ARM.ActiveCfg = AppStore|iPhone
		{A92A9221-A931-4AC7-B945-5B59CBD8277E}.AppStore|iPhone.ActiveCfg = AppStore|iPhone
		{A92A9221-A931-4AC7-B945-5B59CBD8277E}.AppStore|iPhone.Build.0 = AppStore|iPhone
		{A92A9221-A931-4AC7-B945-5B59CBD8277E}.AppStore|iPhoneSimulator.ActiveCfg = AppStore|iPhoneSimulator
		{A92A9221-A931-4AC7-B945-5B59CBD8277E}.AppStore|iPhoneSimulator.Build.0 = AppStore|iPhoneSimulator
		{A92A9221-A931-4AC7-B945-5B59CBD8277E}.AppStore|x64.ActiveCfg = AppStore|iPhone
		{A92A9221-A931-4AC7-B945-5B59CBD8277E}.AppStore|x86.ActiveCfg = AppStore|iPhone
		{A92A9221-A931-4AC7-B945-5B59CBD8277E}.Debug|Any CPU.ActiveCfg = Debug|iPhoneSimulator
		{A92A9221-A931-4AC7-B945-5B59CBD8277E}.Debug|ARM.ActiveCfg = Debug|iPhone
		{A92A9221-A931-4AC7-B945-5B59CBD8277E}.Debug|iPhone.ActiveCfg = Debug|iPhone
		{A92A9221-A931-4AC7-B945-5B59CBD8277E}.Debug|iPhone.Build.0 = Debug|iPhone
		{A92A9221-A931-4AC7-B945-5B59CBD8277E}.Debug|iPhoneSimulator.ActiveCfg = Debug|iPhoneSimulator
		{A92A9221-A931-4AC7-B945-5B59CBD8277E}.Debug|iPhoneSimulator.Build.0 = Debug|iPhoneSimulator
		{A92A9221-A931-4AC7-B945-5B59CBD8277E}.Debug|x64.ActiveCfg = Debug|iPhone
		{A92A9221-A931-4AC7-B945-5B59CBD8277E}.Debug|x86.ActiveCfg = Debug|iPhone
		{A92A9221-A931-4AC7-B945-5B59CBD8277E}.Release|Any CPU.ActiveCfg = Release|iPhone
		{A92A9221-A931-4AC7-B945-5B59CBD8277E}.Release|ARM.ActiveCfg = Release|iPhone
		{A92A9221-A931-4AC7-B945-5B59CBD8277E}.Release|iPhone.ActiveCfg = Release|iPhone
		{A92A9221-A931-4AC7-B945-5B59CBD8277E}.Release|iPhone.Build.0 = Release|iPhone
		{A92A9221-A931-4AC7-B945-5B59CBD8277E}.Release|iPhoneSimulator.ActiveCfg = Release|iPhoneSimulator
		{A92A9221-A931-4AC7-B945-5B59CBD8277E}.Release|iPhoneSimulator.Build.0 = Release|iPhoneSimulator
		{A92A9221-A931-4AC7-B945-5B59CBD8277E}.Release|x64.ActiveCfg = Release|iPhone
		{A92A9221-A931-4AC7-B945-5B59CBD8277E}.Release|x86.ActiveCfg = Release|iPhone
		{A92A9221-A931-4AC7-B945-5B59CBD8277E}.Debug|Any CPU.Build.0 = Debug|iPhoneSimulator
	EndGlobalSection
	GlobalSection(SolutionProperties) = preSolution
		HideSolutionNode = FALSE
	EndGlobalSection
EndGlobal
