
Microsoft Visual Studio Solution File, Format Version 12.00
# Visual Studio 15
VisualStudioVersion = 15.0.27004.2005
MinimumVisualStudioVersion = 10.0.40219.1
Project("{FAE04EC0-301F-11D3-BF4B-00C04F79EFBC}") = "HackTest2", "HackTest2\HackTest2\HackTest2.csproj", "{389C32F5-BD53-4A24-86E5-BCDE432DFAFA}"
EndProject
Project("{FAE04EC0-301F-11D3-BF4B-00C04F79EFBC}") = "HackTest2.Android", "HackTest2\HackTest2.Android\HackTest2.Android.csproj", "{4FEC3E9E-638E-4E24-89B1-DB6EFB182EF6}"
EndProject
Project("{FAE04EC0-301F-11D3-BF4B-00C04F79EFBC}") = "HackTest2.iOS", "HackTest2\HackTest2.iOS\HackTest2.iOS.csproj", "{2B4F388A-E30B-463E-83D8-1909C25E36C0}"
EndProject
Global
	GlobalSection(SolutionConfigurationPlatforms) = preSolution
		Debug|Any CPU = Debug|Any CPU
		Debug|iPhone = Debug|iPhone
		Debug|iPhoneSimulator = Debug|iPhoneSimulator
		Release|Any CPU = Release|Any CPU
		Release|iPhone = Release|iPhone
		Release|iPhoneSimulator = Release|iPhoneSimulator
	EndGlobalSection
	GlobalSection(ProjectConfigurationPlatforms) = postSolution
		{389C32F5-BD53-4A24-86E5-BCDE432DFAFA}.Debug|Any CPU.ActiveCfg = Debug|Any CPU
		{389C32F5-BD53-4A24-86E5-BCDE432DFAFA}.Debug|Any CPU.Build.0 = Debug|Any CPU
		{389C32F5-BD53-4A24-86E5-BCDE432DFAFA}.Debug|iPhone.ActiveCfg = Debug|Any CPU
		{389C32F5-BD53-4A24-86E5-BCDE432DFAFA}.Debug|iPhone.Build.0 = Debug|Any CPU
		{389C32F5-BD53-4A24-86E5-BCDE432DFAFA}.Debug|iPhoneSimulator.ActiveCfg = Debug|Any CPU
		{389C32F5-BD53-4A24-86E5-BCDE432DFAFA}.Debug|iPhoneSimulator.Build.0 = Debug|Any CPU
		{389C32F5-BD53-4A24-86E5-BCDE432DFAFA}.Release|Any CPU.ActiveCfg = Release|Any CPU
		{389C32F5-BD53-4A24-86E5-BCDE432DFAFA}.Release|Any CPU.Build.0 = Release|Any CPU
		{389C32F5-BD53-4A24-86E5-BCDE432DFAFA}.Release|iPhone.ActiveCfg = Release|Any CPU
		{389C32F5-BD53-4A24-86E5-BCDE432DFAFA}.Release|iPhone.Build.0 = Release|Any CPU
		{389C32F5-BD53-4A24-86E5-BCDE432DFAFA}.Release|iPhoneSimulator.ActiveCfg = Release|Any CPU
		{389C32F5-BD53-4A24-86E5-BCDE432DFAFA}.Release|iPhoneSimulator.Build.0 = Release|Any CPU
		{4FEC3E9E-638E-4E24-89B1-DB6EFB182EF6}.Debug|Any CPU.ActiveCfg = Debug|Any CPU
		{4FEC3E9E-638E-4E24-89B1-DB6EFB182EF6}.Debug|Any CPU.Build.0 = Debug|Any CPU
		{4FEC3E9E-638E-4E24-89B1-DB6EFB182EF6}.Debug|Any CPU.Deploy.0 = Debug|Any CPU
		{4FEC3E9E-638E-4E24-89B1-DB6EFB182EF6}.Debug|iPhone.ActiveCfg = Debug|Any CPU
		{4FEC3E9E-638E-4E24-89B1-DB6EFB182EF6}.Debug|iPhone.Build.0 = Debug|Any CPU
		{4FEC3E9E-638E-4E24-89B1-DB6EFB182EF6}.Debug|iPhone.Deploy.0 = Debug|Any CPU
		{4FEC3E9E-638E-4E24-89B1-DB6EFB182EF6}.Debug|iPhoneSimulator.ActiveCfg = Debug|Any CPU
		{4FEC3E9E-638E-4E24-89B1-DB6EFB182EF6}.Debug|iPhoneSimulator.Build.0 = Debug|Any CPU
		{4FEC3E9E-638E-4E24-89B1-DB6EFB182EF6}.Debug|iPhoneSimulator.Deploy.0 = Debug|Any CPU
		{4FEC3E9E-638E-4E24-89B1-DB6EFB182EF6}.Release|Any CPU.ActiveCfg = Release|Any CPU
		{4FEC3E9E-638E-4E24-89B1-DB6EFB182EF6}.Release|Any CPU.Build.0 = Release|Any CPU
		{4FEC3E9E-638E-4E24-89B1-DB6EFB182EF6}.Release|Any CPU.Deploy.0 = Release|Any CPU
		{4FEC3E9E-638E-4E24-89B1-DB6EFB182EF6}.Release|iPhone.ActiveCfg = Release|Any CPU
		{4FEC3E9E-638E-4E24-89B1-DB6EFB182EF6}.Release|iPhone.Build.0 = Release|Any CPU
		{4FEC3E9E-638E-4E24-89B1-DB6EFB182EF6}.Release|iPhone.Deploy.0 = Release|Any CPU
		{4FEC3E9E-638E-4E24-89B1-DB6EFB182EF6}.Release|iPhoneSimulator.ActiveCfg = Release|Any CPU
		{4FEC3E9E-638E-4E24-89B1-DB6EFB182EF6}.Release|iPhoneSimulator.Build.0 = Release|Any CPU
		{4FEC3E9E-638E-4E24-89B1-DB6EFB182EF6}.Release|iPhoneSimulator.Deploy.0 = Release|Any CPU
		{2B4F388A-E30B-463E-83D8-1909C25E36C0}.Debug|Any CPU.ActiveCfg = Debug|iPhoneSimulator
		{2B4F388A-E30B-463E-83D8-1909C25E36C0}.Debug|iPhone.ActiveCfg = Debug|iPhone
		{2B4F388A-E30B-463E-83D8-1909C25E36C0}.Debug|iPhone.Build.0 = Debug|iPhone
		{2B4F388A-E30B-463E-83D8-1909C25E36C0}.Debug|iPhoneSimulator.ActiveCfg = Debug|iPhoneSimulator
		{2B4F388A-E30B-463E-83D8-1909C25E36C0}.Debug|iPhoneSimulator.Build.0 = Debug|iPhoneSimulator
		{2B4F388A-E30B-463E-83D8-1909C25E36C0}.Release|Any CPU.ActiveCfg = Release|iPhoneSimulator
		{2B4F388A-E30B-463E-83D8-1909C25E36C0}.Release|iPhone.ActiveCfg = Release|iPhone
		{2B4F388A-E30B-463E-83D8-1909C25E36C0}.Release|iPhone.Build.0 = Release|iPhone
		{2B4F388A-E30B-463E-83D8-1909C25E36C0}.Release|iPhoneSimulator.ActiveCfg = Release|iPhoneSimulator
		{2B4F388A-E30B-463E-83D8-1909C25E36C0}.Release|iPhoneSimulator.Build.0 = Release|iPhoneSimulator
	EndGlobalSection
	GlobalSection(SolutionProperties) = preSolution
		HideSolutionNode = FALSE
	EndGlobalSection
	GlobalSection(ExtensibilityGlobals) = postSolution
		SolutionGuid = {639A117B-A749-4A17-9ED8-D6C21DCD6056}
	EndGlobalSection
EndGlobal
