Microsoft Visual Studio Solution File, Format Version 12.00
# Visual Studio 14
VisualStudioVersion = 14.0.25420.1
MinimumVisualStudioVersion = 10.0.40219.1
Project("{FAE04EC0-301F-11D3-BF4B-00C04F79EFBC}") = "SampleBrowser", "SampleBrowser\SampleBrowser\SampleBrowser.csproj", "{4880E1CC-531B-4357-B029-61E761FF0C54}"
EndProject
Project("{FAE04EC0-301F-11D3-BF4B-00C04F79EFBC}") = "SampleBrowser.Core", "SampleBrowser.Core\SampleBrowser.Core\SampleBrowser.Core.csproj", "{E791D2A6-C148-49D9-87F1-B3CB6B195F0D}"
EndProject
Project("{FAE04EC0-301F-11D3-BF4B-00C04F79EFBC}") = "SampleBrowser.Core.Android", "SampleBrowser.Core\SampleBrowser.Core.Android\SampleBrowser.Core.Android.csproj", "{A258AB54-3FB7-41C1-8CDD-3B78CA5E4CD9}"
EndProject
Project("{FAE04EC0-301F-11D3-BF4B-00C04F79EFBC}") = "SampleBrowser.iOS", "SampleBrowser\SampleBrowser.iOS\SampleBrowser.iOS.csproj", "{9140F0A1-A6E1-4ACF-9EFE-502B13BF5C31}"
EndProject
Project("{FAE04EC0-301F-11D3-BF4B-00C04F79EFBC}") = "SampleBrowser.Core.iOS", "SampleBrowser.Core\SampleBrowser.Core.iOS\SampleBrowser.Core.iOS.csproj", "{25EBD749-41A5-462A-A2DA-8BEBB5EB02BE}"
EndProject
Project("{FAE04EC0-301F-11D3-BF4B-00C04F79EFBC}") = "SampleBrowser.Droid", "SampleBrowser\SampleBrowser.Droid\SampleBrowser.Droid.csproj", "{69AF2D54-9C72-4149-B566-C712585493D4}"
EndProject
Project("{FAE04EC0-301F-11D3-BF4B-00C04F79EFBC}") = "SampleBrowser.Core.UWP", "SampleBrowser.Core\SampleBrowser.Core.UWP\SampleBrowser.Core.UWP.csproj", "{27BE4752-ADC6-4F88-95B5-6C5157A49D73}"
EndProject
Project("{FAE04EC0-301F-11D3-BF4B-00C04F79EFBC}") = "SampleBrowser.UWP", "SampleBrowser\SampleBrowser.UWP\SampleBrowser.UWP.csproj", "{FC0A3342-6404-4111-A678-D82DBAAB0157}"
EndProject
Project("{2150E333-8FDC-42A3-9474-1A3956D46DE8}") = "SampleBrowser", "SampleBrowser", "{4D470BE7-BBF3-45B1-80DE-19DD790336F1}"
EndProject
Project("{2150E333-8FDC-42A3-9474-1A3956D46DE8}") = "SampleBrowser.Core", "SampleBrowser.Core", "{8C1F30DE-6F8B-41EA-ADF0-A9569D0835BD}"
EndProject
Global
	GlobalSection(SolutionConfigurationPlatforms) = preSolution
		Ad-Hoc|Any CPU = Ad-Hoc|Any CPU
		Ad-Hoc|ARM = Ad-Hoc|ARM
		Ad-Hoc|iPhone = Ad-Hoc|iPhone
		Ad-Hoc|iPhoneSimulator = Ad-Hoc|iPhoneSimulator
		Ad-Hoc|x64 = Ad-Hoc|x64
		Ad-Hoc|x86 = Ad-Hoc|x86
		AppStore|Any CPU = AppStore|Any CPU
		AppStore|ARM = AppStore|ARM
		AppStore|iPhone = AppStore|iPhone
		AppStore|iPhoneSimulator = AppStore|iPhoneSimulator
		AppStore|x64 = AppStore|x64
		AppStore|x86 = AppStore|x86
		Debug|Any CPU = Debug|Any CPU
		Debug|ARM = Debug|ARM
		Debug|iPhone = Debug|iPhone
		Debug|iPhoneSimulator = Debug|iPhoneSimulator
		Debug|x64 = Debug|x64
		Debug|x86 = Debug|x86
		Release|Any CPU = Release|Any CPU
		Release|ARM = Release|ARM
		Release|iPhone = Release|iPhone
		Release|iPhoneSimulator = Release|iPhoneSimulator
		Release|x64 = Release|x64
		Release|x86 = Release|x86
		Release-xml|Any CPU = Release-xml|Any CPU
		Release-xml|ARM = Release-xml|ARM
		Release-xml|iPhone = Release-xml|iPhone
		Release-xml|iPhoneSimulator = Release-xml|iPhoneSimulator
		Release-xml|x64 = Release-xml|x64
		Release-xml|x86 = Release-xml|x86
	EndGlobalSection
	GlobalSection(ProjectConfigurationPlatforms) = postSolution
		{4880E1CC-531B-4357-B029-61E761FF0C54}.Ad-Hoc|Any CPU.ActiveCfg = Release|Any CPU
		{4880E1CC-531B-4357-B029-61E761FF0C54}.Ad-Hoc|ARM.ActiveCfg = Release|Any CPU
		{4880E1CC-531B-4357-B029-61E761FF0C54}.Ad-Hoc|ARM.Build.0 = Release|Any CPU
		{4880E1CC-531B-4357-B029-61E761FF0C54}.Ad-Hoc|iPhone.ActiveCfg = Debug|Any CPU
		{4880E1CC-531B-4357-B029-61E761FF0C54}.Ad-Hoc|iPhone.Build.0 = Debug|Any CPU
		{4880E1CC-531B-4357-B029-61E761FF0C54}.Ad-Hoc|iPhoneSimulator.ActiveCfg = Release|Any CPU
		{4880E1CC-531B-4357-B029-61E761FF0C54}.Ad-Hoc|x64.ActiveCfg = Release|Any CPU
		{4880E1CC-531B-4357-B029-61E761FF0C54}.Ad-Hoc|x64.Build.0 = Release|Any CPU
		{4880E1CC-531B-4357-B029-61E761FF0C54}.Ad-Hoc|x86.ActiveCfg = Release|Any CPU
		{4880E1CC-531B-4357-B029-61E761FF0C54}.Ad-Hoc|x86.Build.0 = Release|Any CPU
		{4880E1CC-531B-4357-B029-61E761FF0C54}.AppStore|Any CPU.ActiveCfg = Release|Any CPU
		{4880E1CC-531B-4357-B029-61E761FF0C54}.AppStore|ARM.ActiveCfg = Release|Any CPU
		{4880E1CC-531B-4357-B029-61E761FF0C54}.AppStore|ARM.Build.0 = Release|Any CPU
		{4880E1CC-531B-4357-B029-61E761FF0C54}.AppStore|iPhone.ActiveCfg = Debug|Any CPU
		{4880E1CC-531B-4357-B029-61E761FF0C54}.AppStore|iPhone.Build.0 = Debug|Any CPU
		{4880E1CC-531B-4357-B029-61E761FF0C54}.AppStore|iPhoneSimulator.ActiveCfg = Release|Any CPU
		{4880E1CC-531B-4357-B029-61E761FF0C54}.AppStore|x64.ActiveCfg = Release|Any CPU
		{4880E1CC-531B-4357-B029-61E761FF0C54}.AppStore|x64.Build.0 = Release|Any CPU
		{4880E1CC-531B-4357-B029-61E761FF0C54}.AppStore|x86.ActiveCfg = Release|Any CPU
		{4880E1CC-531B-4357-B029-61E761FF0C54}.AppStore|x86.Build.0 = Release|Any CPU
		{4880E1CC-531B-4357-B029-61E761FF0C54}.Debug|Any CPU.ActiveCfg = Debug|Any CPU
		{4880E1CC-531B-4357-B029-61E761FF0C54}.Debug|Any CPU.Build.0 = Debug|Any CPU
		{4880E1CC-531B-4357-B029-61E761FF0C54}.Debug|ARM.ActiveCfg = Debug|Any CPU
		{4880E1CC-531B-4357-B029-61E761FF0C54}.Debug|ARM.Build.0 = Debug|Any CPU
		{4880E1CC-531B-4357-B029-61E761FF0C54}.Debug|iPhone.ActiveCfg = Debug|Any CPU
		{4880E1CC-531B-4357-B029-61E761FF0C54}.Debug|iPhone.Build.0 = Debug|Any CPU
		{4880E1CC-531B-4357-B029-61E761FF0C54}.Debug|iPhoneSimulator.ActiveCfg = Debug|Any CPU
		{4880E1CC-531B-4357-B029-61E761FF0C54}.Debug|iPhoneSimulator.Build.0 = Debug|Any CPU
		{4880E1CC-531B-4357-B029-61E761FF0C54}.Debug|x64.ActiveCfg = Debug|Any CPU
		{4880E1CC-531B-4357-B029-61E761FF0C54}.Debug|x64.Build.0 = Debug|Any CPU
		{4880E1CC-531B-4357-B029-61E761FF0C54}.Debug|x86.ActiveCfg = Debug|Any CPU
		{4880E1CC-531B-4357-B029-61E761FF0C54}.Debug|x86.Build.0 = Debug|Any CPU
		{4880E1CC-531B-4357-B029-61E761FF0C54}.Release|Any CPU.ActiveCfg = Release|Any CPU
		{4880E1CC-531B-4357-B029-61E761FF0C54}.Release|Any CPU.Build.0 = Release|Any CPU
		{4880E1CC-531B-4357-B029-61E761FF0C54}.Release|ARM.ActiveCfg = Release|Any CPU
		{4880E1CC-531B-4357-B029-61E761FF0C54}.Release|ARM.Build.0 = Release|Any CPU
		{4880E1CC-531B-4357-B029-61E761FF0C54}.Release|iPhone.ActiveCfg = Release|Any CPU
		{4880E1CC-531B-4357-B029-61E761FF0C54}.Release|iPhone.Build.0 = Release|Any CPU
		{4880E1CC-531B-4357-B029-61E761FF0C54}.Release|iPhoneSimulator.ActiveCfg = Release|Any CPU
		{4880E1CC-531B-4357-B029-61E761FF0C54}.Release|iPhoneSimulator.Build.0 = Release|Any CPU
		{4880E1CC-531B-4357-B029-61E761FF0C54}.Release|x64.ActiveCfg = Release|Any CPU
		{4880E1CC-531B-4357-B029-61E761FF0C54}.Release|x64.Build.0 = Release|Any CPU
		{4880E1CC-531B-4357-B029-61E761FF0C54}.Release|x86.ActiveCfg = Release|Any CPU
		{4880E1CC-531B-4357-B029-61E761FF0C54}.Release|x86.Build.0 = Release|Any CPU
		{4880E1CC-531B-4357-B029-61E761FF0C54}.Release-xml|Any CPU.ActiveCfg = Debug|Any CPU
		{4880E1CC-531B-4357-B029-61E761FF0C54}.Release-xml|Any CPU.Build.0 = Debug|Any CPU
		{4880E1CC-531B-4357-B029-61E761FF0C54}.Release-xml|ARM.ActiveCfg = Release|Any CPU
		{4880E1CC-531B-4357-B029-61E761FF0C54}.Release-xml|ARM.Build.0 = Release|Any CPU
		{4880E1CC-531B-4357-B029-61E761FF0C54}.Release-xml|iPhone.ActiveCfg = Debug|Any CPU
		{4880E1CC-531B-4357-B029-61E761FF0C54}.Release-xml|iPhone.Build.0 = Debug|Any CPU
		{4880E1CC-531B-4357-B029-61E761FF0C54}.Release-xml|iPhoneSimulator.ActiveCfg = Debug|Any CPU
		{4880E1CC-531B-4357-B029-61E761FF0C54}.Release-xml|iPhoneSimulator.Build.0 = Debug|Any CPU
		{4880E1CC-531B-4357-B029-61E761FF0C54}.Release-xml|x64.ActiveCfg = Release|Any CPU
		{4880E1CC-531B-4357-B029-61E761FF0C54}.Release-xml|x64.Build.0 = Release|Any CPU
		{4880E1CC-531B-4357-B029-61E761FF0C54}.Release-xml|x86.ActiveCfg = Release|Any CPU
		{4880E1CC-531B-4357-B029-61E761FF0C54}.Release-xml|x86.Build.0 = Release|Any CPU
		{E791D2A6-C148-49D9-87F1-B3CB6B195F0D}.Ad-Hoc|Any CPU.ActiveCfg = Release-xml|Any CPU
		{E791D2A6-C148-49D9-87F1-B3CB6B195F0D}.Ad-Hoc|ARM.ActiveCfg = Release-xml|Any CPU
		{E791D2A6-C148-49D9-87F1-B3CB6B195F0D}.Ad-Hoc|ARM.Build.0 = Release-xml|Any CPU
		{E791D2A6-C148-49D9-87F1-B3CB6B195F0D}.Ad-Hoc|iPhone.ActiveCfg = Debug|Any CPU
		{E791D2A6-C148-49D9-87F1-B3CB6B195F0D}.Ad-Hoc|iPhone.Build.0 = Debug|Any CPU
		{E791D2A6-C148-49D9-87F1-B3CB6B195F0D}.Ad-Hoc|iPhoneSimulator.ActiveCfg = Release-xml|Any CPU
		{E791D2A6-C148-49D9-87F1-B3CB6B195F0D}.Ad-Hoc|x64.ActiveCfg = Release-xml|Any CPU
		{E791D2A6-C148-49D9-87F1-B3CB6B195F0D}.Ad-Hoc|x64.Build.0 = Release-xml|Any CPU
		{E791D2A6-C148-49D9-87F1-B3CB6B195F0D}.Ad-Hoc|x86.ActiveCfg = Release-xml|Any CPU
		{E791D2A6-C148-49D9-87F1-B3CB6B195F0D}.Ad-Hoc|x86.Build.0 = Release-xml|Any CPU
		{E791D2A6-C148-49D9-87F1-B3CB6B195F0D}.AppStore|Any CPU.ActiveCfg = Release-xml|Any CPU
		{E791D2A6-C148-49D9-87F1-B3CB6B195F0D}.AppStore|ARM.ActiveCfg = Release-xml|Any CPU
		{E791D2A6-C148-49D9-87F1-B3CB6B195F0D}.AppStore|ARM.Build.0 = Release-xml|Any CPU
		{E791D2A6-C148-49D9-87F1-B3CB6B195F0D}.AppStore|iPhone.ActiveCfg = Debug|Any CPU
		{E791D2A6-C148-49D9-87F1-B3CB6B195F0D}.AppStore|iPhone.Build.0 = Debug|Any CPU
		{E791D2A6-C148-49D9-87F1-B3CB6B195F0D}.AppStore|iPhoneSimulator.ActiveCfg = Release-xml|Any CPU
		{E791D2A6-C148-49D9-87F1-B3CB6B195F0D}.AppStore|x64.ActiveCfg = Release-xml|Any CPU
		{E791D2A6-C148-49D9-87F1-B3CB6B195F0D}.AppStore|x64.Build.0 = Release-xml|Any CPU
		{E791D2A6-C148-49D9-87F1-B3CB6B195F0D}.AppStore|x86.ActiveCfg = Release-xml|Any CPU
		{E791D2A6-C148-49D9-87F1-B3CB6B195F0D}.AppStore|x86.Build.0 = Release-xml|Any CPU
		{E791D2A6-C148-49D9-87F1-B3CB6B195F0D}.Debug|Any CPU.ActiveCfg = Debug|Any CPU
		{E791D2A6-C148-49D9-87F1-B3CB6B195F0D}.Debug|Any CPU.Build.0 = Debug|Any CPU
		{E791D2A6-C148-49D9-87F1-B3CB6B195F0D}.Debug|ARM.ActiveCfg = Debug|Any CPU
		{E791D2A6-C148-49D9-87F1-B3CB6B195F0D}.Debug|ARM.Build.0 = Debug|Any CPU
		{E791D2A6-C148-49D9-87F1-B3CB6B195F0D}.Debug|iPhone.ActiveCfg = Debug|Any CPU
		{E791D2A6-C148-49D9-87F1-B3CB6B195F0D}.Debug|iPhone.Build.0 = Debug|Any CPU
		{E791D2A6-C148-49D9-87F1-B3CB6B195F0D}.Debug|iPhoneSimulator.ActiveCfg = Debug|Any CPU
		{E791D2A6-C148-49D9-87F1-B3CB6B195F0D}.Debug|iPhoneSimulator.Build.0 = Debug|Any CPU
		{E791D2A6-C148-49D9-87F1-B3CB6B195F0D}.Debug|x64.ActiveCfg = Debug|Any CPU
		{E791D2A6-C148-49D9-87F1-B3CB6B195F0D}.Debug|x64.Build.0 = Debug|Any CPU
		{E791D2A6-C148-49D9-87F1-B3CB6B195F0D}.Debug|x86.ActiveCfg = Debug|Any CPU
		{E791D2A6-C148-49D9-87F1-B3CB6B195F0D}.Debug|x86.Build.0 = Debug|Any CPU
		{E791D2A6-C148-49D9-87F1-B3CB6B195F0D}.Release|Any CPU.ActiveCfg = Release|Any CPU
		{E791D2A6-C148-49D9-87F1-B3CB6B195F0D}.Release|Any CPU.Build.0 = Release|Any CPU
		{E791D2A6-C148-49D9-87F1-B3CB6B195F0D}.Release|ARM.ActiveCfg = Release|Any CPU
		{E791D2A6-C148-49D9-87F1-B3CB6B195F0D}.Release|ARM.Build.0 = Release|Any CPU
		{E791D2A6-C148-49D9-87F1-B3CB6B195F0D}.Release|iPhone.ActiveCfg = Release|Any CPU
		{E791D2A6-C148-49D9-87F1-B3CB6B195F0D}.Release|iPhone.Build.0 = Release|Any CPU
		{E791D2A6-C148-49D9-87F1-B3CB6B195F0D}.Release|iPhoneSimulator.ActiveCfg = Release|Any CPU
		{E791D2A6-C148-49D9-87F1-B3CB6B195F0D}.Release|iPhoneSimulator.Build.0 = Release|Any CPU
		{E791D2A6-C148-49D9-87F1-B3CB6B195F0D}.Release|x64.ActiveCfg = Release|Any CPU
		{E791D2A6-C148-49D9-87F1-B3CB6B195F0D}.Release|x64.Build.0 = Release|Any CPU
		{E791D2A6-C148-49D9-87F1-B3CB6B195F0D}.Release|x86.ActiveCfg = Release|Any CPU
		{E791D2A6-C148-49D9-87F1-B3CB6B195F0D}.Release|x86.Build.0 = Release|Any CPU
		{E791D2A6-C148-49D9-87F1-B3CB6B195F0D}.Release-xml|Any CPU.ActiveCfg = Release-xml|Any CPU
		{E791D2A6-C148-49D9-87F1-B3CB6B195F0D}.Release-xml|Any CPU.Build.0 = Release-xml|Any CPU
		{E791D2A6-C148-49D9-87F1-B3CB6B195F0D}.Release-xml|ARM.ActiveCfg = Release-xml|Any CPU
		{E791D2A6-C148-49D9-87F1-B3CB6B195F0D}.Release-xml|ARM.Build.0 = Release-xml|Any CPU
		{E791D2A6-C148-49D9-87F1-B3CB6B195F0D}.Release-xml|iPhone.ActiveCfg = Release-xml|Any CPU
		{E791D2A6-C148-49D9-87F1-B3CB6B195F0D}.Release-xml|iPhone.Build.0 = Release-xml|Any CPU
		{E791D2A6-C148-49D9-87F1-B3CB6B195F0D}.Release-xml|iPhoneSimulator.ActiveCfg = Release-xml|Any CPU
		{E791D2A6-C148-49D9-87F1-B3CB6B195F0D}.Release-xml|iPhoneSimulator.Build.0 = Release-xml|Any CPU
		{E791D2A6-C148-49D9-87F1-B3CB6B195F0D}.Release-xml|x64.ActiveCfg = Release-xml|Any CPU
		{E791D2A6-C148-49D9-87F1-B3CB6B195F0D}.Release-xml|x64.Build.0 = Release-xml|Any CPU
		{E791D2A6-C148-49D9-87F1-B3CB6B195F0D}.Release-xml|x86.ActiveCfg = Release-xml|Any CPU
		{E791D2A6-C148-49D9-87F1-B3CB6B195F0D}.Release-xml|x86.Build.0 = Release-xml|Any CPU
		{A258AB54-3FB7-41C1-8CDD-3B78CA5E4CD9}.Ad-Hoc|Any CPU.ActiveCfg = Release-xml|Any CPU
		{A258AB54-3FB7-41C1-8CDD-3B78CA5E4CD9}.Ad-Hoc|ARM.ActiveCfg = Release-xml|Any CPU
		{A258AB54-3FB7-41C1-8CDD-3B78CA5E4CD9}.Ad-Hoc|ARM.Build.0 = Release-xml|Any CPU
		{A258AB54-3FB7-41C1-8CDD-3B78CA5E4CD9}.Ad-Hoc|iPhone.ActiveCfg = Debug|Any CPU
		{A258AB54-3FB7-41C1-8CDD-3B78CA5E4CD9}.Ad-Hoc|iPhone.Build.0 = Debug|Any CPU
		{A258AB54-3FB7-41C1-8CDD-3B78CA5E4CD9}.Ad-Hoc|iPhoneSimulator.ActiveCfg = Release-xml|Any CPU
		{A258AB54-3FB7-41C1-8CDD-3B78CA5E4CD9}.Ad-Hoc|x64.ActiveCfg = Release-xml|Any CPU
		{A258AB54-3FB7-41C1-8CDD-3B78CA5E4CD9}.Ad-Hoc|x64.Build.0 = Release-xml|Any CPU
		{A258AB54-3FB7-41C1-8CDD-3B78CA5E4CD9}.Ad-Hoc|x86.ActiveCfg = Release-xml|Any CPU
		{A258AB54-3FB7-41C1-8CDD-3B78CA5E4CD9}.Ad-Hoc|x86.Build.0 = Release-xml|Any CPU
		{A258AB54-3FB7-41C1-8CDD-3B78CA5E4CD9}.AppStore|Any CPU.ActiveCfg = Release-xml|Any CPU
		{A258AB54-3FB7-41C1-8CDD-3B78CA5E4CD9}.AppStore|ARM.ActiveCfg = Release-xml|Any CPU
		{A258AB54-3FB7-41C1-8CDD-3B78CA5E4CD9}.AppStore|ARM.Build.0 = Release-xml|Any CPU
		{A258AB54-3FB7-41C1-8CDD-3B78CA5E4CD9}.AppStore|iPhone.ActiveCfg = Debug|Any CPU
		{A258AB54-3FB7-41C1-8CDD-3B78CA5E4CD9}.AppStore|iPhone.Build.0 = Debug|Any CPU
		{A258AB54-3FB7-41C1-8CDD-3B78CA5E4CD9}.AppStore|iPhoneSimulator.ActiveCfg = Release-xml|Any CPU
		{A258AB54-3FB7-41C1-8CDD-3B78CA5E4CD9}.AppStore|x64.ActiveCfg = Release-xml|Any CPU
		{A258AB54-3FB7-41C1-8CDD-3B78CA5E4CD9}.AppStore|x64.Build.0 = Release-xml|Any CPU
		{A258AB54-3FB7-41C1-8CDD-3B78CA5E4CD9}.AppStore|x86.ActiveCfg = Release-xml|Any CPU
		{A258AB54-3FB7-41C1-8CDD-3B78CA5E4CD9}.AppStore|x86.Build.0 = Release-xml|Any CPU
		{A258AB54-3FB7-41C1-8CDD-3B78CA5E4CD9}.Debug|Any CPU.ActiveCfg = Debug|Any CPU
		{A258AB54-3FB7-41C1-8CDD-3B78CA5E4CD9}.Debug|Any CPU.Build.0 = Debug|Any CPU
		{A258AB54-3FB7-41C1-8CDD-3B78CA5E4CD9}.Debug|ARM.ActiveCfg = Debug|Any CPU
		{A258AB54-3FB7-41C1-8CDD-3B78CA5E4CD9}.Debug|ARM.Build.0 = Debug|Any CPU
		{A258AB54-3FB7-41C1-8CDD-3B78CA5E4CD9}.Debug|iPhone.ActiveCfg = Debug|Any CPU
		{A258AB54-3FB7-41C1-8CDD-3B78CA5E4CD9}.Debug|iPhone.Build.0 = Debug|Any CPU
		{A258AB54-3FB7-41C1-8CDD-3B78CA5E4CD9}.Debug|iPhoneSimulator.ActiveCfg = Debug|Any CPU
		{A258AB54-3FB7-41C1-8CDD-3B78CA5E4CD9}.Debug|iPhoneSimulator.Build.0 = Debug|Any CPU
		{A258AB54-3FB7-41C1-8CDD-3B78CA5E4CD9}.Debug|x64.ActiveCfg = Debug|Any CPU
		{A258AB54-3FB7-41C1-8CDD-3B78CA5E4CD9}.Debug|x64.Build.0 = Debug|Any CPU
		{A258AB54-3FB7-41C1-8CDD-3B78CA5E4CD9}.Debug|x86.ActiveCfg = Debug|Any CPU
		{A258AB54-3FB7-41C1-8CDD-3B78CA5E4CD9}.Debug|x86.Build.0 = Debug|Any CPU
		{A258AB54-3FB7-41C1-8CDD-3B78CA5E4CD9}.Release|Any CPU.ActiveCfg = Release|Any CPU
		{A258AB54-3FB7-41C1-8CDD-3B78CA5E4CD9}.Release|Any CPU.Build.0 = Release|Any CPU
		{A258AB54-3FB7-41C1-8CDD-3B78CA5E4CD9}.Release|ARM.ActiveCfg = Release|Any CPU
		{A258AB54-3FB7-41C1-8CDD-3B78CA5E4CD9}.Release|ARM.Build.0 = Release|Any CPU
		{A258AB54-3FB7-41C1-8CDD-3B78CA5E4CD9}.Release|iPhone.ActiveCfg = Release|Any CPU
		{A258AB54-3FB7-41C1-8CDD-3B78CA5E4CD9}.Release|iPhone.Build.0 = Release|Any CPU
		{A258AB54-3FB7-41C1-8CDD-3B78CA5E4CD9}.Release|iPhoneSimulator.ActiveCfg = Release|Any CPU
		{A258AB54-3FB7-41C1-8CDD-3B78CA5E4CD9}.Release|iPhoneSimulator.Build.0 = Release|Any CPU
		{A258AB54-3FB7-41C1-8CDD-3B78CA5E4CD9}.Release|x64.ActiveCfg = Release|Any CPU
		{A258AB54-3FB7-41C1-8CDD-3B78CA5E4CD9}.Release|x64.Build.0 = Release|Any CPU
		{A258AB54-3FB7-41C1-8CDD-3B78CA5E4CD9}.Release|x86.ActiveCfg = Release|Any CPU
		{A258AB54-3FB7-41C1-8CDD-3B78CA5E4CD9}.Release|x86.Build.0 = Release|Any CPU
		{A258AB54-3FB7-41C1-8CDD-3B78CA5E4CD9}.Release-xml|Any CPU.ActiveCfg = Release-xml|Any CPU
		{A258AB54-3FB7-41C1-8CDD-3B78CA5E4CD9}.Release-xml|Any CPU.Build.0 = Release-xml|Any CPU
		{A258AB54-3FB7-41C1-8CDD-3B78CA5E4CD9}.Release-xml|ARM.ActiveCfg = Release-xml|Any CPU
		{A258AB54-3FB7-41C1-8CDD-3B78CA5E4CD9}.Release-xml|ARM.Build.0 = Release-xml|Any CPU
		{A258AB54-3FB7-41C1-8CDD-3B78CA5E4CD9}.Release-xml|iPhone.ActiveCfg = Release-xml|Any CPU
		{A258AB54-3FB7-41C1-8CDD-3B78CA5E4CD9}.Release-xml|iPhone.Build.0 = Release-xml|Any CPU
		{A258AB54-3FB7-41C1-8CDD-3B78CA5E4CD9}.Release-xml|iPhoneSimulator.ActiveCfg = Release-xml|Any CPU
		{A258AB54-3FB7-41C1-8CDD-3B78CA5E4CD9}.Release-xml|iPhoneSimulator.Build.0 = Release-xml|Any CPU
		{A258AB54-3FB7-41C1-8CDD-3B78CA5E4CD9}.Release-xml|x64.ActiveCfg = Release-xml|Any CPU
		{A258AB54-3FB7-41C1-8CDD-3B78CA5E4CD9}.Release-xml|x64.Build.0 = Release-xml|Any CPU
		{A258AB54-3FB7-41C1-8CDD-3B78CA5E4CD9}.Release-xml|x86.ActiveCfg = Release-xml|Any CPU
		{A258AB54-3FB7-41C1-8CDD-3B78CA5E4CD9}.Release-xml|x86.Build.0 = Release-xml|Any CPU
		{9140F0A1-A6E1-4ACF-9EFE-502B13BF5C31}.Ad-Hoc|Any CPU.ActiveCfg = Release|iPhoneSimulator
		{9140F0A1-A6E1-4ACF-9EFE-502B13BF5C31}.Ad-Hoc|ARM.ActiveCfg = Release|iPhoneSimulator
		{9140F0A1-A6E1-4ACF-9EFE-502B13BF5C31}.Ad-Hoc|ARM.Build.0 = Release|iPhoneSimulator
		{9140F0A1-A6E1-4ACF-9EFE-502B13BF5C31}.Ad-Hoc|iPhone.ActiveCfg = Release|iPhone
		{9140F0A1-A6E1-4ACF-9EFE-502B13BF5C31}.Ad-Hoc|iPhone.Build.0 = Release|iPhone
		{9140F0A1-A6E1-4ACF-9EFE-502B13BF5C31}.Ad-Hoc|iPhoneSimulator.ActiveCfg = Release|iPhoneSimulator
		{9140F0A1-A6E1-4ACF-9EFE-502B13BF5C31}.Ad-Hoc|x64.ActiveCfg = Release|iPhoneSimulator
		{9140F0A1-A6E1-4ACF-9EFE-502B13BF5C31}.Ad-Hoc|x64.Build.0 = Release|iPhoneSimulator
		{9140F0A1-A6E1-4ACF-9EFE-502B13BF5C31}.Ad-Hoc|x86.ActiveCfg = Release|iPhoneSimulator
		{9140F0A1-A6E1-4ACF-9EFE-502B13BF5C31}.Ad-Hoc|x86.Build.0 = Release|iPhoneSimulator
		{9140F0A1-A6E1-4ACF-9EFE-502B13BF5C31}.AppStore|Any CPU.ActiveCfg = Release|iPhoneSimulator
		{9140F0A1-A6E1-4ACF-9EFE-502B13BF5C31}.AppStore|ARM.ActiveCfg = Release|iPhoneSimulator
		{9140F0A1-A6E1-4ACF-9EFE-502B13BF5C31}.AppStore|ARM.Build.0 = Release|iPhoneSimulator
		{9140F0A1-A6E1-4ACF-9EFE-502B13BF5C31}.AppStore|iPhone.ActiveCfg = Release|iPhone
		{9140F0A1-A6E1-4ACF-9EFE-502B13BF5C31}.AppStore|iPhone.Build.0 = Release|iPhone
		{9140F0A1-A6E1-4ACF-9EFE-502B13BF5C31}.AppStore|iPhoneSimulator.ActiveCfg = Release|iPhoneSimulator
		{9140F0A1-A6E1-4ACF-9EFE-502B13BF5C31}.AppStore|x64.ActiveCfg = Release|iPhoneSimulator
		{9140F0A1-A6E1-4ACF-9EFE-502B13BF5C31}.AppStore|x64.Build.0 = Release|iPhoneSimulator
		{9140F0A1-A6E1-4ACF-9EFE-502B13BF5C31}.AppStore|x86.ActiveCfg = Release|iPhoneSimulator
		{9140F0A1-A6E1-4ACF-9EFE-502B13BF5C31}.AppStore|x86.Build.0 = Release|iPhoneSimulator
		{9140F0A1-A6E1-4ACF-9EFE-502B13BF5C31}.Debug|Any CPU.ActiveCfg = Debug|iPhoneSimulator
		{9140F0A1-A6E1-4ACF-9EFE-502B13BF5C31}.Debug|Any CPU.Build.0 = Debug|iPhoneSimulator
		{9140F0A1-A6E1-4ACF-9EFE-502B13BF5C31}.Debug|ARM.ActiveCfg = Debug|iPhone
		{9140F0A1-A6E1-4ACF-9EFE-502B13BF5C31}.Debug|iPhone.ActiveCfg = Debug|iPhone
		{9140F0A1-A6E1-4ACF-9EFE-502B13BF5C31}.Debug|iPhone.Build.0 = Debug|iPhone
		{9140F0A1-A6E1-4ACF-9EFE-502B13BF5C31}.Debug|iPhoneSimulator.ActiveCfg = Debug|iPhoneSimulator
		{9140F0A1-A6E1-4ACF-9EFE-502B13BF5C31}.Debug|iPhoneSimulator.Build.0 = Debug|iPhoneSimulator
		{9140F0A1-A6E1-4ACF-9EFE-502B13BF5C31}.Debug|x64.ActiveCfg = Debug|iPhone
		{9140F0A1-A6E1-4ACF-9EFE-502B13BF5C31}.Debug|x86.ActiveCfg = Debug|iPhone
		{9140F0A1-A6E1-4ACF-9EFE-502B13BF5C31}.Release|Any CPU.ActiveCfg = Release|iPhone
		{9140F0A1-A6E1-4ACF-9EFE-502B13BF5C31}.Release|Any CPU.Build.0 = Release|iPhone
		{9140F0A1-A6E1-4ACF-9EFE-502B13BF5C31}.Release|ARM.ActiveCfg = Release|iPhoneSimulator
		{9140F0A1-A6E1-4ACF-9EFE-502B13BF5C31}.Release|iPhone.ActiveCfg = Release|iPhone
		{9140F0A1-A6E1-4ACF-9EFE-502B13BF5C31}.Release|iPhone.Build.0 = Release|iPhone
		{9140F0A1-A6E1-4ACF-9EFE-502B13BF5C31}.Release|iPhoneSimulator.ActiveCfg = Release|iPhoneSimulator
		{9140F0A1-A6E1-4ACF-9EFE-502B13BF5C31}.Release|iPhoneSimulator.Build.0 = Release|iPhoneSimulator
		{9140F0A1-A6E1-4ACF-9EFE-502B13BF5C31}.Release|x64.ActiveCfg = Release|iPhoneSimulator
		{9140F0A1-A6E1-4ACF-9EFE-502B13BF5C31}.Release|x86.ActiveCfg = Release|iPhoneSimulator
		{9140F0A1-A6E1-4ACF-9EFE-502B13BF5C31}.Release-xml|Any CPU.ActiveCfg = Debug|iPhoneSimulator
		{9140F0A1-A6E1-4ACF-9EFE-502B13BF5C31}.Release-xml|Any CPU.Build.0 = Debug|iPhoneSimulator
		{9140F0A1-A6E1-4ACF-9EFE-502B13BF5C31}.Release-xml|ARM.ActiveCfg = Release|iPhoneSimulator
		{9140F0A1-A6E1-4ACF-9EFE-502B13BF5C31}.Release-xml|ARM.Build.0 = Release|iPhoneSimulator
		{9140F0A1-A6E1-4ACF-9EFE-502B13BF5C31}.Release-xml|iPhone.ActiveCfg = Release|iPhone
		{9140F0A1-A6E1-4ACF-9EFE-502B13BF5C31}.Release-xml|iPhone.Build.0 = Release|iPhone
		{9140F0A1-A6E1-4ACF-9EFE-502B13BF5C31}.Release-xml|iPhoneSimulator.ActiveCfg = Debug|iPhoneSimulator
		{9140F0A1-A6E1-4ACF-9EFE-502B13BF5C31}.Release-xml|iPhoneSimulator.Build.0 = Debug|iPhoneSimulator
		{9140F0A1-A6E1-4ACF-9EFE-502B13BF5C31}.Release-xml|x64.ActiveCfg = Release|iPhoneSimulator
		{9140F0A1-A6E1-4ACF-9EFE-502B13BF5C31}.Release-xml|x64.Build.0 = Release|iPhoneSimulator
		{9140F0A1-A6E1-4ACF-9EFE-502B13BF5C31}.Release-xml|x86.ActiveCfg = Release|iPhoneSimulator
		{9140F0A1-A6E1-4ACF-9EFE-502B13BF5C31}.Release-xml|x86.Build.0 = Release|iPhoneSimulator
		{25EBD749-41A5-462A-A2DA-8BEBB5EB02BE}.Ad-Hoc|Any CPU.ActiveCfg = Ad-Hoc|iPhone
		{25EBD749-41A5-462A-A2DA-8BEBB5EB02BE}.Ad-Hoc|ARM.ActiveCfg = Ad-Hoc|Any CPU
		{25EBD749-41A5-462A-A2DA-8BEBB5EB02BE}.Ad-Hoc|ARM.Build.0 = Ad-Hoc|Any CPU
		{25EBD749-41A5-462A-A2DA-8BEBB5EB02BE}.Ad-Hoc|iPhone.ActiveCfg = Ad-Hoc|iPhone
		{25EBD749-41A5-462A-A2DA-8BEBB5EB02BE}.Ad-Hoc|iPhone.Build.0 = Ad-Hoc|iPhone
		{25EBD749-41A5-462A-A2DA-8BEBB5EB02BE}.Ad-Hoc|iPhoneSimulator.ActiveCfg = Ad-Hoc|iPhone
		{25EBD749-41A5-462A-A2DA-8BEBB5EB02BE}.Ad-Hoc|x64.ActiveCfg = Ad-Hoc|Any CPU
		{25EBD749-41A5-462A-A2DA-8BEBB5EB02BE}.Ad-Hoc|x64.Build.0 = Ad-Hoc|Any CPU
		{25EBD749-41A5-462A-A2DA-8BEBB5EB02BE}.Ad-Hoc|x86.ActiveCfg = Ad-Hoc|Any CPU
		{25EBD749-41A5-462A-A2DA-8BEBB5EB02BE}.Ad-Hoc|x86.Build.0 = Ad-Hoc|Any CPU
		{25EBD749-41A5-462A-A2DA-8BEBB5EB02BE}.AppStore|Any CPU.ActiveCfg = AppStore|iPhone
		{25EBD749-41A5-462A-A2DA-8BEBB5EB02BE}.AppStore|ARM.ActiveCfg = AppStore|Any CPU
		{25EBD749-41A5-462A-A2DA-8BEBB5EB02BE}.AppStore|ARM.Build.0 = AppStore|Any CPU
		{25EBD749-41A5-462A-A2DA-8BEBB5EB02BE}.AppStore|iPhone.ActiveCfg = AppStore|iPhone
		{25EBD749-41A5-462A-A2DA-8BEBB5EB02BE}.AppStore|iPhone.Build.0 = AppStore|iPhone
		{25EBD749-41A5-462A-A2DA-8BEBB5EB02BE}.AppStore|iPhoneSimulator.ActiveCfg = AppStore|iPhone
		{25EBD749-41A5-462A-A2DA-8BEBB5EB02BE}.AppStore|x64.ActiveCfg = AppStore|Any CPU
		{25EBD749-41A5-462A-A2DA-8BEBB5EB02BE}.AppStore|x64.Build.0 = AppStore|Any CPU
		{25EBD749-41A5-462A-A2DA-8BEBB5EB02BE}.AppStore|x86.ActiveCfg = AppStore|Any CPU
		{25EBD749-41A5-462A-A2DA-8BEBB5EB02BE}.AppStore|x86.Build.0 = AppStore|Any CPU
		{25EBD749-41A5-462A-A2DA-8BEBB5EB02BE}.Debug|Any CPU.ActiveCfg = Debug|iPhoneSimulator
		{25EBD749-41A5-462A-A2DA-8BEBB5EB02BE}.Debug|Any CPU.Build.0 = Debug|iPhoneSimulator
		{25EBD749-41A5-462A-A2DA-8BEBB5EB02BE}.Debug|ARM.ActiveCfg = Debug|Any CPU
		{25EBD749-41A5-462A-A2DA-8BEBB5EB02BE}.Debug|ARM.Build.0 = Debug|Any CPU
		{25EBD749-41A5-462A-A2DA-8BEBB5EB02BE}.Debug|iPhone.ActiveCfg = Debug|iPhone
		{25EBD749-41A5-462A-A2DA-8BEBB5EB02BE}.Debug|iPhone.Build.0 = Debug|iPhone
		{25EBD749-41A5-462A-A2DA-8BEBB5EB02BE}.Debug|iPhoneSimulator.ActiveCfg = Debug|iPhoneSimulator
		{25EBD749-41A5-462A-A2DA-8BEBB5EB02BE}.Debug|iPhoneSimulator.Build.0 = Debug|iPhoneSimulator
		{25EBD749-41A5-462A-A2DA-8BEBB5EB02BE}.Debug|x64.ActiveCfg = Debug|Any CPU
		{25EBD749-41A5-462A-A2DA-8BEBB5EB02BE}.Debug|x64.Build.0 = Debug|Any CPU
		{25EBD749-41A5-462A-A2DA-8BEBB5EB02BE}.Debug|x86.ActiveCfg = Debug|Any CPU
		{25EBD749-41A5-462A-A2DA-8BEBB5EB02BE}.Debug|x86.Build.0 = Debug|Any CPU
		{25EBD749-41A5-462A-A2DA-8BEBB5EB02BE}.Release|Any CPU.ActiveCfg = Release-xml|Any CPU
		{25EBD749-41A5-462A-A2DA-8BEBB5EB02BE}.Release|Any CPU.Build.0 = Release-xml|Any CPU
		{25EBD749-41A5-462A-A2DA-8BEBB5EB02BE}.Release|ARM.ActiveCfg = Release|Any CPU
		{25EBD749-41A5-462A-A2DA-8BEBB5EB02BE}.Release|ARM.Build.0 = Release|Any CPU
		{25EBD749-41A5-462A-A2DA-8BEBB5EB02BE}.Release|iPhone.ActiveCfg = Release|iPhone
		{25EBD749-41A5-462A-A2DA-8BEBB5EB02BE}.Release|iPhone.Build.0 = Release|iPhone
		{25EBD749-41A5-462A-A2DA-8BEBB5EB02BE}.Release|iPhoneSimulator.ActiveCfg = Release|iPhoneSimulator
		{25EBD749-41A5-462A-A2DA-8BEBB5EB02BE}.Release|iPhoneSimulator.Build.0 = Release|iPhoneSimulator
		{25EBD749-41A5-462A-A2DA-8BEBB5EB02BE}.Release|x64.ActiveCfg = Release|Any CPU
		{25EBD749-41A5-462A-A2DA-8BEBB5EB02BE}.Release|x64.Build.0 = Release|Any CPU
		{25EBD749-41A5-462A-A2DA-8BEBB5EB02BE}.Release|x86.ActiveCfg = Release|Any CPU
		{25EBD749-41A5-462A-A2DA-8BEBB5EB02BE}.Release|x86.Build.0 = Release|Any CPU
		{25EBD749-41A5-462A-A2DA-8BEBB5EB02BE}.Release-xml|Any CPU.ActiveCfg = Release-xml|Any CPU
		{25EBD749-41A5-462A-A2DA-8BEBB5EB02BE}.Release-xml|Any CPU.Build.0 = Release-xml|Any CPU
		{25EBD749-41A5-462A-A2DA-8BEBB5EB02BE}.Release-xml|ARM.ActiveCfg = Release-xml|Any CPU
		{25EBD749-41A5-462A-A2DA-8BEBB5EB02BE}.Release-xml|ARM.Build.0 = Release-xml|Any CPU
		{25EBD749-41A5-462A-A2DA-8BEBB5EB02BE}.Release-xml|iPhone.ActiveCfg = Release-xml|iPhone
		{25EBD749-41A5-462A-A2DA-8BEBB5EB02BE}.Release-xml|iPhone.Build.0 = Release-xml|iPhone
		{25EBD749-41A5-462A-A2DA-8BEBB5EB02BE}.Release-xml|iPhoneSimulator.ActiveCfg = Release-xml|iPhoneSimulator
		{25EBD749-41A5-462A-A2DA-8BEBB5EB02BE}.Release-xml|iPhoneSimulator.Build.0 = Release-xml|iPhoneSimulator
		{25EBD749-41A5-462A-A2DA-8BEBB5EB02BE}.Release-xml|x64.ActiveCfg = Release-xml|Any CPU
		{25EBD749-41A5-462A-A2DA-8BEBB5EB02BE}.Release-xml|x64.Build.0 = Release-xml|Any CPU
		{25EBD749-41A5-462A-A2DA-8BEBB5EB02BE}.Release-xml|x86.ActiveCfg = Release-xml|Any CPU
		{25EBD749-41A5-462A-A2DA-8BEBB5EB02BE}.Release-xml|x86.Build.0 = Release-xml|Any CPU
		{69AF2D54-9C72-4149-B566-C712585493D4}.Ad-Hoc|Any CPU.ActiveCfg = Release|Any CPU
		{69AF2D54-9C72-4149-B566-C712585493D4}.Ad-Hoc|ARM.ActiveCfg = Release|Any CPU
		{69AF2D54-9C72-4149-B566-C712585493D4}.Ad-Hoc|ARM.Build.0 = Release|Any CPU
		{69AF2D54-9C72-4149-B566-C712585493D4}.Ad-Hoc|ARM.Deploy.0 = Release|Any CPU
		{69AF2D54-9C72-4149-B566-C712585493D4}.Ad-Hoc|iPhone.ActiveCfg = Debug|Any CPU
		{69AF2D54-9C72-4149-B566-C712585493D4}.Ad-Hoc|iPhone.Build.0 = Debug|Any CPU
		{69AF2D54-9C72-4149-B566-C712585493D4}.Ad-Hoc|iPhoneSimulator.ActiveCfg = Release|Any CPU
		{69AF2D54-9C72-4149-B566-C712585493D4}.Ad-Hoc|x64.ActiveCfg = Release|Any CPU
		{69AF2D54-9C72-4149-B566-C712585493D4}.Ad-Hoc|x64.Build.0 = Release|Any CPU
		{69AF2D54-9C72-4149-B566-C712585493D4}.Ad-Hoc|x64.Deploy.0 = Release|Any CPU
		{69AF2D54-9C72-4149-B566-C712585493D4}.Ad-Hoc|x86.ActiveCfg = Release|Any CPU
		{69AF2D54-9C72-4149-B566-C712585493D4}.Ad-Hoc|x86.Build.0 = Release|Any CPU
		{69AF2D54-9C72-4149-B566-C712585493D4}.Ad-Hoc|x86.Deploy.0 = Release|Any CPU
		{69AF2D54-9C72-4149-B566-C712585493D4}.AppStore|Any CPU.ActiveCfg = Release|Any CPU
		{69AF2D54-9C72-4149-B566-C712585493D4}.AppStore|ARM.ActiveCfg = Release|Any CPU
		{69AF2D54-9C72-4149-B566-C712585493D4}.AppStore|ARM.Build.0 = Release|Any CPU
		{69AF2D54-9C72-4149-B566-C712585493D4}.AppStore|ARM.Deploy.0 = Release|Any CPU
		{69AF2D54-9C72-4149-B566-C712585493D4}.AppStore|iPhone.ActiveCfg = Debug|Any CPU
		{69AF2D54-9C72-4149-B566-C712585493D4}.AppStore|iPhone.Build.0 = Debug|Any CPU
		{69AF2D54-9C72-4149-B566-C712585493D4}.AppStore|iPhoneSimulator.ActiveCfg = Release|Any CPU
		{69AF2D54-9C72-4149-B566-C712585493D4}.AppStore|x64.ActiveCfg = Release|Any CPU
		{69AF2D54-9C72-4149-B566-C712585493D4}.AppStore|x64.Build.0 = Release|Any CPU
		{69AF2D54-9C72-4149-B566-C712585493D4}.AppStore|x64.Deploy.0 = Release|Any CPU
		{69AF2D54-9C72-4149-B566-C712585493D4}.AppStore|x86.ActiveCfg = Release|Any CPU
		{69AF2D54-9C72-4149-B566-C712585493D4}.AppStore|x86.Build.0 = Release|Any CPU
		{69AF2D54-9C72-4149-B566-C712585493D4}.AppStore|x86.Deploy.0 = Release|Any CPU
		{69AF2D54-9C72-4149-B566-C712585493D4}.Debug|Any CPU.ActiveCfg = Debug|Any CPU
		{69AF2D54-9C72-4149-B566-C712585493D4}.Debug|Any CPU.Build.0 = Debug|Any CPU
		{69AF2D54-9C72-4149-B566-C712585493D4}.Debug|Any CPU.Deploy.0 = Debug|Any CPU
		{69AF2D54-9C72-4149-B566-C712585493D4}.Debug|ARM.ActiveCfg = Debug|Any CPU
		{69AF2D54-9C72-4149-B566-C712585493D4}.Debug|ARM.Build.0 = Debug|Any CPU
		{69AF2D54-9C72-4149-B566-C712585493D4}.Debug|ARM.Deploy.0 = Debug|Any CPU
		{69AF2D54-9C72-4149-B566-C712585493D4}.Debug|iPhone.ActiveCfg = Debug|Any CPU
		{69AF2D54-9C72-4149-B566-C712585493D4}.Debug|iPhone.Build.0 = Debug|Any CPU
		{69AF2D54-9C72-4149-B566-C712585493D4}.Debug|iPhoneSimulator.ActiveCfg = Debug|Any CPU
		{69AF2D54-9C72-4149-B566-C712585493D4}.Debug|iPhoneSimulator.Build.0 = Debug|Any CPU
		{69AF2D54-9C72-4149-B566-C712585493D4}.Debug|x64.ActiveCfg = Debug|Any CPU
		{69AF2D54-9C72-4149-B566-C712585493D4}.Debug|x64.Build.0 = Debug|Any CPU
		{69AF2D54-9C72-4149-B566-C712585493D4}.Debug|x64.Deploy.0 = Debug|Any CPU
		{69AF2D54-9C72-4149-B566-C712585493D4}.Debug|x86.ActiveCfg = Debug|Any CPU
		{69AF2D54-9C72-4149-B566-C712585493D4}.Debug|x86.Build.0 = Debug|Any CPU
		{69AF2D54-9C72-4149-B566-C712585493D4}.Debug|x86.Deploy.0 = Debug|Any CPU
		{69AF2D54-9C72-4149-B566-C712585493D4}.Release|Any CPU.ActiveCfg = Release|Any CPU
		{69AF2D54-9C72-4149-B566-C712585493D4}.Release|Any CPU.Build.0 = Release|Any CPU
		{69AF2D54-9C72-4149-B566-C712585493D4}.Release|Any CPU.Deploy.0 = Release|Any CPU
		{69AF2D54-9C72-4149-B566-C712585493D4}.Release|ARM.ActiveCfg = Release|Any CPU
		{69AF2D54-9C72-4149-B566-C712585493D4}.Release|ARM.Build.0 = Release|Any CPU
		{69AF2D54-9C72-4149-B566-C712585493D4}.Release|ARM.Deploy.0 = Release|Any CPU
		{69AF2D54-9C72-4149-B566-C712585493D4}.Release|iPhone.ActiveCfg = Release|Any CPU
		{69AF2D54-9C72-4149-B566-C712585493D4}.Release|iPhone.Build.0 = Release|Any CPU
		{69AF2D54-9C72-4149-B566-C712585493D4}.Release|iPhoneSimulator.ActiveCfg = Release|Any CPU
		{69AF2D54-9C72-4149-B566-C712585493D4}.Release|iPhoneSimulator.Build.0 = Release|Any CPU
		{69AF2D54-9C72-4149-B566-C712585493D4}.Release|x64.ActiveCfg = Release|Any CPU
		{69AF2D54-9C72-4149-B566-C712585493D4}.Release|x64.Build.0 = Release|Any CPU
		{69AF2D54-9C72-4149-B566-C712585493D4}.Release|x64.Deploy.0 = Release|Any CPU
		{69AF2D54-9C72-4149-B566-C712585493D4}.Release|x86.ActiveCfg = Release|Any CPU
		{69AF2D54-9C72-4149-B566-C712585493D4}.Release|x86.Build.0 = Release|Any CPU
		{69AF2D54-9C72-4149-B566-C712585493D4}.Release|x86.Deploy.0 = Release|Any CPU
		{69AF2D54-9C72-4149-B566-C712585493D4}.Release-xml|Any CPU.ActiveCfg = Release|Any CPU
		{69AF2D54-9C72-4149-B566-C712585493D4}.Release-xml|Any CPU.Build.0 = Release|Any CPU
		{69AF2D54-9C72-4149-B566-C712585493D4}.Release-xml|Any CPU.Deploy.0 = Release|Any CPU
		{69AF2D54-9C72-4149-B566-C712585493D4}.Release-xml|ARM.ActiveCfg = Release|Any CPU
		{69AF2D54-9C72-4149-B566-C712585493D4}.Release-xml|ARM.Build.0 = Release|Any CPU
		{69AF2D54-9C72-4149-B566-C712585493D4}.Release-xml|ARM.Deploy.0 = Release|Any CPU
		{69AF2D54-9C72-4149-B566-C712585493D4}.Release-xml|iPhone.ActiveCfg = Release|Any CPU
		{69AF2D54-9C72-4149-B566-C712585493D4}.Release-xml|iPhone.Build.0 = Release|Any CPU
		{69AF2D54-9C72-4149-B566-C712585493D4}.Release-xml|iPhoneSimulator.ActiveCfg = Release|Any CPU
		{69AF2D54-9C72-4149-B566-C712585493D4}.Release-xml|iPhoneSimulator.Build.0 = Release|Any CPU
		{69AF2D54-9C72-4149-B566-C712585493D4}.Release-xml|x64.ActiveCfg = Release|Any CPU
		{69AF2D54-9C72-4149-B566-C712585493D4}.Release-xml|x64.Build.0 = Release|Any CPU
		{69AF2D54-9C72-4149-B566-C712585493D4}.Release-xml|x64.Deploy.0 = Release|Any CPU
		{69AF2D54-9C72-4149-B566-C712585493D4}.Release-xml|x86.ActiveCfg = Release|Any CPU
		{69AF2D54-9C72-4149-B566-C712585493D4}.Release-xml|x86.Build.0 = Release|Any CPU
		{69AF2D54-9C72-4149-B566-C712585493D4}.Release-xml|x86.Deploy.0 = Release|Any CPU
		{27BE4752-ADC6-4F88-95B5-6C5157A49D73}.Ad-Hoc|Any CPU.ActiveCfg = Release-xml|Any CPU
		{27BE4752-ADC6-4F88-95B5-6C5157A49D73}.Ad-Hoc|Any CPU.Build.0 = Release-xml|Any CPU
		{27BE4752-ADC6-4F88-95B5-6C5157A49D73}.Ad-Hoc|ARM.ActiveCfg = Release-xml|ARM
		{27BE4752-ADC6-4F88-95B5-6C5157A49D73}.Ad-Hoc|ARM.Build.0 = Release-xml|ARM
		{27BE4752-ADC6-4F88-95B5-6C5157A49D73}.Ad-Hoc|iPhone.ActiveCfg = Release-xml|Any CPU
		{27BE4752-ADC6-4F88-95B5-6C5157A49D73}.Ad-Hoc|iPhone.Build.0 = Release-xml|Any CPU
		{27BE4752-ADC6-4F88-95B5-6C5157A49D73}.Ad-Hoc|iPhoneSimulator.ActiveCfg = Release-xml|Any CPU
		{27BE4752-ADC6-4F88-95B5-6C5157A49D73}.Ad-Hoc|iPhoneSimulator.Build.0 = Release-xml|Any CPU
		{27BE4752-ADC6-4F88-95B5-6C5157A49D73}.Ad-Hoc|x64.ActiveCfg = Release-xml|x64
		{27BE4752-ADC6-4F88-95B5-6C5157A49D73}.Ad-Hoc|x64.Build.0 = Release-xml|x64
		{27BE4752-ADC6-4F88-95B5-6C5157A49D73}.Ad-Hoc|x86.ActiveCfg = Release-xml|x86
		{27BE4752-ADC6-4F88-95B5-6C5157A49D73}.Ad-Hoc|x86.Build.0 = Release-xml|x86
		{27BE4752-ADC6-4F88-95B5-6C5157A49D73}.AppStore|Any CPU.ActiveCfg = Release-xml|Any CPU
		{27BE4752-ADC6-4F88-95B5-6C5157A49D73}.AppStore|Any CPU.Build.0 = Release-xml|Any CPU
		{27BE4752-ADC6-4F88-95B5-6C5157A49D73}.AppStore|ARM.ActiveCfg = Release-xml|ARM
		{27BE4752-ADC6-4F88-95B5-6C5157A49D73}.AppStore|ARM.Build.0 = Release-xml|ARM
		{27BE4752-ADC6-4F88-95B5-6C5157A49D73}.AppStore|iPhone.ActiveCfg = Release-xml|Any CPU
		{27BE4752-ADC6-4F88-95B5-6C5157A49D73}.AppStore|iPhone.Build.0 = Release-xml|Any CPU
		{27BE4752-ADC6-4F88-95B5-6C5157A49D73}.AppStore|iPhoneSimulator.ActiveCfg = Release-xml|Any CPU
		{27BE4752-ADC6-4F88-95B5-6C5157A49D73}.AppStore|iPhoneSimulator.Build.0 = Release-xml|Any CPU
		{27BE4752-ADC6-4F88-95B5-6C5157A49D73}.AppStore|x64.ActiveCfg = Release-xml|x64
		{27BE4752-ADC6-4F88-95B5-6C5157A49D73}.AppStore|x64.Build.0 = Release-xml|x64
		{27BE4752-ADC6-4F88-95B5-6C5157A49D73}.AppStore|x86.ActiveCfg = Release-xml|x86
		{27BE4752-ADC6-4F88-95B5-6C5157A49D73}.AppStore|x86.Build.0 = Release-xml|x86
		{27BE4752-ADC6-4F88-95B5-6C5157A49D73}.Debug|Any CPU.ActiveCfg = Debug|Any CPU
		{27BE4752-ADC6-4F88-95B5-6C5157A49D73}.Debug|Any CPU.Build.0 = Debug|Any CPU
		{27BE4752-ADC6-4F88-95B5-6C5157A49D73}.Debug|ARM.ActiveCfg = Debug|ARM
		{27BE4752-ADC6-4F88-95B5-6C5157A49D73}.Debug|ARM.Build.0 = Debug|ARM
		{27BE4752-ADC6-4F88-95B5-6C5157A49D73}.Debug|iPhone.ActiveCfg = Debug|Any CPU
		{27BE4752-ADC6-4F88-95B5-6C5157A49D73}.Debug|iPhone.Build.0 = Debug|Any CPU
		{27BE4752-ADC6-4F88-95B5-6C5157A49D73}.Debug|iPhoneSimulator.ActiveCfg = Debug|Any CPU
		{27BE4752-ADC6-4F88-95B5-6C5157A49D73}.Debug|iPhoneSimulator.Build.0 = Debug|Any CPU
		{27BE4752-ADC6-4F88-95B5-6C5157A49D73}.Debug|x64.ActiveCfg = Debug|x64
		{27BE4752-ADC6-4F88-95B5-6C5157A49D73}.Debug|x64.Build.0 = Debug|x64
		{27BE4752-ADC6-4F88-95B5-6C5157A49D73}.Debug|x86.ActiveCfg = Debug|x86
		{27BE4752-ADC6-4F88-95B5-6C5157A49D73}.Debug|x86.Build.0 = Debug|x86
		{27BE4752-ADC6-4F88-95B5-6C5157A49D73}.Release|Any CPU.ActiveCfg = Release|Any CPU
		{27BE4752-ADC6-4F88-95B5-6C5157A49D73}.Release|Any CPU.Build.0 = Release|Any CPU
		{27BE4752-ADC6-4F88-95B5-6C5157A49D73}.Release|ARM.ActiveCfg = Release|ARM
		{27BE4752-ADC6-4F88-95B5-6C5157A49D73}.Release|ARM.Build.0 = Release|ARM
		{27BE4752-ADC6-4F88-95B5-6C5157A49D73}.Release|iPhone.ActiveCfg = Release|Any CPU
		{27BE4752-ADC6-4F88-95B5-6C5157A49D73}.Release|iPhone.Build.0 = Release|Any CPU
		{27BE4752-ADC6-4F88-95B5-6C5157A49D73}.Release|iPhoneSimulator.ActiveCfg = Release|Any CPU
		{27BE4752-ADC6-4F88-95B5-6C5157A49D73}.Release|iPhoneSimulator.Build.0 = Release|Any CPU
		{27BE4752-ADC6-4F88-95B5-6C5157A49D73}.Release|x64.ActiveCfg = Release|x64
		{27BE4752-ADC6-4F88-95B5-6C5157A49D73}.Release|x64.Build.0 = Release|x64
		{27BE4752-ADC6-4F88-95B5-6C5157A49D73}.Release|x86.ActiveCfg = Release|x86
		{27BE4752-ADC6-4F88-95B5-6C5157A49D73}.Release|x86.Build.0 = Release|x86
		{27BE4752-ADC6-4F88-95B5-6C5157A49D73}.Release-xml|Any CPU.ActiveCfg = Release-xml|Any CPU
		{27BE4752-ADC6-4F88-95B5-6C5157A49D73}.Release-xml|Any CPU.Build.0 = Release-xml|Any CPU
		{27BE4752-ADC6-4F88-95B5-6C5157A49D73}.Release-xml|ARM.ActiveCfg = Release-xml|ARM
		{27BE4752-ADC6-4F88-95B5-6C5157A49D73}.Release-xml|ARM.Build.0 = Release-xml|ARM
		{27BE4752-ADC6-4F88-95B5-6C5157A49D73}.Release-xml|iPhone.ActiveCfg = Release-xml|Any CPU
		{27BE4752-ADC6-4F88-95B5-6C5157A49D73}.Release-xml|iPhone.Build.0 = Release-xml|Any CPU
		{27BE4752-ADC6-4F88-95B5-6C5157A49D73}.Release-xml|iPhoneSimulator.ActiveCfg = Release-xml|Any CPU
		{27BE4752-ADC6-4F88-95B5-6C5157A49D73}.Release-xml|iPhoneSimulator.Build.0 = Release-xml|Any CPU
		{27BE4752-ADC6-4F88-95B5-6C5157A49D73}.Release-xml|x64.ActiveCfg = Release-xml|x64
		{27BE4752-ADC6-4F88-95B5-6C5157A49D73}.Release-xml|x64.Build.0 = Release-xml|x64
		{27BE4752-ADC6-4F88-95B5-6C5157A49D73}.Release-xml|x86.ActiveCfg = Release-xml|x86
		{27BE4752-ADC6-4F88-95B5-6C5157A49D73}.Release-xml|x86.Build.0 = Release-xml|x86
		{FC0A3342-6404-4111-A678-D82DBAAB0157}.Ad-Hoc|Any CPU.ActiveCfg = Release|x64
		{FC0A3342-6404-4111-A678-D82DBAAB0157}.Ad-Hoc|Any CPU.Build.0 = Release|x64
		{FC0A3342-6404-4111-A678-D82DBAAB0157}.Ad-Hoc|Any CPU.Deploy.0 = Release|x64
		{FC0A3342-6404-4111-A678-D82DBAAB0157}.Ad-Hoc|ARM.ActiveCfg = Release|ARM
		{FC0A3342-6404-4111-A678-D82DBAAB0157}.Ad-Hoc|ARM.Build.0 = Release|ARM
		{FC0A3342-6404-4111-A678-D82DBAAB0157}.Ad-Hoc|ARM.Deploy.0 = Release|ARM
		{FC0A3342-6404-4111-A678-D82DBAAB0157}.Ad-Hoc|iPhone.ActiveCfg = Release|x64
		{FC0A3342-6404-4111-A678-D82DBAAB0157}.Ad-Hoc|iPhone.Build.0 = Release|x64
		{FC0A3342-6404-4111-A678-D82DBAAB0157}.Ad-Hoc|iPhone.Deploy.0 = Release|x64
		{FC0A3342-6404-4111-A678-D82DBAAB0157}.Ad-Hoc|iPhoneSimulator.ActiveCfg = Release|x64
		{FC0A3342-6404-4111-A678-D82DBAAB0157}.Ad-Hoc|iPhoneSimulator.Build.0 = Release|x64
		{FC0A3342-6404-4111-A678-D82DBAAB0157}.Ad-Hoc|iPhoneSimulator.Deploy.0 = Release|x64
		{FC0A3342-6404-4111-A678-D82DBAAB0157}.Ad-Hoc|x64.ActiveCfg = Release|x64
		{FC0A3342-6404-4111-A678-D82DBAAB0157}.Ad-Hoc|x64.Build.0 = Release|x64
		{FC0A3342-6404-4111-A678-D82DBAAB0157}.Ad-Hoc|x64.Deploy.0 = Release|x64
		{FC0A3342-6404-4111-A678-D82DBAAB0157}.Ad-Hoc|x86.ActiveCfg = Release|x86
		{FC0A3342-6404-4111-A678-D82DBAAB0157}.Ad-Hoc|x86.Build.0 = Release|x86
		{FC0A3342-6404-4111-A678-D82DBAAB0157}.Ad-Hoc|x86.Deploy.0 = Release|x86
		{FC0A3342-6404-4111-A678-D82DBAAB0157}.AppStore|Any CPU.ActiveCfg = Release|x64
		{FC0A3342-6404-4111-A678-D82DBAAB0157}.AppStore|Any CPU.Build.0 = Release|x64
		{FC0A3342-6404-4111-A678-D82DBAAB0157}.AppStore|Any CPU.Deploy.0 = Release|x64
		{FC0A3342-6404-4111-A678-D82DBAAB0157}.AppStore|ARM.ActiveCfg = Release|ARM
		{FC0A3342-6404-4111-A678-D82DBAAB0157}.AppStore|ARM.Build.0 = Release|ARM
		{FC0A3342-6404-4111-A678-D82DBAAB0157}.AppStore|ARM.Deploy.0 = Release|ARM
		{FC0A3342-6404-4111-A678-D82DBAAB0157}.AppStore|iPhone.ActiveCfg = Release|x64
		{FC0A3342-6404-4111-A678-D82DBAAB0157}.AppStore|iPhone.Build.0 = Release|x64
		{FC0A3342-6404-4111-A678-D82DBAAB0157}.AppStore|iPhone.Deploy.0 = Release|x64
		{FC0A3342-6404-4111-A678-D82DBAAB0157}.AppStore|iPhoneSimulator.ActiveCfg = Release|x64
		{FC0A3342-6404-4111-A678-D82DBAAB0157}.AppStore|iPhoneSimulator.Build.0 = Release|x64
		{FC0A3342-6404-4111-A678-D82DBAAB0157}.AppStore|iPhoneSimulator.Deploy.0 = Release|x64
		{FC0A3342-6404-4111-A678-D82DBAAB0157}.AppStore|x64.ActiveCfg = Release|x64
		{FC0A3342-6404-4111-A678-D82DBAAB0157}.AppStore|x64.Build.0 = Release|x64
		{FC0A3342-6404-4111-A678-D82DBAAB0157}.AppStore|x64.Deploy.0 = Release|x64
		{FC0A3342-6404-4111-A678-D82DBAAB0157}.AppStore|x86.ActiveCfg = Release|x86
		{FC0A3342-6404-4111-A678-D82DBAAB0157}.AppStore|x86.Build.0 = Release|x86
		{FC0A3342-6404-4111-A678-D82DBAAB0157}.AppStore|x86.Deploy.0 = Release|x86
		{FC0A3342-6404-4111-A678-D82DBAAB0157}.Debug|Any CPU.ActiveCfg = Debug|x86
		{FC0A3342-6404-4111-A678-D82DBAAB0157}.Debug|Any CPU.Build.0 = Debug|x86
		{FC0A3342-6404-4111-A678-D82DBAAB0157}.Debug|Any CPU.Deploy.0 = Debug|x86
		{FC0A3342-6404-4111-A678-D82DBAAB0157}.Debug|ARM.ActiveCfg = Debug|ARM
		{FC0A3342-6404-4111-A678-D82DBAAB0157}.Debug|ARM.Build.0 = Debug|ARM
		{FC0A3342-6404-4111-A678-D82DBAAB0157}.Debug|ARM.Deploy.0 = Debug|ARM
		{FC0A3342-6404-4111-A678-D82DBAAB0157}.Debug|iPhone.ActiveCfg = Debug|x86
		{FC0A3342-6404-4111-A678-D82DBAAB0157}.Debug|iPhoneSimulator.ActiveCfg = Debug|x86
		{FC0A3342-6404-4111-A678-D82DBAAB0157}.Debug|x64.ActiveCfg = Debug|x64
		{FC0A3342-6404-4111-A678-D82DBAAB0157}.Debug|x64.Build.0 = Debug|x64
		{FC0A3342-6404-4111-A678-D82DBAAB0157}.Debug|x64.Deploy.0 = Debug|x64
		{FC0A3342-6404-4111-A678-D82DBAAB0157}.Debug|x86.ActiveCfg = Debug|x86
		{FC0A3342-6404-4111-A678-D82DBAAB0157}.Debug|x86.Build.0 = Debug|x86
		{FC0A3342-6404-4111-A678-D82DBAAB0157}.Debug|x86.Deploy.0 = Debug|x86
		{FC0A3342-6404-4111-A678-D82DBAAB0157}.Release|Any CPU.ActiveCfg = Release|x86
		{FC0A3342-6404-4111-A678-D82DBAAB0157}.Release|Any CPU.Build.0 = Release|x86
		{FC0A3342-6404-4111-A678-D82DBAAB0157}.Release|Any CPU.Deploy.0 = Release|x86
		{FC0A3342-6404-4111-A678-D82DBAAB0157}.Release|ARM.ActiveCfg = Release|ARM
		{FC0A3342-6404-4111-A678-D82DBAAB0157}.Release|ARM.Build.0 = Release|ARM
		{FC0A3342-6404-4111-A678-D82DBAAB0157}.Release|ARM.Deploy.0 = Release|ARM
		{FC0A3342-6404-4111-A678-D82DBAAB0157}.Release|iPhone.ActiveCfg = Release|x86
		{FC0A3342-6404-4111-A678-D82DBAAB0157}.Release|iPhoneSimulator.ActiveCfg = Release|x86
		{FC0A3342-6404-4111-A678-D82DBAAB0157}.Release|x64.ActiveCfg = Release|x64
		{FC0A3342-6404-4111-A678-D82DBAAB0157}.Release|x64.Build.0 = Release|x64
		{FC0A3342-6404-4111-A678-D82DBAAB0157}.Release|x64.Deploy.0 = Release|x64
		{FC0A3342-6404-4111-A678-D82DBAAB0157}.Release|x86.ActiveCfg = Release|x86
		{FC0A3342-6404-4111-A678-D82DBAAB0157}.Release|x86.Build.0 = Release|x86
		{FC0A3342-6404-4111-A678-D82DBAAB0157}.Release|x86.Deploy.0 = Release|x86
		{FC0A3342-6404-4111-A678-D82DBAAB0157}.Release-xml|Any CPU.ActiveCfg = Release|x64
		{FC0A3342-6404-4111-A678-D82DBAAB0157}.Release-xml|Any CPU.Build.0 = Release|x64
		{FC0A3342-6404-4111-A678-D82DBAAB0157}.Release-xml|Any CPU.Deploy.0 = Release|x64
		{FC0A3342-6404-4111-A678-D82DBAAB0157}.Release-xml|ARM.ActiveCfg = Release|ARM
		{FC0A3342-6404-4111-A678-D82DBAAB0157}.Release-xml|ARM.Build.0 = Release|ARM
		{FC0A3342-6404-4111-A678-D82DBAAB0157}.Release-xml|ARM.Deploy.0 = Release|ARM
		{FC0A3342-6404-4111-A678-D82DBAAB0157}.Release-xml|iPhone.ActiveCfg = Release|x64
		{FC0A3342-6404-4111-A678-D82DBAAB0157}.Release-xml|iPhone.Build.0 = Release|x64
		{FC0A3342-6404-4111-A678-D82DBAAB0157}.Release-xml|iPhone.Deploy.0 = Release|x64
		{FC0A3342-6404-4111-A678-D82DBAAB0157}.Release-xml|iPhoneSimulator.ActiveCfg = Release|x64
		{FC0A3342-6404-4111-A678-D82DBAAB0157}.Release-xml|iPhoneSimulator.Build.0 = Release|x64
		{FC0A3342-6404-4111-A678-D82DBAAB0157}.Release-xml|iPhoneSimulator.Deploy.0 = Release|x64
		{FC0A3342-6404-4111-A678-D82DBAAB0157}.Release-xml|x64.ActiveCfg = Release|x64
		{FC0A3342-6404-4111-A678-D82DBAAB0157}.Release-xml|x64.Build.0 = Release|x64
		{FC0A3342-6404-4111-A678-D82DBAAB0157}.Release-xml|x64.Deploy.0 = Release|x64
		{FC0A3342-6404-4111-A678-D82DBAAB0157}.Release-xml|x86.ActiveCfg = Release|x86
		{FC0A3342-6404-4111-A678-D82DBAAB0157}.Release-xml|x86.Build.0 = Release|x86
		{FC0A3342-6404-4111-A678-D82DBAAB0157}.Release-xml|x86.Deploy.0 = Release|x86
	EndGlobalSection
	GlobalSection(SolutionProperties) = preSolution
		HideSolutionNode = FALSE
	EndGlobalSection
	GlobalSection(NestedProjects) = preSolution
		{4880E1CC-531B-4357-B029-61E761FF0C54} = {4D470BE7-BBF3-45B1-80DE-19DD790336F1}
		{69AF2D54-9C72-4149-B566-C712585493D4} = {4D470BE7-BBF3-45B1-80DE-19DD790336F1}
		{9140F0A1-A6E1-4ACF-9EFE-502B13BF5C31} = {4D470BE7-BBF3-45B1-80DE-19DD790336F1}
		{FC0A3342-6404-4111-A678-D82DBAAB0157} = {4D470BE7-BBF3-45B1-80DE-19DD790336F1}
		{E791D2A6-C148-49D9-87F1-B3CB6B195F0D} = {8C1F30DE-6F8B-41EA-ADF0-A9569D0835BD}
		{A258AB54-3FB7-41C1-8CDD-3B78CA5E4CD9} = {8C1F30DE-6F8B-41EA-ADF0-A9569D0835BD}
		{25EBD749-41A5-462A-A2DA-8BEBB5EB02BE} = {8C1F30DE-6F8B-41EA-ADF0-A9569D0835BD}
		{27BE4752-ADC6-4F88-95B5-6C5157A49D73} = {8C1F30DE-6F8B-41EA-ADF0-A9569D0835BD}
	EndGlobalSection
EndGlobal
