
Microsoft Visual Studio Solution File, Format Version 12.00
# Visual Studio 14
VisualStudioVersion = 14.0.25420.1
MinimumVisualStudioVersion = 10.0.40219.1
Project("{FAE04EC0-301F-11D3-BF4B-00C04F79EFBC}") = "SampleBrowser.SfAutoComplete", "SampleBrowser.SfAutoComplete\SampleBrowser.SfAutoComplete.csproj", "{4D47B3DD-D8F7-4D51-BACC-B462F188FD75}"
EndProject
Project("{FAE04EC0-301F-11D3-BF4B-00C04F79EFBC}") = "SampleBrowser.SfAutoComplete.Droid", "SampleBrowser.SfAutoComplete.Droid\SampleBrowser.SfAutoComplete.Droid.csproj", "{8436BFEE-6F0B-4A78-9A42-EDED45FC23F1}"
EndProject
Project("{FAE04EC0-301F-11D3-BF4B-00C04F79EFBC}") = "SampleBrowser.SfAutoComplete.iOS", "SampleBrowser.SfAutoComplete.iOS\SampleBrowser.SfAutoComplete.iOS.csproj", "{14A3FC00-10CB-4FF3-A832-EB7939596C53}"
EndProject
Project("{FAE04EC0-301F-11D3-BF4B-00C04F79EFBC}") = "SampleBrowser.SfAutoComplete.UWP", "SampleBrowser.SfAutoComplete.UWP\SampleBrowser.SfAutoComplete.UWP.csproj", "{4880E90F-AAB5-4EF1-8814-703B331A5432}"
EndProject
Global
	GlobalSection(SolutionConfigurationPlatforms) = preSolution
		Ad-Hoc|Any CPU = Ad-Hoc|Any CPU
		Ad-Hoc|ARM = Ad-Hoc|ARM
		Ad-Hoc|iPhone = Ad-Hoc|iPhone
		Ad-Hoc|iPhoneSimulator = Ad-Hoc|iPhoneSimulator
		Ad-Hoc|x64 = Ad-Hoc|x64
		Ad-Hoc|x86 = Ad-Hoc|x86
		AppStore|Any CPU = AppStore|Any CPU
		AppStore|ARM = AppStore|ARM
		AppStore|iPhone = AppStore|iPhone
		AppStore|iPhoneSimulator = AppStore|iPhoneSimulator
		AppStore|x64 = AppStore|x64
		AppStore|x86 = AppStore|x86
		Debug|Any CPU = Debug|Any CPU
		Debug|ARM = Debug|ARM
		Debug|iPhone = Debug|iPhone
		Debug|iPhoneSimulator = Debug|iPhoneSimulator
		Debug|x64 = Debug|x64
		Debug|x86 = Debug|x86
		Release|Any CPU = Release|Any CPU
		Release|ARM = Release|ARM
		Release|iPhone = Release|iPhone
		Release|iPhoneSimulator = Release|iPhoneSimulator
		Release|x64 = Release|x64
		Release|x86 = Release|x86
	EndGlobalSection
	GlobalSection(ProjectConfigurationPlatforms) = postSolution
		{8436BFEE-6F0B-4A78-9A42-EDED45FC23F1}.Ad-Hoc|Any CPU.ActiveCfg = Release|Any CPU
		{8436BFEE-6F0B-4A78-9A42-EDED45FC23F1}.Ad-Hoc|Any CPU.Build.0 = Release|Any CPU
		{8436BFEE-6F0B-4A78-9A42-EDED45FC23F1}.Ad-Hoc|Any CPU.Deploy.0 = Release|Any CPU
		{8436BFEE-6F0B-4A78-9A42-EDED45FC23F1}.Ad-Hoc|ARM.ActiveCfg = Release|Any CPU
		{8436BFEE-6F0B-4A78-9A42-EDED45FC23F1}.Ad-Hoc|ARM.Build.0 = Release|Any CPU
		{8436BFEE-6F0B-4A78-9A42-EDED45FC23F1}.Ad-Hoc|ARM.Deploy.0 = Release|Any CPU
		{8436BFEE-6F0B-4A78-9A42-EDED45FC23F1}.Ad-Hoc|iPhone.ActiveCfg = Release|Any CPU
		{8436BFEE-6F0B-4A78-9A42-EDED45FC23F1}.Ad-Hoc|iPhone.Build.0 = Release|Any CPU
		{8436BFEE-6F0B-4A78-9A42-EDED45FC23F1}.Ad-Hoc|iPhone.Deploy.0 = Release|Any CPU
		{8436BFEE-6F0B-4A78-9A42-EDED45FC23F1}.Ad-Hoc|iPhoneSimulator.ActiveCfg = Release|Any CPU
		{8436BFEE-6F0B-4A78-9A42-EDED45FC23F1}.Ad-Hoc|iPhoneSimulator.Build.0 = Release|Any CPU
		{8436BFEE-6F0B-4A78-9A42-EDED45FC23F1}.Ad-Hoc|iPhoneSimulator.Deploy.0 = Release|Any CPU
		{8436BFEE-6F0B-4A78-9A42-EDED45FC23F1}.Ad-Hoc|x64.ActiveCfg = Release|Any CPU
		{8436BFEE-6F0B-4A78-9A42-EDED45FC23F1}.Ad-Hoc|x64.Build.0 = Release|Any CPU
		{8436BFEE-6F0B-4A78-9A42-EDED45FC23F1}.Ad-Hoc|x64.Deploy.0 = Release|Any CPU
		{8436BFEE-6F0B-4A78-9A42-EDED45FC23F1}.Ad-Hoc|x86.ActiveCfg = Release|Any CPU
		{8436BFEE-6F0B-4A78-9A42-EDED45FC23F1}.Ad-Hoc|x86.Build.0 = Release|Any CPU
		{8436BFEE-6F0B-4A78-9A42-EDED45FC23F1}.Ad-Hoc|x86.Deploy.0 = Release|Any CPU
		{8436BFEE-6F0B-4A78-9A42-EDED45FC23F1}.AppStore|Any CPU.ActiveCfg = Release|Any CPU
		{8436BFEE-6F0B-4A78-9A42-EDED45FC23F1}.AppStore|Any CPU.Build.0 = Release|Any CPU
		{8436BFEE-6F0B-4A78-9A42-EDED45FC23F1}.AppStore|Any CPU.Deploy.0 = Release|Any CPU
		{8436BFEE-6F0B-4A78-9A42-EDED45FC23F1}.AppStore|ARM.ActiveCfg = Release|Any CPU
		{8436BFEE-6F0B-4A78-9A42-EDED45FC23F1}.AppStore|ARM.Build.0 = Release|Any CPU
		{8436BFEE-6F0B-4A78-9A42-EDED45FC23F1}.AppStore|ARM.Deploy.0 = Release|Any CPU
		{8436BFEE-6F0B-4A78-9A42-EDED45FC23F1}.AppStore|iPhone.ActiveCfg = Release|Any CPU
		{8436BFEE-6F0B-4A78-9A42-EDED45FC23F1}.AppStore|iPhone.Build.0 = Release|Any CPU
		{8436BFEE-6F0B-4A78-9A42-EDED45FC23F1}.AppStore|iPhone.Deploy.0 = Release|Any CPU
		{8436BFEE-6F0B-4A78-9A42-EDED45FC23F1}.AppStore|iPhoneSimulator.ActiveCfg = Release|Any CPU
		{8436BFEE-6F0B-4A78-9A42-EDED45FC23F1}.AppStore|iPhoneSimulator.Build.0 = Release|Any CPU
		{8436BFEE-6F0B-4A78-9A42-EDED45FC23F1}.AppStore|iPhoneSimulator.Deploy.0 = Release|Any CPU
		{8436BFEE-6F0B-4A78-9A42-EDED45FC23F1}.AppStore|x64.ActiveCfg = Release|Any CPU
		{8436BFEE-6F0B-4A78-9A42-EDED45FC23F1}.AppStore|x64.Build.0 = Release|Any CPU
		{8436BFEE-6F0B-4A78-9A42-EDED45FC23F1}.AppStore|x64.Deploy.0 = Release|Any CPU
		{8436BFEE-6F0B-4A78-9A42-EDED45FC23F1}.AppStore|x86.ActiveCfg = Release|Any CPU
		{8436BFEE-6F0B-4A78-9A42-EDED45FC23F1}.AppStore|x86.Build.0 = Release|Any CPU
		{8436BFEE-6F0B-4A78-9A42-EDED45FC23F1}.AppStore|x86.Deploy.0 = Release|Any CPU
		{8436BFEE-6F0B-4A78-9A42-EDED45FC23F1}.Debug|Any CPU.ActiveCfg = Debug|Any CPU
		{8436BFEE-6F0B-4A78-9A42-EDED45FC23F1}.Debug|Any CPU.Build.0 = Debug|Any CPU
		{8436BFEE-6F0B-4A78-9A42-EDED45FC23F1}.Debug|Any CPU.Deploy.0 = Debug|Any CPU
		{8436BFEE-6F0B-4A78-9A42-EDED45FC23F1}.Debug|ARM.ActiveCfg = Debug|Any CPU
		{8436BFEE-6F0B-4A78-9A42-EDED45FC23F1}.Debug|ARM.Build.0 = Debug|Any CPU
		{8436BFEE-6F0B-4A78-9A42-EDED45FC23F1}.Debug|ARM.Deploy.0 = Debug|Any CPU
		{8436BFEE-6F0B-4A78-9A42-EDED45FC23F1}.Debug|iPhone.ActiveCfg = Debug|Any CPU
		{8436BFEE-6F0B-4A78-9A42-EDED45FC23F1}.Debug|iPhone.Build.0 = Debug|Any CPU
		{8436BFEE-6F0B-4A78-9A42-EDED45FC23F1}.Debug|iPhone.Deploy.0 = Debug|Any CPU
		{8436BFEE-6F0B-4A78-9A42-EDED45FC23F1}.Debug|iPhoneSimulator.ActiveCfg = Debug|Any CPU
		{8436BFEE-6F0B-4A78-9A42-EDED45FC23F1}.Debug|iPhoneSimulator.Build.0 = Debug|Any CPU
		{8436BFEE-6F0B-4A78-9A42-EDED45FC23F1}.Debug|iPhoneSimulator.Deploy.0 = Debug|Any CPU
		{8436BFEE-6F0B-4A78-9A42-EDED45FC23F1}.Debug|x64.ActiveCfg = Debug|Any CPU
		{8436BFEE-6F0B-4A78-9A42-EDED45FC23F1}.Debug|x64.Build.0 = Debug|Any CPU
		{8436BFEE-6F0B-4A78-9A42-EDED45FC23F1}.Debug|x64.Deploy.0 = Debug|Any CPU
		{8436BFEE-6F0B-4A78-9A42-EDED45FC23F1}.Debug|x86.ActiveCfg = Debug|Any CPU
		{8436BFEE-6F0B-4A78-9A42-EDED45FC23F1}.Debug|x86.Build.0 = Debug|Any CPU
		{8436BFEE-6F0B-4A78-9A42-EDED45FC23F1}.Debug|x86.Deploy.0 = Debug|Any CPU
		{8436BFEE-6F0B-4A78-9A42-EDED45FC23F1}.Release|Any CPU.ActiveCfg = Release|Any CPU
		{8436BFEE-6F0B-4A78-9A42-EDED45FC23F1}.Release|Any CPU.Build.0 = Release|Any CPU
		{8436BFEE-6F0B-4A78-9A42-EDED45FC23F1}.Release|Any CPU.Deploy.0 = Release|Any CPU
		{8436BFEE-6F0B-4A78-9A42-EDED45FC23F1}.Release|ARM.ActiveCfg = Release|Any CPU
		{8436BFEE-6F0B-4A78-9A42-EDED45FC23F1}.Release|ARM.Build.0 = Release|Any CPU
		{8436BFEE-6F0B-4A78-9A42-EDED45FC23F1}.Release|ARM.Deploy.0 = Release|Any CPU
		{8436BFEE-6F0B-4A78-9A42-EDED45FC23F1}.Release|iPhone.ActiveCfg = Release|Any CPU
		{8436BFEE-6F0B-4A78-9A42-EDED45FC23F1}.Release|iPhone.Build.0 = Release|Any CPU
		{8436BFEE-6F0B-4A78-9A42-EDED45FC23F1}.Release|iPhone.Deploy.0 = Release|Any CPU
		{8436BFEE-6F0B-4A78-9A42-EDED45FC23F1}.Release|iPhoneSimulator.ActiveCfg = Release|Any CPU
		{8436BFEE-6F0B-4A78-9A42-EDED45FC23F1}.Release|iPhoneSimulator.Build.0 = Release|Any CPU
		{8436BFEE-6F0B-4A78-9A42-EDED45FC23F1}.Release|iPhoneSimulator.Deploy.0 = Release|Any CPU
		{8436BFEE-6F0B-4A78-9A42-EDED45FC23F1}.Release|x64.ActiveCfg = Release|Any CPU
		{8436BFEE-6F0B-4A78-9A42-EDED45FC23F1}.Release|x64.Build.0 = Release|Any CPU
		{8436BFEE-6F0B-4A78-9A42-EDED45FC23F1}.Release|x64.Deploy.0 = Release|Any CPU
		{8436BFEE-6F0B-4A78-9A42-EDED45FC23F1}.Release|x86.ActiveCfg = Release|Any CPU
		{8436BFEE-6F0B-4A78-9A42-EDED45FC23F1}.Release|x86.Build.0 = Release|Any CPU
		{8436BFEE-6F0B-4A78-9A42-EDED45FC23F1}.Release|x86.Deploy.0 = Release|Any CPU
		{4D47B3DD-D8F7-4D51-BACC-B462F188FD75}.Ad-Hoc|Any CPU.ActiveCfg = Release|Any CPU
		{4D47B3DD-D8F7-4D51-BACC-B462F188FD75}.Ad-Hoc|Any CPU.Build.0 = Release|Any CPU
		{4D47B3DD-D8F7-4D51-BACC-B462F188FD75}.Ad-Hoc|ARM.ActiveCfg = Release|Any CPU
		{4D47B3DD-D8F7-4D51-BACC-B462F188FD75}.Ad-Hoc|ARM.Build.0 = Release|Any CPU
		{4D47B3DD-D8F7-4D51-BACC-B462F188FD75}.Ad-Hoc|iPhone.ActiveCfg = Release|Any CPU
		{4D47B3DD-D8F7-4D51-BACC-B462F188FD75}.Ad-Hoc|iPhone.Build.0 = Release|Any CPU
		{4D47B3DD-D8F7-4D51-BACC-B462F188FD75}.Ad-Hoc|iPhoneSimulator.ActiveCfg = Release|Any CPU
		{4D47B3DD-D8F7-4D51-BACC-B462F188FD75}.Ad-Hoc|iPhoneSimulator.Build.0 = Release|Any CPU
		{4D47B3DD-D8F7-4D51-BACC-B462F188FD75}.Ad-Hoc|x64.ActiveCfg = Release|Any CPU
		{4D47B3DD-D8F7-4D51-BACC-B462F188FD75}.Ad-Hoc|x64.Build.0 = Release|Any CPU
		{4D47B3DD-D8F7-4D51-BACC-B462F188FD75}.Ad-Hoc|x86.ActiveCfg = Release|Any CPU
		{4D47B3DD-D8F7-4D51-BACC-B462F188FD75}.Ad-Hoc|x86.Build.0 = Release|Any CPU
		{4D47B3DD-D8F7-4D51-BACC-B462F188FD75}.AppStore|Any CPU.ActiveCfg = Release|Any CPU
		{4D47B3DD-D8F7-4D51-BACC-B462F188FD75}.AppStore|Any CPU.Build.0 = Release|Any CPU
		{4D47B3DD-D8F7-4D51-BACC-B462F188FD75}.AppStore|ARM.ActiveCfg = Release|Any CPU
		{4D47B3DD-D8F7-4D51-BACC-B462F188FD75}.AppStore|ARM.Build.0 = Release|Any CPU
		{4D47B3DD-D8F7-4D51-BACC-B462F188FD75}.AppStore|iPhone.ActiveCfg = Release|Any CPU
		{4D47B3DD-D8F7-4D51-BACC-B462F188FD75}.AppStore|iPhone.Build.0 = Release|Any CPU
		{4D47B3DD-D8F7-4D51-BACC-B462F188FD75}.AppStore|iPhoneSimulator.ActiveCfg = Release|Any CPU
		{4D47B3DD-D8F7-4D51-BACC-B462F188FD75}.AppStore|iPhoneSimulator.Build.0 = Release|Any CPU
		{4D47B3DD-D8F7-4D51-BACC-B462F188FD75}.AppStore|x64.ActiveCfg = Release|Any CPU
		{4D47B3DD-D8F7-4D51-BACC-B462F188FD75}.AppStore|x64.Build.0 = Release|Any CPU
		{4D47B3DD-D8F7-4D51-BACC-B462F188FD75}.AppStore|x86.ActiveCfg = Release|Any CPU
		{4D47B3DD-D8F7-4D51-BACC-B462F188FD75}.AppStore|x86.Build.0 = Release|Any CPU
		{4D47B3DD-D8F7-4D51-BACC-B462F188FD75}.Debug|Any CPU.ActiveCfg = Debug|Any CPU
		{4D47B3DD-D8F7-4D51-BACC-B462F188FD75}.Debug|Any CPU.Build.0 = Debug|Any CPU
		{4D47B3DD-D8F7-4D51-BACC-B462F188FD75}.Debug|Any CPU.Deploy.0 = Debug|Any CPU
		{4D47B3DD-D8F7-4D51-BACC-B462F188FD75}.Debug|ARM.ActiveCfg = Debug|Any CPU
		{4D47B3DD-D8F7-4D51-BACC-B462F188FD75}.Debug|ARM.Build.0 = Debug|Any CPU
		{4D47B3DD-D8F7-4D51-BACC-B462F188FD75}.Debug|iPhone.ActiveCfg = Debug|Any CPU
		{4D47B3DD-D8F7-4D51-BACC-B462F188FD75}.Debug|iPhone.Build.0 = Debug|Any CPU
		{4D47B3DD-D8F7-4D51-BACC-B462F188FD75}.Debug|iPhoneSimulator.ActiveCfg = Debug|Any CPU
		{4D47B3DD-D8F7-4D51-BACC-B462F188FD75}.Debug|iPhoneSimulator.Build.0 = Debug|Any CPU
		{4D47B3DD-D8F7-4D51-BACC-B462F188FD75}.Debug|x64.ActiveCfg = Debug|Any CPU
		{4D47B3DD-D8F7-4D51-BACC-B462F188FD75}.Debug|x64.Build.0 = Debug|Any CPU
		{4D47B3DD-D8F7-4D51-BACC-B462F188FD75}.Debug|x86.ActiveCfg = Debug|Any CPU
		{4D47B3DD-D8F7-4D51-BACC-B462F188FD75}.Debug|x86.Build.0 = Debug|Any CPU
		{4D47B3DD-D8F7-4D51-BACC-B462F188FD75}.Release|Any CPU.ActiveCfg = Release|Any CPU
		{4D47B3DD-D8F7-4D51-BACC-B462F188FD75}.Release|Any CPU.Build.0 = Release|Any CPU
		{4D47B3DD-D8F7-4D51-BACC-B462F188FD75}.Release|ARM.ActiveCfg = Release|Any CPU
		{4D47B3DD-D8F7-4D51-BACC-B462F188FD75}.Release|ARM.Build.0 = Release|Any CPU
		{4D47B3DD-D8F7-4D51-BACC-B462F188FD75}.Release|iPhone.ActiveCfg = Release|Any CPU
		{4D47B3DD-D8F7-4D51-BACC-B462F188FD75}.Release|iPhone.Build.0 = Release|Any CPU
		{4D47B3DD-D8F7-4D51-BACC-B462F188FD75}.Release|iPhoneSimulator.ActiveCfg = Release|Any CPU
		{4D47B3DD-D8F7-4D51-BACC-B462F188FD75}.Release|iPhoneSimulator.Build.0 = Release|Any CPU
		{4D47B3DD-D8F7-4D51-BACC-B462F188FD75}.Release|x64.ActiveCfg = Release|Any CPU
		{4D47B3DD-D8F7-4D51-BACC-B462F188FD75}.Release|x64.Build.0 = Release|Any CPU
		{4D47B3DD-D8F7-4D51-BACC-B462F188FD75}.Release|x86.ActiveCfg = Release|Any CPU
		{4D47B3DD-D8F7-4D51-BACC-B462F188FD75}.Release|x86.Build.0 = Release|Any CPU
		{4880E90F-AAB5-4EF1-8814-703B331A5432}.Ad-Hoc|Any CPU.ActiveCfg = Release|x86
		{4880E90F-AAB5-4EF1-8814-703B331A5432}.Ad-Hoc|Any CPU.Build.0 = Release|x86
		{4880E90F-AAB5-4EF1-8814-703B331A5432}.Ad-Hoc|Any CPU.Deploy.0 = Release|x86
		{4880E90F-AAB5-4EF1-8814-703B331A5432}.Ad-Hoc|ARM.ActiveCfg = Release|ARM
		{4880E90F-AAB5-4EF1-8814-703B331A5432}.Ad-Hoc|ARM.Build.0 = Release|ARM
		{4880E90F-AAB5-4EF1-8814-703B331A5432}.Ad-Hoc|ARM.Deploy.0 = Release|ARM
		{4880E90F-AAB5-4EF1-8814-703B331A5432}.Ad-Hoc|iPhone.ActiveCfg = Release|x86
		{4880E90F-AAB5-4EF1-8814-703B331A5432}.Ad-Hoc|iPhone.Build.0 = Release|x86
		{4880E90F-AAB5-4EF1-8814-703B331A5432}.Ad-Hoc|iPhone.Deploy.0 = Release|x86
		{4880E90F-AAB5-4EF1-8814-703B331A5432}.Ad-Hoc|iPhoneSimulator.ActiveCfg = Release|x86
		{4880E90F-AAB5-4EF1-8814-703B331A5432}.Ad-Hoc|iPhoneSimulator.Build.0 = Release|x86
		{4880E90F-AAB5-4EF1-8814-703B331A5432}.Ad-Hoc|iPhoneSimulator.Deploy.0 = Release|x86
		{4880E90F-AAB5-4EF1-8814-703B331A5432}.Ad-Hoc|x64.ActiveCfg = Release|x64
		{4880E90F-AAB5-4EF1-8814-703B331A5432}.Ad-Hoc|x64.Build.0 = Release|x64
		{4880E90F-AAB5-4EF1-8814-703B331A5432}.Ad-Hoc|x64.Deploy.0 = Release|x64
		{4880E90F-AAB5-4EF1-8814-703B331A5432}.Ad-Hoc|x86.ActiveCfg = Release|x86
		{4880E90F-AAB5-4EF1-8814-703B331A5432}.Ad-Hoc|x86.Build.0 = Release|x86
		{4880E90F-AAB5-4EF1-8814-703B331A5432}.Ad-Hoc|x86.Deploy.0 = Release|x86
		{4880E90F-AAB5-4EF1-8814-703B331A5432}.AppStore|Any CPU.ActiveCfg = Release|x86
		{4880E90F-AAB5-4EF1-8814-703B331A5432}.AppStore|Any CPU.Build.0 = Release|x86
		{4880E90F-AAB5-4EF1-8814-703B331A5432}.AppStore|Any CPU.Deploy.0 = Release|x86
		{4880E90F-AAB5-4EF1-8814-703B331A5432}.AppStore|ARM.ActiveCfg = Release|ARM
		{4880E90F-AAB5-4EF1-8814-703B331A5432}.AppStore|ARM.Build.0 = Release|ARM
		{4880E90F-AAB5-4EF1-8814-703B331A5432}.AppStore|ARM.Deploy.0 = Release|ARM
		{4880E90F-AAB5-4EF1-8814-703B331A5432}.AppStore|iPhone.ActiveCfg = Release|x86
		{4880E90F-AAB5-4EF1-8814-703B331A5432}.AppStore|iPhone.Build.0 = Release|x86
		{4880E90F-AAB5-4EF1-8814-703B331A5432}.AppStore|iPhone.Deploy.0 = Release|x86
		{4880E90F-AAB5-4EF1-8814-703B331A5432}.AppStore|iPhoneSimulator.ActiveCfg = Release|x86
		{4880E90F-AAB5-4EF1-8814-703B331A5432}.AppStore|iPhoneSimulator.Build.0 = Release|x86
		{4880E90F-AAB5-4EF1-8814-703B331A5432}.AppStore|iPhoneSimulator.Deploy.0 = Release|x86
		{4880E90F-AAB5-4EF1-8814-703B331A5432}.AppStore|x64.ActiveCfg = Release|x64
		{4880E90F-AAB5-4EF1-8814-703B331A5432}.AppStore|x64.Build.0 = Release|x64
		{4880E90F-AAB5-4EF1-8814-703B331A5432}.AppStore|x64.Deploy.0 = Release|x64
		{4880E90F-AAB5-4EF1-8814-703B331A5432}.AppStore|x86.ActiveCfg = Release|x86
		{4880E90F-AAB5-4EF1-8814-703B331A5432}.AppStore|x86.Build.0 = Release|x86
		{4880E90F-AAB5-4EF1-8814-703B331A5432}.AppStore|x86.Deploy.0 = Release|x86
		{4880E90F-AAB5-4EF1-8814-703B331A5432}.Debug|Any CPU.ActiveCfg = Debug|x86
		{4880E90F-AAB5-4EF1-8814-703B331A5432}.Debug|Any CPU.Build.0 = Debug|x86
		{4880E90F-AAB5-4EF1-8814-703B331A5432}.Debug|Any CPU.Deploy.0 = Debug|x86
		{4880E90F-AAB5-4EF1-8814-703B331A5432}.Debug|ARM.ActiveCfg = Debug|ARM
		{4880E90F-AAB5-4EF1-8814-703B331A5432}.Debug|ARM.Build.0 = Debug|ARM
		{4880E90F-AAB5-4EF1-8814-703B331A5432}.Debug|ARM.Deploy.0 = Debug|ARM
		{4880E90F-AAB5-4EF1-8814-703B331A5432}.Debug|iPhone.ActiveCfg = Debug|x86
		{4880E90F-AAB5-4EF1-8814-703B331A5432}.Debug|iPhoneSimulator.ActiveCfg = Debug|x86
		{4880E90F-AAB5-4EF1-8814-703B331A5432}.Debug|x64.ActiveCfg = Debug|x64
		{4880E90F-AAB5-4EF1-8814-703B331A5432}.Debug|x64.Build.0 = Debug|x64
		{4880E90F-AAB5-4EF1-8814-703B331A5432}.Debug|x64.Deploy.0 = Debug|x64
		{4880E90F-AAB5-4EF1-8814-703B331A5432}.Debug|x86.ActiveCfg = Debug|x86
		{4880E90F-AAB5-4EF1-8814-703B331A5432}.Debug|x86.Build.0 = Debug|x86
		{4880E90F-AAB5-4EF1-8814-703B331A5432}.Debug|x86.Deploy.0 = Debug|x86
		{4880E90F-AAB5-4EF1-8814-703B331A5432}.Release|Any CPU.ActiveCfg = Release|x86
		{4880E90F-AAB5-4EF1-8814-703B331A5432}.Release|Any CPU.Build.0 = Release|x86
		{4880E90F-AAB5-4EF1-8814-703B331A5432}.Release|Any CPU.Deploy.0 = Release|x86
		{4880E90F-AAB5-4EF1-8814-703B331A5432}.Release|ARM.ActiveCfg = Release|ARM
		{4880E90F-AAB5-4EF1-8814-703B331A5432}.Release|ARM.Build.0 = Release|ARM
		{4880E90F-AAB5-4EF1-8814-703B331A5432}.Release|ARM.Deploy.0 = Release|ARM
		{4880E90F-AAB5-4EF1-8814-703B331A5432}.Release|iPhone.ActiveCfg = Release|x86
		{4880E90F-AAB5-4EF1-8814-703B331A5432}.Release|iPhoneSimulator.ActiveCfg = Release|x86
		{4880E90F-AAB5-4EF1-8814-703B331A5432}.Release|x64.ActiveCfg = Release|x64
		{4880E90F-AAB5-4EF1-8814-703B331A5432}.Release|x64.Build.0 = Release|x64
		{4880E90F-AAB5-4EF1-8814-703B331A5432}.Release|x64.Deploy.0 = Release|x64
		{4880E90F-AAB5-4EF1-8814-703B331A5432}.Release|x86.ActiveCfg = Release|x86
		{4880E90F-AAB5-4EF1-8814-703B331A5432}.Release|x86.Build.0 = Release|x86
		{4880E90F-AAB5-4EF1-8814-703B331A5432}.Release|x86.Deploy.0 = Release|x86
		{14A3FC00-10CB-4FF3-A832-EB7939596C53}.Ad-Hoc|Any CPU.ActiveCfg = Ad-Hoc|iPhone
		{14A3FC00-10CB-4FF3-A832-EB7939596C53}.Ad-Hoc|ARM.ActiveCfg = Ad-Hoc|iPhone
		{14A3FC00-10CB-4FF3-A832-EB7939596C53}.Ad-Hoc|iPhone.ActiveCfg = Ad-Hoc|iPhone
		{14A3FC00-10CB-4FF3-A832-EB7939596C53}.Ad-Hoc|iPhone.Build.0 = Ad-Hoc|iPhone
		{14A3FC00-10CB-4FF3-A832-EB7939596C53}.Ad-Hoc|iPhoneSimulator.ActiveCfg = Ad-Hoc|iPhoneSimulator
		{14A3FC00-10CB-4FF3-A832-EB7939596C53}.Ad-Hoc|iPhoneSimulator.Build.0 = Ad-Hoc|iPhoneSimulator
		{14A3FC00-10CB-4FF3-A832-EB7939596C53}.Ad-Hoc|x64.ActiveCfg = Ad-Hoc|iPhone
		{14A3FC00-10CB-4FF3-A832-EB7939596C53}.Ad-Hoc|x86.ActiveCfg = Ad-Hoc|iPhone
		{14A3FC00-10CB-4FF3-A832-EB7939596C53}.AppStore|Any CPU.ActiveCfg = Release|iPhoneSimulator
		{14A3FC00-10CB-4FF3-A832-EB7939596C53}.AppStore|Any CPU.Build.0 = Release|iPhoneSimulator
		{14A3FC00-10CB-4FF3-A832-EB7939596C53}.AppStore|ARM.ActiveCfg = AppStore|iPhone
		{14A3FC00-10CB-4FF3-A832-EB7939596C53}.AppStore|iPhone.ActiveCfg = AppStore|iPhone
		{14A3FC00-10CB-4FF3-A832-EB7939596C53}.AppStore|iPhone.Build.0 = AppStore|iPhone
		{14A3FC00-10CB-4FF3-A832-EB7939596C53}.AppStore|iPhoneSimulator.ActiveCfg = AppStore|iPhoneSimulator
		{14A3FC00-10CB-4FF3-A832-EB7939596C53}.AppStore|iPhoneSimulator.Build.0 = AppStore|iPhoneSimulator
		{14A3FC00-10CB-4FF3-A832-EB7939596C53}.AppStore|x64.ActiveCfg = AppStore|iPhone
		{14A3FC00-10CB-4FF3-A832-EB7939596C53}.AppStore|x86.ActiveCfg = AppStore|iPhone
		{14A3FC00-10CB-4FF3-A832-EB7939596C53}.Debug|Any CPU.ActiveCfg = Debug|iPhone
		{14A3FC00-10CB-4FF3-A832-EB7939596C53}.Debug|Any CPU.Build.0 = Debug|iPhone
		{14A3FC00-10CB-4FF3-A832-EB7939596C53}.Debug|ARM.ActiveCfg = Debug|iPhone
		{14A3FC00-10CB-4FF3-A832-EB7939596C53}.Debug|iPhone.ActiveCfg = Debug|iPhoneSimulator
		{14A3FC00-10CB-4FF3-A832-EB7939596C53}.Debug|iPhone.Build.0 = Debug|iPhoneSimulator
		{14A3FC00-10CB-4FF3-A832-EB7939596C53}.Debug|iPhoneSimulator.ActiveCfg = Debug|iPhoneSimulator
		{14A3FC00-10CB-4FF3-A832-EB7939596C53}.Debug|iPhoneSimulator.Build.0 = Debug|iPhoneSimulator
		{14A3FC00-10CB-4FF3-A832-EB7939596C53}.Debug|x64.ActiveCfg = Debug|iPhone
		{14A3FC00-10CB-4FF3-A832-EB7939596C53}.Debug|x86.ActiveCfg = Debug|iPhone
		{14A3FC00-10CB-4FF3-A832-EB7939596C53}.Release|Any CPU.ActiveCfg = Release|iPhone
		{14A3FC00-10CB-4FF3-A832-EB7939596C53}.Release|Any CPU.Build.0 = Release|iPhone
		{14A3FC00-10CB-4FF3-A832-EB7939596C53}.Release|ARM.ActiveCfg = Release|iPhone
		{14A3FC00-10CB-4FF3-A832-EB7939596C53}.Release|iPhone.ActiveCfg = Release|iPhone
		{14A3FC00-10CB-4FF3-A832-EB7939596C53}.Release|iPhone.Build.0 = Release|iPhone
		{14A3FC00-10CB-4FF3-A832-EB7939596C53}.Release|iPhoneSimulator.ActiveCfg = Release|iPhoneSimulator
		{14A3FC00-10CB-4FF3-A832-EB7939596C53}.Release|iPhoneSimulator.Build.0 = Release|iPhoneSimulator
		{14A3FC00-10CB-4FF3-A832-EB7939596C53}.Release|x64.ActiveCfg = Release|iPhone
		{14A3FC00-10CB-4FF3-A832-EB7939596C53}.Release|x86.ActiveCfg = Release|iPhone
	EndGlobalSection
	GlobalSection(SolutionProperties) = preSolution
		HideSolutionNode = FALSE
	EndGlobalSection
EndGlobal
