Microsoft Visual Studio Solution File, Format Version 12.00
# Visual Studio 15
VisualStudioVersion = 15.0.26430.16
MinimumVisualStudioVersion = 10.0.40219.1
Project("{FAE04EC0-301F-11D3-BF4B-00C04F79EFBC}") = "SampleBrowser.SfSchedule.Android", "SampleBrowser.SfSchedule.Android\SampleBrowser.SfSchedule.Android.csproj", "{E372707D-0005-48A2-A17F-7636DD5C4665}"
EndProject
Project("{FAE04EC0-301F-11D3-BF4B-00C04F79EFBC}") = "SampleBrowser.SfSchedule", "SampleBrowser.SfSchedule\SampleBrowser.SfSchedule.csproj", "{C6233BB4-9D9E-4A85-903D-380D28658843}"
EndProject
Project("{FAE04EC0-301F-11D3-BF4B-00C04F79EFBC}") = "SampleBrowser.SfSchedule.UWP", "SampleBrowser.SfSchedule.UWP\SampleBrowser.SfSchedule.UWP.csproj", "{CD2251D7-C47B-4274-A0EC-89870ABD2F89}"
EndProject
Project("{FAE04EC0-301F-11D3-BF4B-00C04F79EFBC}") = "SampleBrowser.SfSchedule.iOS", "SampleBrowser.SfSchedule.iOS\SampleBrowser.SfSchedule.iOS.csproj", "{E110CD4F-C397-47A1-8CD8-D8364D457969}"
EndProject
Global
	GlobalSection(SolutionConfigurationPlatforms) = preSolution
		Ad-Hoc|Any CPU = Ad-Hoc|Any CPU
		Ad-Hoc|ARM = Ad-Hoc|ARM
		Ad-Hoc|iPhone = Ad-Hoc|iPhone
		Ad-Hoc|iPhoneSimulator = Ad-Hoc|iPhoneSimulator
		Ad-Hoc|x64 = Ad-Hoc|x64
		Ad-Hoc|x86 = Ad-Hoc|x86
		AppStore|Any CPU = AppStore|Any CPU
		AppStore|ARM = AppStore|ARM
		AppStore|iPhone = AppStore|iPhone
		AppStore|iPhoneSimulator = AppStore|iPhoneSimulator
		AppStore|x64 = AppStore|x64
		AppStore|x86 = AppStore|x86
		Debug|Any CPU = Debug|Any CPU
		Debug|ARM = Debug|ARM
		Debug|iPhone = Debug|iPhone
		Debug|iPhoneSimulator = Debug|iPhoneSimulator
		Debug|x64 = Debug|x64
		Debug|x86 = Debug|x86
		Release|Any CPU = Release|Any CPU
		Release|ARM = Release|ARM
		Release|iPhone = Release|iPhone
		Release|iPhoneSimulator = Release|iPhoneSimulator
		Release|x64 = Release|x64
		Release|x86 = Release|x86
	EndGlobalSection
	GlobalSection(ProjectConfigurationPlatforms) = postSolution
		{E372707D-0005-48A2-A17F-7636DD5C4665}.Ad-Hoc|Any CPU.ActiveCfg = Release|Any CPU
		{E372707D-0005-48A2-A17F-7636DD5C4665}.Ad-Hoc|Any CPU.Build.0 = Release|Any CPU
		{E372707D-0005-48A2-A17F-7636DD5C4665}.Ad-Hoc|Any CPU.Deploy.0 = Release|Any CPU
		{E372707D-0005-48A2-A17F-7636DD5C4665}.Ad-Hoc|ARM.ActiveCfg = Release|Any CPU
		{E372707D-0005-48A2-A17F-7636DD5C4665}.Ad-Hoc|ARM.Build.0 = Release|Any CPU
		{E372707D-0005-48A2-A17F-7636DD5C4665}.Ad-Hoc|ARM.Deploy.0 = Release|Any CPU
		{E372707D-0005-48A2-A17F-7636DD5C4665}.Ad-Hoc|iPhone.ActiveCfg = Release|Any CPU
		{E372707D-0005-48A2-A17F-7636DD5C4665}.Ad-Hoc|iPhone.Build.0 = Release|Any CPU
		{E372707D-0005-48A2-A17F-7636DD5C4665}.Ad-Hoc|iPhone.Deploy.0 = Release|Any CPU
		{E372707D-0005-48A2-A17F-7636DD5C4665}.Ad-Hoc|iPhoneSimulator.ActiveCfg = Release|Any CPU
		{E372707D-0005-48A2-A17F-7636DD5C4665}.Ad-Hoc|iPhoneSimulator.Build.0 = Release|Any CPU
		{E372707D-0005-48A2-A17F-7636DD5C4665}.Ad-Hoc|iPhoneSimulator.Deploy.0 = Release|Any CPU
		{E372707D-0005-48A2-A17F-7636DD5C4665}.Ad-Hoc|x64.ActiveCfg = Release|Any CPU
		{E372707D-0005-48A2-A17F-7636DD5C4665}.Ad-Hoc|x64.Build.0 = Release|Any CPU
		{E372707D-0005-48A2-A17F-7636DD5C4665}.Ad-Hoc|x64.Deploy.0 = Release|Any CPU
		{E372707D-0005-48A2-A17F-7636DD5C4665}.Ad-Hoc|x86.ActiveCfg = Release|Any CPU
		{E372707D-0005-48A2-A17F-7636DD5C4665}.Ad-Hoc|x86.Build.0 = Release|Any CPU
		{E372707D-0005-48A2-A17F-7636DD5C4665}.Ad-Hoc|x86.Deploy.0 = Release|Any CPU
		{E372707D-0005-48A2-A17F-7636DD5C4665}.AppStore|Any CPU.ActiveCfg = Release|Any CPU
		{E372707D-0005-48A2-A17F-7636DD5C4665}.AppStore|Any CPU.Build.0 = Release|Any CPU
		{E372707D-0005-48A2-A17F-7636DD5C4665}.AppStore|Any CPU.Deploy.0 = Release|Any CPU
		{E372707D-0005-48A2-A17F-7636DD5C4665}.AppStore|ARM.ActiveCfg = Release|Any CPU
		{E372707D-0005-48A2-A17F-7636DD5C4665}.AppStore|ARM.Build.0 = Release|Any CPU
		{E372707D-0005-48A2-A17F-7636DD5C4665}.AppStore|ARM.Deploy.0 = Release|Any CPU
		{E372707D-0005-48A2-A17F-7636DD5C4665}.AppStore|iPhone.ActiveCfg = Release|Any CPU
		{E372707D-0005-48A2-A17F-7636DD5C4665}.AppStore|iPhone.Build.0 = Release|Any CPU
		{E372707D-0005-48A2-A17F-7636DD5C4665}.AppStore|iPhone.Deploy.0 = Release|Any CPU
		{E372707D-0005-48A2-A17F-7636DD5C4665}.AppStore|iPhoneSimulator.ActiveCfg = Release|Any CPU
		{E372707D-0005-48A2-A17F-7636DD5C4665}.AppStore|iPhoneSimulator.Build.0 = Release|Any CPU
		{E372707D-0005-48A2-A17F-7636DD5C4665}.AppStore|iPhoneSimulator.Deploy.0 = Release|Any CPU
		{E372707D-0005-48A2-A17F-7636DD5C4665}.AppStore|x64.ActiveCfg = Release|Any CPU
		{E372707D-0005-48A2-A17F-7636DD5C4665}.AppStore|x64.Build.0 = Release|Any CPU
		{E372707D-0005-48A2-A17F-7636DD5C4665}.AppStore|x64.Deploy.0 = Release|Any CPU
		{E372707D-0005-48A2-A17F-7636DD5C4665}.AppStore|x86.ActiveCfg = Release|Any CPU
		{E372707D-0005-48A2-A17F-7636DD5C4665}.AppStore|x86.Build.0 = Release|Any CPU
		{E372707D-0005-48A2-A17F-7636DD5C4665}.AppStore|x86.Deploy.0 = Release|Any CPU
		{E372707D-0005-48A2-A17F-7636DD5C4665}.Debug|Any CPU.ActiveCfg = Debug|Any CPU
		{E372707D-0005-48A2-A17F-7636DD5C4665}.Debug|Any CPU.Build.0 = Debug|Any CPU
		{E372707D-0005-48A2-A17F-7636DD5C4665}.Debug|Any CPU.Deploy.0 = Debug|Any CPU
		{E372707D-0005-48A2-A17F-7636DD5C4665}.Debug|ARM.ActiveCfg = Debug|Any CPU
		{E372707D-0005-48A2-A17F-7636DD5C4665}.Debug|ARM.Build.0 = Debug|Any CPU
		{E372707D-0005-48A2-A17F-7636DD5C4665}.Debug|ARM.Deploy.0 = Debug|Any CPU
		{E372707D-0005-48A2-A17F-7636DD5C4665}.Debug|iPhone.ActiveCfg = Debug|Any CPU
		{E372707D-0005-48A2-A17F-7636DD5C4665}.Debug|iPhone.Build.0 = Debug|Any CPU
		{E372707D-0005-48A2-A17F-7636DD5C4665}.Debug|iPhone.Deploy.0 = Debug|Any CPU
		{E372707D-0005-48A2-A17F-7636DD5C4665}.Debug|iPhoneSimulator.ActiveCfg = Debug|Any CPU
		{E372707D-0005-48A2-A17F-7636DD5C4665}.Debug|iPhoneSimulator.Build.0 = Debug|Any CPU
		{E372707D-0005-48A2-A17F-7636DD5C4665}.Debug|iPhoneSimulator.Deploy.0 = Debug|Any CPU
		{E372707D-0005-48A2-A17F-7636DD5C4665}.Debug|x64.ActiveCfg = Debug|Any CPU
		{E372707D-0005-48A2-A17F-7636DD5C4665}.Debug|x64.Build.0 = Debug|Any CPU
		{E372707D-0005-48A2-A17F-7636DD5C4665}.Debug|x64.Deploy.0 = Debug|Any CPU
		{E372707D-0005-48A2-A17F-7636DD5C4665}.Debug|x86.ActiveCfg = Debug|Any CPU
		{E372707D-0005-48A2-A17F-7636DD5C4665}.Debug|x86.Build.0 = Debug|Any CPU
		{E372707D-0005-48A2-A17F-7636DD5C4665}.Debug|x86.Deploy.0 = Debug|Any CPU
		{E372707D-0005-48A2-A17F-7636DD5C4665}.Release|Any CPU.ActiveCfg = Release|Any CPU
		{E372707D-0005-48A2-A17F-7636DD5C4665}.Release|Any CPU.Build.0 = Release|Any CPU
		{E372707D-0005-48A2-A17F-7636DD5C4665}.Release|Any CPU.Deploy.0 = Release|Any CPU
		{E372707D-0005-48A2-A17F-7636DD5C4665}.Release|ARM.ActiveCfg = Release|Any CPU
		{E372707D-0005-48A2-A17F-7636DD5C4665}.Release|ARM.Build.0 = Release|Any CPU
		{E372707D-0005-48A2-A17F-7636DD5C4665}.Release|ARM.Deploy.0 = Release|Any CPU
		{E372707D-0005-48A2-A17F-7636DD5C4665}.Release|iPhone.ActiveCfg = Release|Any CPU
		{E372707D-0005-48A2-A17F-7636DD5C4665}.Release|iPhone.Build.0 = Release|Any CPU
		{E372707D-0005-48A2-A17F-7636DD5C4665}.Release|iPhone.Deploy.0 = Release|Any CPU
		{E372707D-0005-48A2-A17F-7636DD5C4665}.Release|iPhoneSimulator.ActiveCfg = Release|Any CPU
		{E372707D-0005-48A2-A17F-7636DD5C4665}.Release|iPhoneSimulator.Build.0 = Release|Any CPU
		{E372707D-0005-48A2-A17F-7636DD5C4665}.Release|iPhoneSimulator.Deploy.0 = Release|Any CPU
		{E372707D-0005-48A2-A17F-7636DD5C4665}.Release|x64.ActiveCfg = Release|Any CPU
		{E372707D-0005-48A2-A17F-7636DD5C4665}.Release|x64.Build.0 = Release|Any CPU
		{E372707D-0005-48A2-A17F-7636DD5C4665}.Release|x64.Deploy.0 = Release|Any CPU
		{E372707D-0005-48A2-A17F-7636DD5C4665}.Release|x86.ActiveCfg = Release|Any CPU
		{E372707D-0005-48A2-A17F-7636DD5C4665}.Release|x86.Build.0 = Release|Any CPU
		{E372707D-0005-48A2-A17F-7636DD5C4665}.Release|x86.Deploy.0 = Release|Any CPU
		{C6233BB4-9D9E-4A85-903D-380D28658843}.Ad-Hoc|Any CPU.ActiveCfg = Release|Any CPU
		{C6233BB4-9D9E-4A85-903D-380D28658843}.Ad-Hoc|Any CPU.Build.0 = Release|Any CPU
		{C6233BB4-9D9E-4A85-903D-380D28658843}.Ad-Hoc|ARM.ActiveCfg = Release|Any CPU
		{C6233BB4-9D9E-4A85-903D-380D28658843}.Ad-Hoc|ARM.Build.0 = Release|Any CPU
		{C6233BB4-9D9E-4A85-903D-380D28658843}.Ad-Hoc|iPhone.ActiveCfg = Release|Any CPU
		{C6233BB4-9D9E-4A85-903D-380D28658843}.Ad-Hoc|iPhone.Build.0 = Release|Any CPU
		{C6233BB4-9D9E-4A85-903D-380D28658843}.Ad-Hoc|iPhoneSimulator.ActiveCfg = Release|Any CPU
		{C6233BB4-9D9E-4A85-903D-380D28658843}.Ad-Hoc|iPhoneSimulator.Build.0 = Release|Any CPU
		{C6233BB4-9D9E-4A85-903D-380D28658843}.Ad-Hoc|x64.ActiveCfg = Release|Any CPU
		{C6233BB4-9D9E-4A85-903D-380D28658843}.Ad-Hoc|x64.Build.0 = Release|Any CPU
		{C6233BB4-9D9E-4A85-903D-380D28658843}.Ad-Hoc|x86.ActiveCfg = Release|Any CPU
		{C6233BB4-9D9E-4A85-903D-380D28658843}.Ad-Hoc|x86.Build.0 = Release|Any CPU
		{C6233BB4-9D9E-4A85-903D-380D28658843}.AppStore|Any CPU.ActiveCfg = Release|Any CPU
		{C6233BB4-9D9E-4A85-903D-380D28658843}.AppStore|Any CPU.Build.0 = Release|Any CPU
		{C6233BB4-9D9E-4A85-903D-380D28658843}.AppStore|ARM.ActiveCfg = Release|Any CPU
		{C6233BB4-9D9E-4A85-903D-380D28658843}.AppStore|ARM.Build.0 = Release|Any CPU
		{C6233BB4-9D9E-4A85-903D-380D28658843}.AppStore|iPhone.ActiveCfg = Release|Any CPU
		{C6233BB4-9D9E-4A85-903D-380D28658843}.AppStore|iPhone.Build.0 = Release|Any CPU
		{C6233BB4-9D9E-4A85-903D-380D28658843}.AppStore|iPhoneSimulator.ActiveCfg = Release|Any CPU
		{C6233BB4-9D9E-4A85-903D-380D28658843}.AppStore|iPhoneSimulator.Build.0 = Release|Any CPU
		{C6233BB4-9D9E-4A85-903D-380D28658843}.AppStore|x64.ActiveCfg = Release|Any CPU
		{C6233BB4-9D9E-4A85-903D-380D28658843}.AppStore|x64.Build.0 = Release|Any CPU
		{C6233BB4-9D9E-4A85-903D-380D28658843}.AppStore|x86.ActiveCfg = Release|Any CPU
		{C6233BB4-9D9E-4A85-903D-380D28658843}.AppStore|x86.Build.0 = Release|Any CPU
		{C6233BB4-9D9E-4A85-903D-380D28658843}.Debug|Any CPU.ActiveCfg = Debug|Any CPU
		{C6233BB4-9D9E-4A85-903D-380D28658843}.Debug|Any CPU.Build.0 = Debug|Any CPU
		{C6233BB4-9D9E-4A85-903D-380D28658843}.Debug|ARM.ActiveCfg = Debug|Any CPU
		{C6233BB4-9D9E-4A85-903D-380D28658843}.Debug|ARM.Build.0 = Debug|Any CPU
		{C6233BB4-9D9E-4A85-903D-380D28658843}.Debug|iPhone.ActiveCfg = Debug|Any CPU
		{C6233BB4-9D9E-4A85-903D-380D28658843}.Debug|iPhone.Build.0 = Debug|Any CPU
		{C6233BB4-9D9E-4A85-903D-380D28658843}.Debug|iPhoneSimulator.ActiveCfg = Debug|Any CPU
		{C6233BB4-9D9E-4A85-903D-380D28658843}.Debug|iPhoneSimulator.Build.0 = Debug|Any CPU
		{C6233BB4-9D9E-4A85-903D-380D28658843}.Debug|x64.ActiveCfg = Debug|Any CPU
		{C6233BB4-9D9E-4A85-903D-380D28658843}.Debug|x64.Build.0 = Debug|Any CPU
		{C6233BB4-9D9E-4A85-903D-380D28658843}.Debug|x86.ActiveCfg = Debug|Any CPU
		{C6233BB4-9D9E-4A85-903D-380D28658843}.Debug|x86.Build.0 = Debug|Any CPU
		{C6233BB4-9D9E-4A85-903D-380D28658843}.Release|Any CPU.ActiveCfg = Release|Any CPU
		{C6233BB4-9D9E-4A85-903D-380D28658843}.Release|Any CPU.Build.0 = Release|Any CPU
		{C6233BB4-9D9E-4A85-903D-380D28658843}.Release|ARM.ActiveCfg = Release|Any CPU
		{C6233BB4-9D9E-4A85-903D-380D28658843}.Release|ARM.Build.0 = Release|Any CPU
		{C6233BB4-9D9E-4A85-903D-380D28658843}.Release|iPhone.ActiveCfg = Release|Any CPU
		{C6233BB4-9D9E-4A85-903D-380D28658843}.Release|iPhone.Build.0 = Release|Any CPU
		{C6233BB4-9D9E-4A85-903D-380D28658843}.Release|iPhoneSimulator.ActiveCfg = Release|Any CPU
		{C6233BB4-9D9E-4A85-903D-380D28658843}.Release|iPhoneSimulator.Build.0 = Release|Any CPU
		{C6233BB4-9D9E-4A85-903D-380D28658843}.Release|x64.ActiveCfg = Release|Any CPU
		{C6233BB4-9D9E-4A85-903D-380D28658843}.Release|x64.Build.0 = Release|Any CPU
		{C6233BB4-9D9E-4A85-903D-380D28658843}.Release|x86.ActiveCfg = Release|Any CPU
		{C6233BB4-9D9E-4A85-903D-380D28658843}.Release|x86.Build.0 = Release|Any CPU
		{CD2251D7-C47B-4274-A0EC-89870ABD2F89}.Ad-Hoc|Any CPU.ActiveCfg = Release|x86
		{CD2251D7-C47B-4274-A0EC-89870ABD2F89}.Ad-Hoc|Any CPU.Build.0 = Release|x86
		{CD2251D7-C47B-4274-A0EC-89870ABD2F89}.Ad-Hoc|Any CPU.Deploy.0 = Release|x86
		{CD2251D7-C47B-4274-A0EC-89870ABD2F89}.Ad-Hoc|ARM.ActiveCfg = Release|ARM
		{CD2251D7-C47B-4274-A0EC-89870ABD2F89}.Ad-Hoc|ARM.Build.0 = Release|ARM
		{CD2251D7-C47B-4274-A0EC-89870ABD2F89}.Ad-Hoc|ARM.Deploy.0 = Release|ARM
		{CD2251D7-C47B-4274-A0EC-89870ABD2F89}.Ad-Hoc|iPhone.ActiveCfg = Release|x86
		{CD2251D7-C47B-4274-A0EC-89870ABD2F89}.Ad-Hoc|iPhone.Build.0 = Release|x86
		{CD2251D7-C47B-4274-A0EC-89870ABD2F89}.Ad-Hoc|iPhone.Deploy.0 = Release|x86
		{CD2251D7-C47B-4274-A0EC-89870ABD2F89}.Ad-Hoc|iPhoneSimulator.ActiveCfg = Release|x86
		{CD2251D7-C47B-4274-A0EC-89870ABD2F89}.Ad-Hoc|iPhoneSimulator.Build.0 = Release|x86
		{CD2251D7-C47B-4274-A0EC-89870ABD2F89}.Ad-Hoc|iPhoneSimulator.Deploy.0 = Release|x86
		{CD2251D7-C47B-4274-A0EC-89870ABD2F89}.Ad-Hoc|x64.ActiveCfg = Release|x64
		{CD2251D7-C47B-4274-A0EC-89870ABD2F89}.Ad-Hoc|x64.Build.0 = Release|x64
		{CD2251D7-C47B-4274-A0EC-89870ABD2F89}.Ad-Hoc|x64.Deploy.0 = Release|x64
		{CD2251D7-C47B-4274-A0EC-89870ABD2F89}.Ad-Hoc|x86.ActiveCfg = Release|x86
		{CD2251D7-C47B-4274-A0EC-89870ABD2F89}.Ad-Hoc|x86.Build.0 = Release|x86
		{CD2251D7-C47B-4274-A0EC-89870ABD2F89}.Ad-Hoc|x86.Deploy.0 = Release|x86
		{CD2251D7-C47B-4274-A0EC-89870ABD2F89}.AppStore|Any CPU.ActiveCfg = Release|x86
		{CD2251D7-C47B-4274-A0EC-89870ABD2F89}.AppStore|Any CPU.Build.0 = Release|x86
		{CD2251D7-C47B-4274-A0EC-89870ABD2F89}.AppStore|Any CPU.Deploy.0 = Release|x86
		{CD2251D7-C47B-4274-A0EC-89870ABD2F89}.AppStore|ARM.ActiveCfg = Release|ARM
		{CD2251D7-C47B-4274-A0EC-89870ABD2F89}.AppStore|ARM.Build.0 = Release|ARM
		{CD2251D7-C47B-4274-A0EC-89870ABD2F89}.AppStore|ARM.Deploy.0 = Release|ARM
		{CD2251D7-C47B-4274-A0EC-89870ABD2F89}.AppStore|iPhone.ActiveCfg = Release|x86
		{CD2251D7-C47B-4274-A0EC-89870ABD2F89}.AppStore|iPhone.Build.0 = Release|x86
		{CD2251D7-C47B-4274-A0EC-89870ABD2F89}.AppStore|iPhone.Deploy.0 = Release|x86
		{CD2251D7-C47B-4274-A0EC-89870ABD2F89}.AppStore|iPhoneSimulator.ActiveCfg = Release|x86
		{CD2251D7-C47B-4274-A0EC-89870ABD2F89}.AppStore|iPhoneSimulator.Build.0 = Release|x86
		{CD2251D7-C47B-4274-A0EC-89870ABD2F89}.AppStore|iPhoneSimulator.Deploy.0 = Release|x86
		{CD2251D7-C47B-4274-A0EC-89870ABD2F89}.AppStore|x64.ActiveCfg = Release|x64
		{CD2251D7-C47B-4274-A0EC-89870ABD2F89}.AppStore|x64.Build.0 = Release|x64
		{CD2251D7-C47B-4274-A0EC-89870ABD2F89}.AppStore|x64.Deploy.0 = Release|x64
		{CD2251D7-C47B-4274-A0EC-89870ABD2F89}.AppStore|x86.ActiveCfg = Release|x86
		{CD2251D7-C47B-4274-A0EC-89870ABD2F89}.AppStore|x86.Build.0 = Release|x86
		{CD2251D7-C47B-4274-A0EC-89870ABD2F89}.AppStore|x86.Deploy.0 = Release|x86
		{CD2251D7-C47B-4274-A0EC-89870ABD2F89}.Debug|Any CPU.ActiveCfg = Debug|x86
		{CD2251D7-C47B-4274-A0EC-89870ABD2F89}.Debug|Any CPU.Build.0 = Debug|x86
		{CD2251D7-C47B-4274-A0EC-89870ABD2F89}.Debug|Any CPU.Deploy.0 = Debug|x86
		{CD2251D7-C47B-4274-A0EC-89870ABD2F89}.Debug|ARM.ActiveCfg = Debug|ARM
		{CD2251D7-C47B-4274-A0EC-89870ABD2F89}.Debug|ARM.Build.0 = Debug|ARM
		{CD2251D7-C47B-4274-A0EC-89870ABD2F89}.Debug|ARM.Deploy.0 = Debug|ARM
		{CD2251D7-C47B-4274-A0EC-89870ABD2F89}.Debug|iPhone.ActiveCfg = Debug|x86
		{CD2251D7-C47B-4274-A0EC-89870ABD2F89}.Debug|iPhoneSimulator.ActiveCfg = Debug|x86
		{CD2251D7-C47B-4274-A0EC-89870ABD2F89}.Debug|x64.ActiveCfg = Debug|x64
		{CD2251D7-C47B-4274-A0EC-89870ABD2F89}.Debug|x64.Build.0 = Debug|x64
		{CD2251D7-C47B-4274-A0EC-89870ABD2F89}.Debug|x64.Deploy.0 = Debug|x64
		{CD2251D7-C47B-4274-A0EC-89870ABD2F89}.Debug|x86.ActiveCfg = Debug|x86
		{CD2251D7-C47B-4274-A0EC-89870ABD2F89}.Debug|x86.Build.0 = Debug|x86
		{CD2251D7-C47B-4274-A0EC-89870ABD2F89}.Debug|x86.Deploy.0 = Debug|x86
		{CD2251D7-C47B-4274-A0EC-89870ABD2F89}.Release|Any CPU.ActiveCfg = Release|x86
		{CD2251D7-C47B-4274-A0EC-89870ABD2F89}.Release|Any CPU.Build.0 = Release|x86
		{CD2251D7-C47B-4274-A0EC-89870ABD2F89}.Release|Any CPU.Deploy.0 = Release|x86
		{CD2251D7-C47B-4274-A0EC-89870ABD2F89}.Release|ARM.ActiveCfg = Release|ARM
		{CD2251D7-C47B-4274-A0EC-89870ABD2F89}.Release|ARM.Build.0 = Release|ARM
		{CD2251D7-C47B-4274-A0EC-89870ABD2F89}.Release|ARM.Deploy.0 = Release|ARM
		{CD2251D7-C47B-4274-A0EC-89870ABD2F89}.Release|iPhone.ActiveCfg = Release|x86
		{CD2251D7-C47B-4274-A0EC-89870ABD2F89}.Release|iPhoneSimulator.ActiveCfg = Release|x86
		{CD2251D7-C47B-4274-A0EC-89870ABD2F89}.Release|x64.ActiveCfg = Release|x64
		{CD2251D7-C47B-4274-A0EC-89870ABD2F89}.Release|x64.Build.0 = Release|x64
		{CD2251D7-C47B-4274-A0EC-89870ABD2F89}.Release|x64.Deploy.0 = Release|x64
		{CD2251D7-C47B-4274-A0EC-89870ABD2F89}.Release|x86.ActiveCfg = Release|x86
		{CD2251D7-C47B-4274-A0EC-89870ABD2F89}.Release|x86.Build.0 = Release|x86
		{CD2251D7-C47B-4274-A0EC-89870ABD2F89}.Release|x86.Deploy.0 = Release|x86
		{E110CD4F-C397-47A1-8CD8-D8364D457969}.Ad-Hoc|Any CPU.ActiveCfg = Ad-Hoc|iPhone
		{E110CD4F-C397-47A1-8CD8-D8364D457969}.Ad-Hoc|ARM.ActiveCfg = Ad-Hoc|iPhone
		{E110CD4F-C397-47A1-8CD8-D8364D457969}.Ad-Hoc|iPhone.ActiveCfg = Ad-Hoc|iPhone
		{E110CD4F-C397-47A1-8CD8-D8364D457969}.Ad-Hoc|iPhone.Build.0 = Ad-Hoc|iPhone
		{E110CD4F-C397-47A1-8CD8-D8364D457969}.Ad-Hoc|iPhoneSimulator.ActiveCfg = Ad-Hoc|iPhoneSimulator
		{E110CD4F-C397-47A1-8CD8-D8364D457969}.Ad-Hoc|iPhoneSimulator.Build.0 = Ad-Hoc|iPhoneSimulator
		{E110CD4F-C397-47A1-8CD8-D8364D457969}.Ad-Hoc|x64.ActiveCfg = Ad-Hoc|iPhone
		{E110CD4F-C397-47A1-8CD8-D8364D457969}.Ad-Hoc|x86.ActiveCfg = Ad-Hoc|iPhone
		{E110CD4F-C397-47A1-8CD8-D8364D457969}.AppStore|Any CPU.ActiveCfg = AppStore|iPhone
		{E110CD4F-C397-47A1-8CD8-D8364D457969}.AppStore|ARM.ActiveCfg = AppStore|iPhone
		{E110CD4F-C397-47A1-8CD8-D8364D457969}.AppStore|iPhone.ActiveCfg = AppStore|iPhone
		{E110CD4F-C397-47A1-8CD8-D8364D457969}.AppStore|iPhone.Build.0 = AppStore|iPhone
		{E110CD4F-C397-47A1-8CD8-D8364D457969}.AppStore|iPhoneSimulator.ActiveCfg = AppStore|iPhoneSimulator
		{E110CD4F-C397-47A1-8CD8-D8364D457969}.AppStore|iPhoneSimulator.Build.0 = AppStore|iPhoneSimulator
		{E110CD4F-C397-47A1-8CD8-D8364D457969}.AppStore|x64.ActiveCfg = AppStore|iPhone
		{E110CD4F-C397-47A1-8CD8-D8364D457969}.AppStore|x86.ActiveCfg = AppStore|iPhone
		{E110CD4F-C397-47A1-8CD8-D8364D457969}.Debug|Any CPU.ActiveCfg = Debug|iPhone
		{E110CD4F-C397-47A1-8CD8-D8364D457969}.Debug|Any CPU.Build.0 = Debug|iPhone
		{E110CD4F-C397-47A1-8CD8-D8364D457969}.Debug|ARM.ActiveCfg = Debug|iPhone
		{E110CD4F-C397-47A1-8CD8-D8364D457969}.Debug|iPhone.ActiveCfg = Debug|iPhone
		{E110CD4F-C397-47A1-8CD8-D8364D457969}.Debug|iPhone.Build.0 = Debug|iPhone
		{E110CD4F-C397-47A1-8CD8-D8364D457969}.Debug|iPhoneSimulator.ActiveCfg = Debug|iPhoneSimulator
		{E110CD4F-C397-47A1-8CD8-D8364D457969}.Debug|iPhoneSimulator.Build.0 = Debug|iPhoneSimulator
		{E110CD4F-C397-47A1-8CD8-D8364D457969}.Debug|x64.ActiveCfg = Debug|iPhone
		{E110CD4F-C397-47A1-8CD8-D8364D457969}.Debug|x86.ActiveCfg = Debug|iPhone
		{E110CD4F-C397-47A1-8CD8-D8364D457969}.Release|Any CPU.ActiveCfg = Release|iPhone
		{E110CD4F-C397-47A1-8CD8-D8364D457969}.Release|Any CPU.Build.0 = Release|iPhone
		{E110CD4F-C397-47A1-8CD8-D8364D457969}.Release|ARM.ActiveCfg = Release|iPhone
		{E110CD4F-C397-47A1-8CD8-D8364D457969}.Release|iPhone.ActiveCfg = Release|iPhone
		{E110CD4F-C397-47A1-8CD8-D8364D457969}.Release|iPhone.Build.0 = Release|iPhone
		{E110CD4F-C397-47A1-8CD8-D8364D457969}.Release|iPhoneSimulator.ActiveCfg = Release|iPhoneSimulator
		{E110CD4F-C397-47A1-8CD8-D8364D457969}.Release|iPhoneSimulator.Build.0 = Release|iPhoneSimulator
		{E110CD4F-C397-47A1-8CD8-D8364D457969}.Release|x64.ActiveCfg = Release|iPhone
		{E110CD4F-C397-47A1-8CD8-D8364D457969}.Release|x86.ActiveCfg = Release|iPhone
	EndGlobalSection
	GlobalSection(SolutionProperties) = preSolution
		HideSolutionNode = FALSE
	EndGlobalSection
EndGlobal
