
Microsoft Visual Studio Solution File, Format Version 12.00
# Visual Studio 15
MinimumVisualStudioVersion = 10.0.40219.1
Project("{FAE04EC0-301F-11D3-BF4B-00C04F79EFBC}") = "ServerMonitor_2017", "ServerMonitor\ServerMonitor_2017.csproj", "{22E13BB5-F377-42D4-A936-1ED5862535C8}"
EndProject
Project("{FAE04EC0-301F-11D3-BF4B-00C04F79EFBC}") = "ServerMonitor.iOS_2017", "ServerMonitor.iOS\ServerMonitor.iOS_2017.csproj", "{1001BE7C-9757-402D-AF4E-EC067B72EB66}"
EndProject
Project("{FAE04EC0-301F-11D3-BF4B-00C04F79EFBC}") = "ServerMonitor.Android_2017", "ServerMonitor.Android\ServerMonitor.Android_2017.csproj", "{4578E03C-BCDF-46C5-87AD-AA393EAE6F39}"
EndProject
Project("{FAE04EC0-301F-11D3-BF4B-00C04F79EFBC}") = "ServerMonitor.UWP_2017", "ServerMonitor.UWP\ServerMonitor.UWP_2017.csproj", "{A4FB6A1D-02DC-4AC4-9112-E08E84009F32}"
EndProject
Global
	GlobalSection(SolutionConfigurationPlatforms) = preSolution
		Ad-Hoc|Any CPU = Ad-Hoc|Any CPU
		Ad-Hoc|ARM = Ad-Hoc|ARM
		Ad-Hoc|iPhone = Ad-Hoc|iPhone
		Ad-Hoc|iPhoneSimulator = Ad-Hoc|iPhoneSimulator
		Ad-Hoc|Mixed Platforms = Ad-Hoc|Mixed Platforms
		Ad-Hoc|x64 = Ad-Hoc|x64
		Ad-Hoc|x86 = Ad-Hoc|x86
		AppStore|Any CPU = AppStore|Any CPU
		AppStore|ARM = AppStore|ARM
		AppStore|iPhone = AppStore|iPhone
		AppStore|iPhoneSimulator = AppStore|iPhoneSimulator
		AppStore|Mixed Platforms = AppStore|Mixed Platforms
		AppStore|x64 = AppStore|x64
		AppStore|x86 = AppStore|x86
		Debug|Any CPU = Debug|Any CPU
		Debug|ARM = Debug|ARM
		Debug|iPhone = Debug|iPhone
		Debug|iPhoneSimulator = Debug|iPhoneSimulator
		Debug|Mixed Platforms = Debug|Mixed Platforms
		Debug|x64 = Debug|x64
		Debug|x86 = Debug|x86
		Release|Any CPU = Release|Any CPU
		Release|ARM = Release|ARM
		Release|iPhone = Release|iPhone
		Release|iPhoneSimulator = Release|iPhoneSimulator
		Release|Mixed Platforms = Release|Mixed Platforms
		Release|x64 = Release|x64
		Release|x86 = Release|x86
	EndGlobalSection
	GlobalSection(ProjectConfigurationPlatforms) = postSolution
		{22E13BB5-F377-42D4-A936-1ED5862535C8}.Ad-Hoc|Any CPU.ActiveCfg = Release|Any CPU
		{22E13BB5-F377-42D4-A936-1ED5862535C8}.Ad-Hoc|Any CPU.Build.0 = Release|Any CPU
		{22E13BB5-F377-42D4-A936-1ED5862535C8}.Ad-Hoc|ARM.ActiveCfg = Release|Any CPU
		{22E13BB5-F377-42D4-A936-1ED5862535C8}.Ad-Hoc|iPhone.ActiveCfg = Release|Any CPU
		{22E13BB5-F377-42D4-A936-1ED5862535C8}.Ad-Hoc|iPhoneSimulator.ActiveCfg = Release|Any CPU
		{22E13BB5-F377-42D4-A936-1ED5862535C8}.Ad-Hoc|Mixed Platforms.ActiveCfg = Release|Any CPU
		{22E13BB5-F377-42D4-A936-1ED5862535C8}.Ad-Hoc|Mixed Platforms.Build.0 = Release|Any CPU
		{22E13BB5-F377-42D4-A936-1ED5862535C8}.Ad-Hoc|x64.ActiveCfg = Debug|Any CPU
		{22E13BB5-F377-42D4-A936-1ED5862535C8}.Ad-Hoc|x64.Build.0 = Debug|Any CPU
		{22E13BB5-F377-42D4-A936-1ED5862535C8}.Ad-Hoc|x86.ActiveCfg = Release|Any CPU
		{22E13BB5-F377-42D4-A936-1ED5862535C8}.AppStore|Any CPU.ActiveCfg = Release|Any CPU
		{22E13BB5-F377-42D4-A936-1ED5862535C8}.AppStore|Any CPU.Build.0 = Release|Any CPU
		{22E13BB5-F377-42D4-A936-1ED5862535C8}.AppStore|ARM.ActiveCfg = Release|Any CPU
		{22E13BB5-F377-42D4-A936-1ED5862535C8}.AppStore|iPhone.ActiveCfg = Release|Any CPU
		{22E13BB5-F377-42D4-A936-1ED5862535C8}.AppStore|iPhoneSimulator.ActiveCfg = Release|Any CPU
		{22E13BB5-F377-42D4-A936-1ED5862535C8}.AppStore|Mixed Platforms.ActiveCfg = Release|Any CPU
		{22E13BB5-F377-42D4-A936-1ED5862535C8}.AppStore|Mixed Platforms.Build.0 = Release|Any CPU
		{22E13BB5-F377-42D4-A936-1ED5862535C8}.AppStore|x64.ActiveCfg = Debug|Any CPU
		{22E13BB5-F377-42D4-A936-1ED5862535C8}.AppStore|x64.Build.0 = Debug|Any CPU
		{22E13BB5-F377-42D4-A936-1ED5862535C8}.AppStore|x86.ActiveCfg = Release|Any CPU
		{22E13BB5-F377-42D4-A936-1ED5862535C8}.Debug|Any CPU.ActiveCfg = Debug|Any CPU
		{22E13BB5-F377-42D4-A936-1ED5862535C8}.Debug|Any CPU.Build.0 = Debug|Any CPU
		{22E13BB5-F377-42D4-A936-1ED5862535C8}.Debug|ARM.ActiveCfg = Debug|Any CPU
		{22E13BB5-F377-42D4-A936-1ED5862535C8}.Debug|iPhone.ActiveCfg = Debug|Any CPU
		{22E13BB5-F377-42D4-A936-1ED5862535C8}.Debug|iPhoneSimulator.ActiveCfg = Debug|Any CPU
		{22E13BB5-F377-42D4-A936-1ED5862535C8}.Debug|Mixed Platforms.ActiveCfg = Debug|Any CPU
		{22E13BB5-F377-42D4-A936-1ED5862535C8}.Debug|Mixed Platforms.Build.0 = Debug|Any CPU
		{22E13BB5-F377-42D4-A936-1ED5862535C8}.Debug|x64.ActiveCfg = Debug|Any CPU
		{22E13BB5-F377-42D4-A936-1ED5862535C8}.Debug|x64.Build.0 = Debug|Any CPU
		{22E13BB5-F377-42D4-A936-1ED5862535C8}.Debug|x86.ActiveCfg = Debug|Any CPU
		{22E13BB5-F377-42D4-A936-1ED5862535C8}.Release|Any CPU.ActiveCfg = Release|Any CPU
		{22E13BB5-F377-42D4-A936-1ED5862535C8}.Release|Any CPU.Build.0 = Release|Any CPU
		{22E13BB5-F377-42D4-A936-1ED5862535C8}.Release|ARM.ActiveCfg = Release|Any CPU
		{22E13BB5-F377-42D4-A936-1ED5862535C8}.Release|iPhone.ActiveCfg = Release|Any CPU
		{22E13BB5-F377-42D4-A936-1ED5862535C8}.Release|iPhoneSimulator.ActiveCfg = Release|Any CPU
		{22E13BB5-F377-42D4-A936-1ED5862535C8}.Release|Mixed Platforms.ActiveCfg = Release|Any CPU
		{22E13BB5-F377-42D4-A936-1ED5862535C8}.Release|Mixed Platforms.Build.0 = Release|Any CPU
		{22E13BB5-F377-42D4-A936-1ED5862535C8}.Release|x64.ActiveCfg = Release|Any CPU
		{22E13BB5-F377-42D4-A936-1ED5862535C8}.Release|x64.Build.0 = Release|Any CPU
		{22E13BB5-F377-42D4-A936-1ED5862535C8}.Release|x86.ActiveCfg = Release|Any CPU
		{22E13BB5-F377-42D4-A936-1ED5862535C8}.Debug|iPhone.Build.0 = Debug|Any CPU
		{22E13BB5-F377-42D4-A936-1ED5862535C8}.Debug|iPhoneSimulator.Build.0 = Debug|Any CPU
		{22E13BB5-F377-42D4-A936-1ED5862535C8}.Release|iPhone.Build.0 = Release|Any CPU
		{22E13BB5-F377-42D4-A936-1ED5862535C8}.Release|iPhoneSimulator.Build.0 = Release|Any CPU
		{1001BE7C-9757-402D-AF4E-EC067B72EB66}.Ad-Hoc|Any CPU.ActiveCfg = Ad-Hoc|iPhone
		{1001BE7C-9757-402D-AF4E-EC067B72EB66}.Ad-Hoc|ARM.ActiveCfg = Ad-Hoc|iPhone
		{1001BE7C-9757-402D-AF4E-EC067B72EB66}.Ad-Hoc|iPhone.ActiveCfg = Ad-Hoc|iPhone
		{1001BE7C-9757-402D-AF4E-EC067B72EB66}.Ad-Hoc|iPhone.Build.0 = Ad-Hoc|iPhone
		{1001BE7C-9757-402D-AF4E-EC067B72EB66}.Ad-Hoc|iPhone.Deploy.0 = Ad-Hoc|iPhone
		{1001BE7C-9757-402D-AF4E-EC067B72EB66}.Ad-Hoc|iPhoneSimulator.ActiveCfg = Ad-Hoc|iPhoneSimulator
		{1001BE7C-9757-402D-AF4E-EC067B72EB66}.Ad-Hoc|iPhoneSimulator.Build.0 = Ad-Hoc|iPhoneSimulator
		{1001BE7C-9757-402D-AF4E-EC067B72EB66}.Ad-Hoc|iPhoneSimulator.Deploy.0 = Ad-Hoc|iPhoneSimulator
		{1001BE7C-9757-402D-AF4E-EC067B72EB66}.Ad-Hoc|Mixed Platforms.ActiveCfg = Ad-Hoc|iPhone
		{1001BE7C-9757-402D-AF4E-EC067B72EB66}.Ad-Hoc|Mixed Platforms.Build.0 = Ad-Hoc|iPhone
		{1001BE7C-9757-402D-AF4E-EC067B72EB66}.Ad-Hoc|Mixed Platforms.Deploy.0 = Ad-Hoc|iPhone
		{1001BE7C-9757-402D-AF4E-EC067B72EB66}.Ad-Hoc|x64.ActiveCfg = Ad-Hoc|iPhoneSimulator
		{1001BE7C-9757-402D-AF4E-EC067B72EB66}.Ad-Hoc|x86.ActiveCfg = Ad-Hoc|iPhone
		{1001BE7C-9757-402D-AF4E-EC067B72EB66}.AppStore|Any CPU.ActiveCfg = AppStore|iPhone
		{1001BE7C-9757-402D-AF4E-EC067B72EB66}.AppStore|ARM.ActiveCfg = AppStore|iPhone
		{1001BE7C-9757-402D-AF4E-EC067B72EB66}.AppStore|iPhone.ActiveCfg = AppStore|iPhone
		{1001BE7C-9757-402D-AF4E-EC067B72EB66}.AppStore|iPhone.Build.0 = AppStore|iPhone
		{1001BE7C-9757-402D-AF4E-EC067B72EB66}.AppStore|iPhone.Deploy.0 = AppStore|iPhone
		{1001BE7C-9757-402D-AF4E-EC067B72EB66}.AppStore|iPhoneSimulator.ActiveCfg = AppStore|iPhoneSimulator
		{1001BE7C-9757-402D-AF4E-EC067B72EB66}.AppStore|iPhoneSimulator.Build.0 = AppStore|iPhoneSimulator
		{1001BE7C-9757-402D-AF4E-EC067B72EB66}.AppStore|iPhoneSimulator.Deploy.0 = AppStore|iPhoneSimulator
		{1001BE7C-9757-402D-AF4E-EC067B72EB66}.AppStore|Mixed Platforms.ActiveCfg = AppStore|iPhone
		{1001BE7C-9757-402D-AF4E-EC067B72EB66}.AppStore|Mixed Platforms.Build.0 = AppStore|iPhone
		{1001BE7C-9757-402D-AF4E-EC067B72EB66}.AppStore|Mixed Platforms.Deploy.0 = AppStore|iPhone
		{1001BE7C-9757-402D-AF4E-EC067B72EB66}.AppStore|x64.ActiveCfg = AppStore|iPhoneSimulator
		{1001BE7C-9757-402D-AF4E-EC067B72EB66}.AppStore|x86.ActiveCfg = AppStore|iPhone
		{1001BE7C-9757-402D-AF4E-EC067B72EB66}.Debug|Any CPU.ActiveCfg = Debug|iPhone
		{1001BE7C-9757-402D-AF4E-EC067B72EB66}.Debug|ARM.ActiveCfg = Debug|iPhoneSimulator
		{1001BE7C-9757-402D-AF4E-EC067B72EB66}.Debug|iPhone.ActiveCfg = Debug|iPhone
		{1001BE7C-9757-402D-AF4E-EC067B72EB66}.Debug|iPhone.Build.0 = Debug|iPhone
		{1001BE7C-9757-402D-AF4E-EC067B72EB66}.Debug|iPhone.Deploy.0 = Debug|iPhone
		{1001BE7C-9757-402D-AF4E-EC067B72EB66}.Debug|iPhoneSimulator.ActiveCfg = Debug|iPhoneSimulator
		{1001BE7C-9757-402D-AF4E-EC067B72EB66}.Debug|iPhoneSimulator.Build.0 = Debug|iPhoneSimulator
		{1001BE7C-9757-402D-AF4E-EC067B72EB66}.Debug|iPhoneSimulator.Deploy.0 = Debug|iPhoneSimulator
		{1001BE7C-9757-402D-AF4E-EC067B72EB66}.Debug|Mixed Platforms.ActiveCfg = Debug|iPhone
		{1001BE7C-9757-402D-AF4E-EC067B72EB66}.Debug|Mixed Platforms.Build.0 = Debug|iPhone
		{1001BE7C-9757-402D-AF4E-EC067B72EB66}.Debug|Mixed Platforms.Deploy.0 = Debug|iPhone
		{1001BE7C-9757-402D-AF4E-EC067B72EB66}.Debug|x64.ActiveCfg = Debug|iPhoneSimulator
		{1001BE7C-9757-402D-AF4E-EC067B72EB66}.Debug|x86.ActiveCfg = Debug|iPhone
		{1001BE7C-9757-402D-AF4E-EC067B72EB66}.Release|Any CPU.ActiveCfg = Release|iPhone
		{1001BE7C-9757-402D-AF4E-EC067B72EB66}.Release|ARM.ActiveCfg = Release|iPhone
		{1001BE7C-9757-402D-AF4E-EC067B72EB66}.Release|iPhone.ActiveCfg = Release|iPhone
		{1001BE7C-9757-402D-AF4E-EC067B72EB66}.Release|iPhone.Build.0 = Release|iPhone
		{1001BE7C-9757-402D-AF4E-EC067B72EB66}.Release|iPhone.Deploy.0 = Release|iPhone
		{1001BE7C-9757-402D-AF4E-EC067B72EB66}.Release|iPhoneSimulator.ActiveCfg = Release|iPhoneSimulator
		{1001BE7C-9757-402D-AF4E-EC067B72EB66}.Release|iPhoneSimulator.Build.0 = Release|iPhoneSimulator
		{1001BE7C-9757-402D-AF4E-EC067B72EB66}.Release|iPhoneSimulator.Deploy.0 = Release|iPhoneSimulator
		{1001BE7C-9757-402D-AF4E-EC067B72EB66}.Release|Mixed Platforms.ActiveCfg = Release|iPhone
		{1001BE7C-9757-402D-AF4E-EC067B72EB66}.Release|Mixed Platforms.Build.0 = Release|iPhone
		{1001BE7C-9757-402D-AF4E-EC067B72EB66}.Release|Mixed Platforms.Deploy.0 = Release|iPhone
		{1001BE7C-9757-402D-AF4E-EC067B72EB66}.Release|x64.ActiveCfg = Release|iPhoneSimulator
		{1001BE7C-9757-402D-AF4E-EC067B72EB66}.Release|x86.ActiveCfg = Release|iPhone
		{4578E03C-BCDF-46C5-87AD-AA393EAE6F39}.Ad-Hoc|Any CPU.ActiveCfg = Release|Any CPU
		{4578E03C-BCDF-46C5-87AD-AA393EAE6F39}.Ad-Hoc|Any CPU.Build.0 = Release|Any CPU
		{4578E03C-BCDF-46C5-87AD-AA393EAE6F39}.Ad-Hoc|Any CPU.Deploy.0 = Release|Any CPU
		{4578E03C-BCDF-46C5-87AD-AA393EAE6F39}.Ad-Hoc|ARM.ActiveCfg = Release|Any CPU
		{4578E03C-BCDF-46C5-87AD-AA393EAE6F39}.Ad-Hoc|iPhone.ActiveCfg = Release|Any CPU
		{4578E03C-BCDF-46C5-87AD-AA393EAE6F39}.Ad-Hoc|iPhoneSimulator.ActiveCfg = Release|Any CPU
		{4578E03C-BCDF-46C5-87AD-AA393EAE6F39}.Ad-Hoc|Mixed Platforms.ActiveCfg = Release|Any CPU
		{4578E03C-BCDF-46C5-87AD-AA393EAE6F39}.Ad-Hoc|Mixed Platforms.Build.0 = Release|Any CPU
		{4578E03C-BCDF-46C5-87AD-AA393EAE6F39}.Ad-Hoc|Mixed Platforms.Deploy.0 = Release|Any CPU
		{4578E03C-BCDF-46C5-87AD-AA393EAE6F39}.Ad-Hoc|x64.ActiveCfg = Debug|Any CPU
		{4578E03C-BCDF-46C5-87AD-AA393EAE6F39}.Ad-Hoc|x64.Build.0 = Debug|Any CPU
		{4578E03C-BCDF-46C5-87AD-AA393EAE6F39}.Ad-Hoc|x64.Deploy.0 = Debug|Any CPU
		{4578E03C-BCDF-46C5-87AD-AA393EAE6F39}.Ad-Hoc|x86.ActiveCfg = Release|Any CPU
		{4578E03C-BCDF-46C5-87AD-AA393EAE6F39}.AppStore|Any CPU.ActiveCfg = Release|Any CPU
		{4578E03C-BCDF-46C5-87AD-AA393EAE6F39}.AppStore|Any CPU.Build.0 = Release|Any CPU
		{4578E03C-BCDF-46C5-87AD-AA393EAE6F39}.AppStore|Any CPU.Deploy.0 = Release|Any CPU
		{4578E03C-BCDF-46C5-87AD-AA393EAE6F39}.AppStore|ARM.ActiveCfg = Release|Any CPU
		{4578E03C-BCDF-46C5-87AD-AA393EAE6F39}.AppStore|iPhone.ActiveCfg = Release|Any CPU
		{4578E03C-BCDF-46C5-87AD-AA393EAE6F39}.AppStore|iPhoneSimulator.ActiveCfg = Release|Any CPU
		{4578E03C-BCDF-46C5-87AD-AA393EAE6F39}.AppStore|Mixed Platforms.ActiveCfg = Release|Any CPU
		{4578E03C-BCDF-46C5-87AD-AA393EAE6F39}.AppStore|Mixed Platforms.Build.0 = Release|Any CPU
		{4578E03C-BCDF-46C5-87AD-AA393EAE6F39}.AppStore|Mixed Platforms.Deploy.0 = Release|Any CPU
		{4578E03C-BCDF-46C5-87AD-AA393EAE6F39}.AppStore|x64.ActiveCfg = Debug|Any CPU
		{4578E03C-BCDF-46C5-87AD-AA393EAE6F39}.AppStore|x64.Build.0 = Debug|Any CPU
		{4578E03C-BCDF-46C5-87AD-AA393EAE6F39}.AppStore|x64.Deploy.0 = Debug|Any CPU
		{4578E03C-BCDF-46C5-87AD-AA393EAE6F39}.AppStore|x86.ActiveCfg = Release|Any CPU
		{4578E03C-BCDF-46C5-87AD-AA393EAE6F39}.Debug|Any CPU.ActiveCfg = Debug|Any CPU
		{4578E03C-BCDF-46C5-87AD-AA393EAE6F39}.Debug|Any CPU.Build.0 = Debug|Any CPU
		{4578E03C-BCDF-46C5-87AD-AA393EAE6F39}.Debug|Any CPU.Deploy.0 = Debug|Any CPU
		{4578E03C-BCDF-46C5-87AD-AA393EAE6F39}.Debug|ARM.ActiveCfg = Debug|Any CPU
		{4578E03C-BCDF-46C5-87AD-AA393EAE6F39}.Debug|iPhone.ActiveCfg = Debug|Any CPU
		{4578E03C-BCDF-46C5-87AD-AA393EAE6F39}.Debug|iPhoneSimulator.ActiveCfg = Debug|Any CPU
		{4578E03C-BCDF-46C5-87AD-AA393EAE6F39}.Debug|Mixed Platforms.ActiveCfg = Debug|Any CPU
		{4578E03C-BCDF-46C5-87AD-AA393EAE6F39}.Debug|Mixed Platforms.Build.0 = Debug|Any CPU
		{4578E03C-BCDF-46C5-87AD-AA393EAE6F39}.Debug|Mixed Platforms.Deploy.0 = Debug|Any CPU
		{4578E03C-BCDF-46C5-87AD-AA393EAE6F39}.Debug|x64.ActiveCfg = Debug|Any CPU
		{4578E03C-BCDF-46C5-87AD-AA393EAE6F39}.Debug|x64.Build.0 = Debug|Any CPU
		{4578E03C-BCDF-46C5-87AD-AA393EAE6F39}.Debug|x64.Deploy.0 = Debug|Any CPU
		{4578E03C-BCDF-46C5-87AD-AA393EAE6F39}.Debug|x86.ActiveCfg = Debug|Any CPU
		{4578E03C-BCDF-46C5-87AD-AA393EAE6F39}.Release|Any CPU.ActiveCfg = Release|Any CPU
		{4578E03C-BCDF-46C5-87AD-AA393EAE6F39}.Release|Any CPU.Build.0 = Release|Any CPU
		{4578E03C-BCDF-46C5-87AD-AA393EAE6F39}.Release|Any CPU.Deploy.0 = Release|Any CPU
		{4578E03C-BCDF-46C5-87AD-AA393EAE6F39}.Release|ARM.ActiveCfg = Release|Any CPU
		{4578E03C-BCDF-46C5-87AD-AA393EAE6F39}.Release|iPhone.ActiveCfg = Release|Any CPU
		{4578E03C-BCDF-46C5-87AD-AA393EAE6F39}.Release|iPhoneSimulator.ActiveCfg = Release|Any CPU
		{4578E03C-BCDF-46C5-87AD-AA393EAE6F39}.Release|Mixed Platforms.ActiveCfg = Release|Any CPU
		{4578E03C-BCDF-46C5-87AD-AA393EAE6F39}.Release|Mixed Platforms.Build.0 = Release|Any CPU
		{4578E03C-BCDF-46C5-87AD-AA393EAE6F39}.Release|Mixed Platforms.Deploy.0 = Release|Any CPU
		{4578E03C-BCDF-46C5-87AD-AA393EAE6F39}.Release|x64.ActiveCfg = Release|Any CPU
		{4578E03C-BCDF-46C5-87AD-AA393EAE6F39}.Release|x64.Build.0 = Release|Any CPU
		{4578E03C-BCDF-46C5-87AD-AA393EAE6F39}.Release|x64.Deploy.0 = Release|Any CPU
		{4578E03C-BCDF-46C5-87AD-AA393EAE6F39}.Release|x86.ActiveCfg = Release|Any CPU
		{A4FB6A1D-02DC-4AC4-9112-E08E84009F32}.Ad-Hoc|Any CPU.ActiveCfg = Release|x64
		{A4FB6A1D-02DC-4AC4-9112-E08E84009F32}.Ad-Hoc|Any CPU.Build.0 = Release|x64
		{A4FB6A1D-02DC-4AC4-9112-E08E84009F32}.Ad-Hoc|Any CPU.Deploy.0 = Release|x64
		{A4FB6A1D-02DC-4AC4-9112-E08E84009F32}.Ad-Hoc|ARM.ActiveCfg = Release|ARM
		{A4FB6A1D-02DC-4AC4-9112-E08E84009F32}.Ad-Hoc|ARM.Build.0 = Release|ARM
		{A4FB6A1D-02DC-4AC4-9112-E08E84009F32}.Ad-Hoc|ARM.Deploy.0 = Release|ARM
		{A4FB6A1D-02DC-4AC4-9112-E08E84009F32}.Ad-Hoc|iPhone.ActiveCfg = Release|x64
		{A4FB6A1D-02DC-4AC4-9112-E08E84009F32}.Ad-Hoc|iPhone.Build.0 = Release|x64
		{A4FB6A1D-02DC-4AC4-9112-E08E84009F32}.Ad-Hoc|iPhone.Deploy.0 = Release|x64
		{A4FB6A1D-02DC-4AC4-9112-E08E84009F32}.Ad-Hoc|iPhoneSimulator.ActiveCfg = Release|x64
		{A4FB6A1D-02DC-4AC4-9112-E08E84009F32}.Ad-Hoc|iPhoneSimulator.Build.0 = Release|x64
		{A4FB6A1D-02DC-4AC4-9112-E08E84009F32}.Ad-Hoc|iPhoneSimulator.Deploy.0 = Release|x64
		{A4FB6A1D-02DC-4AC4-9112-E08E84009F32}.Ad-Hoc|Mixed Platforms.ActiveCfg = Release|x86
		{A4FB6A1D-02DC-4AC4-9112-E08E84009F32}.Ad-Hoc|Mixed Platforms.Build.0 = Release|x86
		{A4FB6A1D-02DC-4AC4-9112-E08E84009F32}.Ad-Hoc|Mixed Platforms.Deploy.0 = Release|x86
		{A4FB6A1D-02DC-4AC4-9112-E08E84009F32}.Ad-Hoc|x64.ActiveCfg = Release|x64
		{A4FB6A1D-02DC-4AC4-9112-E08E84009F32}.Ad-Hoc|x64.Build.0 = Release|x64
		{A4FB6A1D-02DC-4AC4-9112-E08E84009F32}.Ad-Hoc|x64.Deploy.0 = Release|x64
		{A4FB6A1D-02DC-4AC4-9112-E08E84009F32}.Ad-Hoc|x86.ActiveCfg = Release|x86
		{A4FB6A1D-02DC-4AC4-9112-E08E84009F32}.Ad-Hoc|x86.Build.0 = Release|x86
		{A4FB6A1D-02DC-4AC4-9112-E08E84009F32}.Ad-Hoc|x86.Deploy.0 = Release|x86
		{A4FB6A1D-02DC-4AC4-9112-E08E84009F32}.AppStore|Any CPU.ActiveCfg = Release|x64
		{A4FB6A1D-02DC-4AC4-9112-E08E84009F32}.AppStore|Any CPU.Build.0 = Release|x64
		{A4FB6A1D-02DC-4AC4-9112-E08E84009F32}.AppStore|Any CPU.Deploy.0 = Release|x64
		{A4FB6A1D-02DC-4AC4-9112-E08E84009F32}.AppStore|ARM.ActiveCfg = Release|ARM
		{A4FB6A1D-02DC-4AC4-9112-E08E84009F32}.AppStore|ARM.Build.0 = Release|ARM
		{A4FB6A1D-02DC-4AC4-9112-E08E84009F32}.AppStore|ARM.Deploy.0 = Release|ARM
		{A4FB6A1D-02DC-4AC4-9112-E08E84009F32}.AppStore|iPhone.ActiveCfg = Release|x64
		{A4FB6A1D-02DC-4AC4-9112-E08E84009F32}.AppStore|iPhone.Build.0 = Release|x64
		{A4FB6A1D-02DC-4AC4-9112-E08E84009F32}.AppStore|iPhone.Deploy.0 = Release|x64
		{A4FB6A1D-02DC-4AC4-9112-E08E84009F32}.AppStore|iPhoneSimulator.ActiveCfg = Release|x64
		{A4FB6A1D-02DC-4AC4-9112-E08E84009F32}.AppStore|iPhoneSimulator.Build.0 = Release|x64
		{A4FB6A1D-02DC-4AC4-9112-E08E84009F32}.AppStore|iPhoneSimulator.Deploy.0 = Release|x64
		{A4FB6A1D-02DC-4AC4-9112-E08E84009F32}.AppStore|Mixed Platforms.ActiveCfg = Release|x86
		{A4FB6A1D-02DC-4AC4-9112-E08E84009F32}.AppStore|Mixed Platforms.Build.0 = Release|x86
		{A4FB6A1D-02DC-4AC4-9112-E08E84009F32}.AppStore|Mixed Platforms.Deploy.0 = Release|x86
		{A4FB6A1D-02DC-4AC4-9112-E08E84009F32}.AppStore|x64.ActiveCfg = Release|x64
		{A4FB6A1D-02DC-4AC4-9112-E08E84009F32}.AppStore|x64.Build.0 = Release|x64
		{A4FB6A1D-02DC-4AC4-9112-E08E84009F32}.AppStore|x64.Deploy.0 = Release|x64
		{A4FB6A1D-02DC-4AC4-9112-E08E84009F32}.AppStore|x86.ActiveCfg = Release|x86
		{A4FB6A1D-02DC-4AC4-9112-E08E84009F32}.AppStore|x86.Build.0 = Release|x86
		{A4FB6A1D-02DC-4AC4-9112-E08E84009F32}.AppStore|x86.Deploy.0 = Release|x86
		{A4FB6A1D-02DC-4AC4-9112-E08E84009F32}.Debug|Any CPU.ActiveCfg = Debug|x86
		{A4FB6A1D-02DC-4AC4-9112-E08E84009F32}.Debug|Any CPU.Build.0 = Debug|x86
		{A4FB6A1D-02DC-4AC4-9112-E08E84009F32}.Debug|Any CPU.Deploy.0 = Debug|x86
		{A4FB6A1D-02DC-4AC4-9112-E08E84009F32}.Debug|ARM.ActiveCfg = Debug|ARM
		{A4FB6A1D-02DC-4AC4-9112-E08E84009F32}.Debug|ARM.Build.0 = Debug|ARM
		{A4FB6A1D-02DC-4AC4-9112-E08E84009F32}.Debug|ARM.Deploy.0 = Debug|ARM
		{A4FB6A1D-02DC-4AC4-9112-E08E84009F32}.Debug|iPhone.ActiveCfg = Debug|x86
		{A4FB6A1D-02DC-4AC4-9112-E08E84009F32}.Debug|iPhoneSimulator.ActiveCfg = Debug|x86
		{A4FB6A1D-02DC-4AC4-9112-E08E84009F32}.Debug|Mixed Platforms.ActiveCfg = Debug|x86
		{A4FB6A1D-02DC-4AC4-9112-E08E84009F32}.Debug|Mixed Platforms.Build.0 = Debug|x86
		{A4FB6A1D-02DC-4AC4-9112-E08E84009F32}.Debug|Mixed Platforms.Deploy.0 = Debug|x86
		{A4FB6A1D-02DC-4AC4-9112-E08E84009F32}.Debug|x64.ActiveCfg = Debug|x64
		{A4FB6A1D-02DC-4AC4-9112-E08E84009F32}.Debug|x64.Build.0 = Debug|x64
		{A4FB6A1D-02DC-4AC4-9112-E08E84009F32}.Debug|x64.Deploy.0 = Debug|x64
		{A4FB6A1D-02DC-4AC4-9112-E08E84009F32}.Debug|x86.ActiveCfg = Debug|x86
		{A4FB6A1D-02DC-4AC4-9112-E08E84009F32}.Debug|x86.Build.0 = Debug|x86
		{A4FB6A1D-02DC-4AC4-9112-E08E84009F32}.Debug|x86.Deploy.0 = Debug|x86
		{A4FB6A1D-02DC-4AC4-9112-E08E84009F32}.Release|Any CPU.ActiveCfg = Release|x86
		{A4FB6A1D-02DC-4AC4-9112-E08E84009F32}.Release|Any CPU.Build.0 = Release|x86
		{A4FB6A1D-02DC-4AC4-9112-E08E84009F32}.Release|Any CPU.Deploy.0 = Release|x86
		{A4FB6A1D-02DC-4AC4-9112-E08E84009F32}.Release|ARM.ActiveCfg = Release|ARM
		{A4FB6A1D-02DC-4AC4-9112-E08E84009F32}.Release|ARM.Build.0 = Release|ARM
		{A4FB6A1D-02DC-4AC4-9112-E08E84009F32}.Release|ARM.Deploy.0 = Release|ARM
		{A4FB6A1D-02DC-4AC4-9112-E08E84009F32}.Release|iPhone.ActiveCfg = Release|x86
		{A4FB6A1D-02DC-4AC4-9112-E08E84009F32}.Release|iPhoneSimulator.ActiveCfg = Release|x86
		{A4FB6A1D-02DC-4AC4-9112-E08E84009F32}.Release|Mixed Platforms.ActiveCfg = Release|x86
		{A4FB6A1D-02DC-4AC4-9112-E08E84009F32}.Release|Mixed Platforms.Build.0 = Release|x86
		{A4FB6A1D-02DC-4AC4-9112-E08E84009F32}.Release|Mixed Platforms.Deploy.0 = Release|x86
		{A4FB6A1D-02DC-4AC4-9112-E08E84009F32}.Release|x64.ActiveCfg = Release|x64
		{A4FB6A1D-02DC-4AC4-9112-E08E84009F32}.Release|x64.Build.0 = Release|x64
		{A4FB6A1D-02DC-4AC4-9112-E08E84009F32}.Release|x64.Deploy.0 = Release|x64
		{A4FB6A1D-02DC-4AC4-9112-E08E84009F32}.Release|x86.ActiveCfg = Release|x86
		{A4FB6A1D-02DC-4AC4-9112-E08E84009F32}.Release|x86.Build.0 = Release|x86
		{A4FB6A1D-02DC-4AC4-9112-E08E84009F32}.Release|x86.Deploy.0 = Release|x86
	EndGlobalSection
	GlobalSection(SolutionProperties) = preSolution
		HideSolutionNode = FALSE
	EndGlobalSection
	GlobalSection(MonoDevelopProperties) = preSolution
		StartupItem = ServerMonitor.iOS\ServerMonitor.iOS.csproj
	EndGlobalSection
EndGlobal
